// !$*UTF8*$!
{
	archiveVersion = 1;
	classes = {
	};
	objectVersion = 46;
	objects = {

/* Begin PBXBuildFile section */
		0A7AFF5A1E41DB8C0071B29B /* ico in Resources */ = {isa = PBXBuildFile; fileRef = 0A7AFF591E41DB8C0071B29B /* ico */; };
		0A963A0C1E42398800B4F626 /* NotificationCenter.framework in Frameworks */ = {isa = PBXBuildFile; fileRef = 0A963A0B1E42398800B4F626 /* NotificationCenter.framework */; };
		0A963A101E42398800B4F626 /* TodayViewController.m in Sources */ = {isa = PBXBuildFile; fileRef = 0A963A0F1E42398800B4F626 /* TodayViewController.m */; };
		0A963A171E42398800B4F626 /* LoveQiWidget.appex in Embed App Extensions */ = {isa = PBXBuildFile; fileRef = 0A963A0A1E42398800B4F626 /* LoveQiWidget.appex */; settings = {ATTRIBUTES = (RemoveHeadersOnCopy, ); }; };
		0ACF68A11E3F252700BEA229 /* 001.JPG in Resources */ = {isa = PBXBuildFile; fileRef = 0ACF68A01E3F252700BEA229 /* 001.JPG */; };
		0ACF68A61E3F7E7000BEA229 /* biaoqing in Resources */ = {isa = PBXBuildFile; fileRef = 0ACF68A51E3F7E7000BEA229 /* biaoqing */; };
		51797A3810964178EDCD4186 /* libPods-LoveQi.a in Frameworks */ = {isa = PBXBuildFile; fileRef = 5F73172D3C7F27BD14CD5B03 /* libPods-LoveQi.a */; };
		96D78EE764673C3FB2EA232C /* libPods-LoveQi.a in Frameworks */ = {isa = PBXBuildFile; fileRef = 5F73172D3C7F27BD14CD5B03 /* libPods-LoveQi.a */; };
		C2589DCD1F83FA65007736C7 /* AddEvevtVC.m in Sources */ = {isa = PBXBuildFile; fileRef = C2589DB61F83FA65007736C7 /* AddEvevtVC.m */; };
		C2589DCE1F83FA65007736C7 /* RootViewController.m in Sources */ = {isa = PBXBuildFile; fileRef = C2589DB81F83FA65007736C7 /* RootViewController.m */; };
		C2589DCF1F83FA65007736C7 /* SQLViewconTroller.m in Sources */ = {isa = PBXBuildFile; fileRef = C2589DBA1F83FA65007736C7 /* SQLViewconTroller.m */; };
		C2589DD01F83FA65007736C7 /* DataBaseHander.m in Sources */ = {isa = PBXBuildFile; fileRef = C2589DBD1F83FA65007736C7 /* DataBaseHander.m */; };
		C2589DD11F83FA65007736C7 /* DateModel.m in Sources */ = {isa = PBXBuildFile; fileRef = C2589DBF1F83FA65007736C7 /* DateModel.m */; };
		C2589DD21F83FA65007736C7 /* AddEventView.m in Sources */ = {isa = PBXBuildFile; fileRef = C2589DC21F83FA65007736C7 /* AddEventView.m */; };
		C2589DD31F83FA65007736C7 /* BtnColumnView.m in Sources */ = {isa = PBXBuildFile; fileRef = C2589DC41F83FA65007736C7 /* BtnColumnView.m */; };
		C2589DD41F83FA65007736C7 /* JumpDateView.m in Sources */ = {isa = PBXBuildFile; fileRef = C2589DC61F83FA65007736C7 /* JumpDateView.m */; };
		C2589DD51F83FA65007736C7 /* LaunchImageView.m in Sources */ = {isa = PBXBuildFile; fileRef = C2589DC81F83FA65007736C7 /* LaunchImageView.m */; };
		C2589DD61F83FA65007736C7 /* LQItem.m in Sources */ = {isa = PBXBuildFile; fileRef = C2589DCA1F83FA65007736C7 /* LQItem.m */; };
		C2589DD71F83FA65007736C7 /* LQItemView.m in Sources */ = {isa = PBXBuildFile; fileRef = C2589DCC1F83FA65007736C7 /* LQItemView.m */; };
		C2589DDB1F83FA7B007736C7 /* AppDelegate.m in Sources */ = {isa = PBXBuildFile; fileRef = C2589DDA1F83FA7B007736C7 /* AppDelegate.m */; };
		C2589DDE1F849E3D007736C7 /* PhotoViewController.m in Sources */ = {isa = PBXBuildFile; fileRef = C2589DDD1F849E3D007736C7 /* PhotoViewController.m */; };
		C2589DE11F851EF9007736C7 /* PhotoManger.m in Sources */ = {isa = PBXBuildFile; fileRef = C2589DE01F851EF9007736C7 /* PhotoManger.m */; };
		C2589DE41F8521BE007736C7 /* AddImageBottomView.m in Sources */ = {isa = PBXBuildFile; fileRef = C2589DE31F8521BE007736C7 /* AddImageBottomView.m */; };
		C2589DE71F853A4E007736C7 /* PhotoCell.m in Sources */ = {isa = PBXBuildFile; fileRef = C2589DE61F853A4E007736C7 /* PhotoCell.m */; };
		C2589DEA1F8626E8007736C7 /* IMManger.m in Sources */ = {isa = PBXBuildFile; fileRef = C2589DE91F8626E8007736C7 /* IMManger.m */; };
		C25CB10E1F87B43C00B70558 /* LQChatViewController.m in Sources */ = {isa = PBXBuildFile; fileRef = C25CB10D1F87B43C00B70558 /* LQChatViewController.m */; };
		C268D74B1FCD524100872615 /* CrashHandle.m in Sources */ = {isa = PBXBuildFile; fileRef = C268D74A1FCD524100872615 /* CrashHandle.m */; };
		C297182D1FAAB28700D2D599 /* JumpVCHandler.m in Sources */ = {isa = PBXBuildFile; fileRef = C297182C1FAAB28700D2D599 /* JumpVCHandler.m */; };
		C29718301FAAB47F00D2D599 /* PDFListViewController.m in Sources */ = {isa = PBXBuildFile; fileRef = C297182F1FAAB47F00D2D599 /* PDFListViewController.m */; };
		C2A9BC1A1F8B685900571564 /* MRJViewController.m in Sources */ = {isa = PBXBuildFile; fileRef = C2A9BC191F8B685900571564 /* MRJViewController.m */; };
		C2A9BC1D1F8B692600571564 /* HeardView.m in Sources */ = {isa = PBXBuildFile; fileRef = C2A9BC1C1F8B692600571564 /* HeardView.m */; };
		C2BCFC121F8C7664005180AA /* QRCResultViewController.m in Sources */ = {isa = PBXBuildFile; fileRef = C2BCFC111F8C7664005180AA /* QRCResultViewController.m */; };
		C2CE1BFC1E2E2347003AE6D3 /* main.m in Sources */ = {isa = PBXBuildFile; fileRef = C2CE1BFB1E2E2347003AE6D3 /* main.m */; };
		C2CE1C071E2E2347003AE6D3 /* Assets.xcassets in Resources */ = {isa = PBXBuildFile; fileRef = C2CE1C061E2E2347003AE6D3 /* Assets.xcassets */; };
		C2EB63641FB05500008B0A57 /* AddressBookViewController.m in Sources */ = {isa = PBXBuildFile; fileRef = C2EB63631FB05500008B0A57 /* AddressBookViewController.m */; };
/* End PBXBuildFile section */

/* Begin PBXContainerItemProxy section */
		0A963A151E42398800B4F626 /* PBXContainerItemProxy */ = {
			isa = PBXContainerItemProxy;
			containerPortal = C2CE1BEF1E2E2347003AE6D3 /* Project object */;
			proxyType = 1;
			remoteGlobalIDString = 0A963A091E42398800B4F626;
			remoteInfo = LoveQiWidget;
		};
/* End PBXContainerItemProxy section */

/* Begin PBXCopyFilesBuildPhase section */
		0A963A1B1E42398800B4F626 /* Embed App Extensions */ = {
			isa = PBXCopyFilesBuildPhase;
			buildActionMask = 2147483647;
			dstPath = "";
			dstSubfolderSpec = 13;
			files = (
				0A963A171E42398800B4F626 /* LoveQiWidget.appex in Embed App Extensions */,
			);
			name = "Embed App Extensions";
			runOnlyForDeploymentPostprocessing = 0;
		};
/* End PBXCopyFilesBuildPhase section */

/* Begin PBXFileReference section */
		0A7AFF591E41DB8C0071B29B /* ico */ = {isa = PBXFileReference; lastKnownFileType = folder; path = ico; sourceTree = "<group>"; };
		0A87B9711E3CB11D00C3CD15 /* Header.h */ = {isa = PBXFileReference; lastKnownFileType = sourcecode.c.h; path = Header.h; sourceTree = "<group>"; };
		0A963A0A1E42398800B4F626 /* LoveQiWidget.appex */ = {isa = PBXFileReference; explicitFileType = "wrapper.app-extension"; includeInIndex = 0; path = LoveQiWidget.appex; sourceTree = BUILT_PRODUCTS_DIR; };
		0A963A0B1E42398800B4F626 /* NotificationCenter.framework */ = {isa = PBXFileReference; lastKnownFileType = wrapper.framework; name = NotificationCenter.framework; path = System/Library/Frameworks/NotificationCenter.framework; sourceTree = SDKROOT; };
		0A963A0E1E42398800B4F626 /* TodayViewController.h */ = {isa = PBXFileReference; lastKnownFileType = sourcecode.c.h; path = TodayViewController.h; sourceTree = "<group>"; };
		0A963A0F1E42398800B4F626 /* TodayViewController.m */ = {isa = PBXFileReference; lastKnownFileType = sourcecode.c.objc; path = TodayViewController.m; sourceTree = "<group>"; };
		0A963A141E42398800B4F626 /* Info.plist */ = {isa = PBXFileReference; lastKnownFileType = text.plist.xml; path = Info.plist; sourceTree = "<group>"; };
		0A963A1C1E42465000B4F626 /* libPods-LoveQiWidget.a */ = {isa = PBXFileReference; lastKnownFileType = archive.ar; name = "libPods-LoveQiWidget.a"; path = "Pods/../build/Debug-iphoneos/libPods-LoveQiWidget.a"; sourceTree = "<group>"; };
		0A963A1F1E4246CF00B4F626 /* libPods-LoveQiWidget.a */ = {isa = PBXFileReference; lastKnownFileType = archive.ar; name = "libPods-LoveQiWidget.a"; path = "Pods/../build/Debug-iphoneos/libPods-LoveQiWidget.a"; sourceTree = "<group>"; };
		0ACF68971E3DDAA800BEA229 /* PrefixHeader.pch */ = {isa = PBXFileReference; lastKnownFileType = sourcecode.c.h; path = PrefixHeader.pch; sourceTree = "<group>"; };
		0ACF68A01E3F252700BEA229 /* 001.JPG */ = {isa = PBXFileReference; lastKnownFileType = image.jpeg; path = 001.JPG; sourceTree = "<group>"; };
		0ACF68A51E3F7E7000BEA229 /* biaoqing */ = {isa = PBXFileReference; lastKnownFileType = folder; path = biaoqing; sourceTree = "<group>"; };
		0CA9EAB0D58C4296471EFF44 /* Pods-LoveQi.test.xcconfig */ = {isa = PBXFileReference; includeInIndex = 1; lastKnownFileType = text.xcconfig; name = "Pods-LoveQi.test.xcconfig"; path = "Pods/Target Support Files/Pods-LoveQi/Pods-LoveQi.test.xcconfig"; sourceTree = "<group>"; };
		4D08DA4073AEB9E969B717BA /* Pods-LoveQi.debug.xcconfig */ = {isa = PBXFileReference; includeInIndex = 1; lastKnownFileType = text.xcconfig; name = "Pods-LoveQi.debug.xcconfig"; path = "Pods/Target Support Files/Pods-LoveQi/Pods-LoveQi.debug.xcconfig"; sourceTree = "<group>"; };
		5F73172D3C7F27BD14CD5B03 /* libPods-LoveQi.a */ = {isa = PBXFileReference; explicitFileType = archive.ar; includeInIndex = 0; path = "libPods-LoveQi.a"; sourceTree = BUILT_PRODUCTS_DIR; };
		7B046D9007E92605EB7383E6 /* Pods-LoveQi.dev.xcconfig */ = {isa = PBXFileReference; includeInIndex = 1; lastKnownFileType = text.xcconfig; name = "Pods-LoveQi.dev.xcconfig"; path = "Pods/Target Support Files/Pods-LoveQi/Pods-LoveQi.dev.xcconfig"; sourceTree = "<group>"; };
		C2589DB51F83FA65007736C7 /* AddEvevtVC.h */ = {isa = PBXFileReference; fileEncoding = 4; lastKnownFileType = sourcecode.c.h; path = AddEvevtVC.h; sourceTree = "<group>"; };
		C2589DB61F83FA65007736C7 /* AddEvevtVC.m */ = {isa = PBXFileReference; fileEncoding = 4; lastKnownFileType = sourcecode.c.objc; path = AddEvevtVC.m; sourceTree = "<group>"; };
		C2589DB71F83FA65007736C7 /* RootViewController.h */ = {isa = PBXFileReference; fileEncoding = 4; lastKnownFileType = sourcecode.c.h; path = RootViewController.h; sourceTree = "<group>"; };
		C2589DB81F83FA65007736C7 /* RootViewController.m */ = {isa = PBXFileReference; fileEncoding = 4; lastKnownFileType = sourcecode.c.objc; path = RootViewController.m; sourceTree = "<group>"; };
		C2589DB91F83FA65007736C7 /* SQLViewconTroller.h */ = {isa = PBXFileReference; fileEncoding = 4; lastKnownFileType = sourcecode.c.h; path = SQLViewconTroller.h; sourceTree = "<group>"; };
		C2589DBA1F83FA65007736C7 /* SQLViewconTroller.m */ = {isa = PBXFileReference; fileEncoding = 4; lastKnownFileType = sourcecode.c.objc; path = SQLViewconTroller.m; sourceTree = "<group>"; };
		C2589DBC1F83FA65007736C7 /* DataBaseHander.h */ = {isa = PBXFileReference; fileEncoding = 4; lastKnownFileType = sourcecode.c.h; path = DataBaseHander.h; sourceTree = "<group>"; };
		C2589DBD1F83FA65007736C7 /* DataBaseHander.m */ = {isa = PBXFileReference; fileEncoding = 4; lastKnownFileType = sourcecode.c.objc; path = DataBaseHander.m; sourceTree = "<group>"; };
		C2589DBE1F83FA65007736C7 /* DateModel.h */ = {isa = PBXFileReference; fileEncoding = 4; lastKnownFileType = sourcecode.c.h; path = DateModel.h; sourceTree = "<group>"; };
		C2589DBF1F83FA65007736C7 /* DateModel.m */ = {isa = PBXFileReference; fileEncoding = 4; lastKnownFileType = sourcecode.c.objc; path = DateModel.m; sourceTree = "<group>"; };
		C2589DC11F83FA65007736C7 /* AddEventView.h */ = {isa = PBXFileReference; fileEncoding = 4; lastKnownFileType = sourcecode.c.h; path = AddEventView.h; sourceTree = "<group>"; };
		C2589DC21F83FA65007736C7 /* AddEventView.m */ = {isa = PBXFileReference; fileEncoding = 4; lastKnownFileType = sourcecode.c.objc; path = AddEventView.m; sourceTree = "<group>"; };
		C2589DC31F83FA65007736C7 /* BtnColumnView.h */ = {isa = PBXFileReference; fileEncoding = 4; lastKnownFileType = sourcecode.c.h; path = BtnColumnView.h; sourceTree = "<group>"; };
		C2589DC41F83FA65007736C7 /* BtnColumnView.m */ = {isa = PBXFileReference; fileEncoding = 4; lastKnownFileType = sourcecode.c.objc; path = BtnColumnView.m; sourceTree = "<group>"; };
		C2589DC51F83FA65007736C7 /* JumpDateView.h */ = {isa = PBXFileReference; fileEncoding = 4; lastKnownFileType = sourcecode.c.h; path = JumpDateView.h; sourceTree = "<group>"; };
		C2589DC61F83FA65007736C7 /* JumpDateView.m */ = {isa = PBXFileReference; fileEncoding = 4; lastKnownFileType = sourcecode.c.objc; path = JumpDateView.m; sourceTree = "<group>"; };
		C2589DC71F83FA65007736C7 /* LaunchImageView.h */ = {isa = PBXFileReference; fileEncoding = 4; lastKnownFileType = sourcecode.c.h; path = LaunchImageView.h; sourceTree = "<group>"; };
		C2589DC81F83FA65007736C7 /* LaunchImageView.m */ = {isa = PBXFileReference; fileEncoding = 4; lastKnownFileType = sourcecode.c.objc; path = LaunchImageView.m; sourceTree = "<group>"; };
		C2589DC91F83FA65007736C7 /* LQItem.h */ = {isa = PBXFileReference; fileEncoding = 4; lastKnownFileType = sourcecode.c.h; path = LQItem.h; sourceTree = "<group>"; };
		C2589DCA1F83FA65007736C7 /* LQItem.m */ = {isa = PBXFileReference; fileEncoding = 4; lastKnownFileType = sourcecode.c.objc; path = LQItem.m; sourceTree = "<group>"; };
		C2589DCB1F83FA65007736C7 /* LQItemView.h */ = {isa = PBXFileReference; fileEncoding = 4; lastKnownFileType = sourcecode.c.h; path = LQItemView.h; sourceTree = "<group>"; };
		C2589DCC1F83FA65007736C7 /* LQItemView.m */ = {isa = PBXFileReference; fileEncoding = 4; lastKnownFileType = sourcecode.c.objc; path = LQItemView.m; sourceTree = "<group>"; };
		C2589DD91F83FA7B007736C7 /* AppDelegate.h */ = {isa = PBXFileReference; fileEncoding = 4; lastKnownFileType = sourcecode.c.h; path = AppDelegate.h; sourceTree = "<group>"; };
		C2589DDA1F83FA7B007736C7 /* AppDelegate.m */ = {isa = PBXFileReference; fileEncoding = 4; lastKnownFileType = sourcecode.c.objc; path = AppDelegate.m; sourceTree = "<group>"; };
		C2589DDC1F849E3D007736C7 /* PhotoViewController.h */ = {isa = PBXFileReference; lastKnownFileType = sourcecode.c.h; path = PhotoViewController.h; sourceTree = "<group>"; };
		C2589DDD1F849E3D007736C7 /* PhotoViewController.m */ = {isa = PBXFileReference; lastKnownFileType = sourcecode.c.objc; path = PhotoViewController.m; sourceTree = "<group>"; };
		C2589DDF1F851EF9007736C7 /* PhotoManger.h */ = {isa = PBXFileReference; lastKnownFileType = sourcecode.c.h; path = PhotoManger.h; sourceTree = "<group>"; };
		C2589DE01F851EF9007736C7 /* PhotoManger.m */ = {isa = PBXFileReference; lastKnownFileType = sourcecode.c.objc; path = PhotoManger.m; sourceTree = "<group>"; };
		C2589DE21F8521BE007736C7 /* AddImageBottomView.h */ = {isa = PBXFileReference; lastKnownFileType = sourcecode.c.h; path = AddImageBottomView.h; sourceTree = "<group>"; };
		C2589DE31F8521BE007736C7 /* AddImageBottomView.m */ = {isa = PBXFileReference; lastKnownFileType = sourcecode.c.objc; path = AddImageBottomView.m; sourceTree = "<group>"; };
		C2589DE51F853A4E007736C7 /* PhotoCell.h */ = {isa = PBXFileReference; lastKnownFileType = sourcecode.c.h; path = PhotoCell.h; sourceTree = "<group>"; };
		C2589DE61F853A4E007736C7 /* PhotoCell.m */ = {isa = PBXFileReference; lastKnownFileType = sourcecode.c.objc; path = PhotoCell.m; sourceTree = "<group>"; };
		C2589DE81F8626E8007736C7 /* IMManger.h */ = {isa = PBXFileReference; lastKnownFileType = sourcecode.c.h; path = IMManger.h; sourceTree = "<group>"; };
		C2589DE91F8626E8007736C7 /* IMManger.m */ = {isa = PBXFileReference; lastKnownFileType = sourcecode.c.objc; path = IMManger.m; sourceTree = "<group>"; };
		C25CB10C1F87B43C00B70558 /* LQChatViewController.h */ = {isa = PBXFileReference; lastKnownFileType = sourcecode.c.h; path = LQChatViewController.h; sourceTree = "<group>"; };
		C25CB10D1F87B43C00B70558 /* LQChatViewController.m */ = {isa = PBXFileReference; lastKnownFileType = sourcecode.c.objc; path = LQChatViewController.m; sourceTree = "<group>"; };
		C268D7491FCD524100872615 /* CrashHandle.h */ = {isa = PBXFileReference; lastKnownFileType = sourcecode.c.h; path = CrashHandle.h; sourceTree = "<group>"; };
		C268D74A1FCD524100872615 /* CrashHandle.m */ = {isa = PBXFileReference; lastKnownFileType = sourcecode.c.objc; path = CrashHandle.m; sourceTree = "<group>"; };
		C297182B1FAAB28700D2D599 /* JumpVCHandler.h */ = {isa = PBXFileReference; lastKnownFileType = sourcecode.c.h; path = JumpVCHandler.h; sourceTree = "<group>"; };
		C297182C1FAAB28700D2D599 /* JumpVCHandler.m */ = {isa = PBXFileReference; lastKnownFileType = sourcecode.c.objc; path = JumpVCHandler.m; sourceTree = "<group>"; };
		C297182E1FAAB47F00D2D599 /* PDFListViewController.h */ = {isa = PBXFileReference; lastKnownFileType = sourcecode.c.h; path = PDFListViewController.h; sourceTree = "<group>"; };
		C297182F1FAAB47F00D2D599 /* PDFListViewController.m */ = {isa = PBXFileReference; lastKnownFileType = sourcecode.c.objc; path = PDFListViewController.m; sourceTree = "<group>"; };
		C2A9BC181F8B685900571564 /* MRJViewController.h */ = {isa = PBXFileReference; lastKnownFileType = sourcecode.c.h; path = MRJViewController.h; sourceTree = "<group>"; };
		C2A9BC191F8B685900571564 /* MRJViewController.m */ = {isa = PBXFileReference; lastKnownFileType = sourcecode.c.objc; path = MRJViewController.m; sourceTree = "<group>"; };
		C2A9BC1B1F8B692600571564 /* HeardView.h */ = {isa = PBXFileReference; lastKnownFileType = sourcecode.c.h; path = HeardView.h; sourceTree = "<group>"; };
		C2A9BC1C1F8B692600571564 /* HeardView.m */ = {isa = PBXFileReference; lastKnownFileType = sourcecode.c.objc; path = HeardView.m; sourceTree = "<group>"; };
		C2BCFC101F8C7664005180AA /* QRCResultViewController.h */ = {isa = PBXFileReference; lastKnownFileType = sourcecode.c.h; path = QRCResultViewController.h; sourceTree = "<group>"; };
		C2BCFC111F8C7664005180AA /* QRCResultViewController.m */ = {isa = PBXFileReference; lastKnownFileType = sourcecode.c.objc; path = QRCResultViewController.m; sourceTree = "<group>"; };
		C2CE1BF71E2E2347003AE6D3 /* LoveQi.app */ = {isa = PBXFileReference; explicitFileType = wrapper.application; includeInIndex = 0; path = LoveQi.app; sourceTree = BUILT_PRODUCTS_DIR; };
		C2CE1BFB1E2E2347003AE6D3 /* main.m */ = {isa = PBXFileReference; lastKnownFileType = sourcecode.c.objc; path = main.m; sourceTree = "<group>"; };
		C2CE1C061E2E2347003AE6D3 /* Assets.xcassets */ = {isa = PBXFileReference; lastKnownFileType = folder.assetcatalog; path = Assets.xcassets; sourceTree = "<group>"; };
		C2CE1C0B1E2E2347003AE6D3 /* Info.plist */ = {isa = PBXFileReference; lastKnownFileType = text.plist.xml; path = Info.plist; sourceTree = "<group>"; };
		C2CE1C141E2E2347003AE6D3 /* LoveQiTests.m */ = {isa = PBXFileReference; lastKnownFileType = sourcecode.c.objc; path = LoveQiTests.m; sourceTree = "<group>"; };
		C2CE1C161E2E2347003AE6D3 /* Info.plist */ = {isa = PBXFileReference; lastKnownFileType = text.plist.xml; path = Info.plist; sourceTree = "<group>"; };
		C2CE1C1F1E2E2347003AE6D3 /* LoveQiUITests.m */ = {isa = PBXFileReference; lastKnownFileType = sourcecode.c.objc; path = LoveQiUITests.m; sourceTree = "<group>"; };
		C2CE1C211E2E2347003AE6D3 /* Info.plist */ = {isa = PBXFileReference; lastKnownFileType = text.plist.xml; path = Info.plist; sourceTree = "<group>"; };
		C2EB63621FB05500008B0A57 /* AddressBookViewController.h */ = {isa = PBXFileReference; lastKnownFileType = sourcecode.c.h; path = AddressBookViewController.h; sourceTree = "<group>"; };
		C2EB63631FB05500008B0A57 /* AddressBookViewController.m */ = {isa = PBXFileReference; lastKnownFileType = sourcecode.c.objc; path = AddressBookViewController.m; sourceTree = "<group>"; };
		C41EE10A5322E24B0FEACDD6 /* Pods-LoveQi.release.xcconfig */ = {isa = PBXFileReference; includeInIndex = 1; lastKnownFileType = text.xcconfig; name = "Pods-LoveQi.release.xcconfig"; path = "Pods/Target Support Files/Pods-LoveQi/Pods-LoveQi.release.xcconfig"; sourceTree = "<group>"; };
		FCEB03AB92596D867E27E643 /* libPods-LoveQiWidget.a */ = {isa = PBXFileReference; explicitFileType = archive.ar; includeInIndex = 0; path = "libPods-LoveQiWidget.a"; sourceTree = BUILT_PRODUCTS_DIR; };
/* End PBXFileReference section */

/* Begin PBXFrameworksBuildPhase section */
		0A963A071E42398800B4F626 /* Frameworks */ = {
			isa = PBXFrameworksBuildPhase;
			buildActionMask = 2147483647;
			files = (
				0A963A0C1E42398800B4F626 /* NotificationCenter.framework in Frameworks */,
			);
			runOnlyForDeploymentPostprocessing = 0;
		};
		C2CE1BF41E2E2347003AE6D3 /* Frameworks */ = {
			isa = PBXFrameworksBuildPhase;
			buildActionMask = 2147483647;
			files = (
				51797A3810964178EDCD4186 /* libPods-LoveQi.a in Frameworks */,
				96D78EE764673C3FB2EA232C /* libPods-LoveQi.a in Frameworks */,
			);
			runOnlyForDeploymentPostprocessing = 0;
		};
/* End PBXFrameworksBuildPhase section */

/* Begin PBXGroup section */
		09814C739295F6B0A960080C /* Frameworks */ = {
			isa = PBXGroup;
			children = (
				0A963A1F1E4246CF00B4F626 /* libPods-LoveQiWidget.a */,
				0A963A1C1E42465000B4F626 /* libPods-LoveQiWidget.a */,
				5F73172D3C7F27BD14CD5B03 /* libPods-LoveQi.a */,
				0A963A0B1E42398800B4F626 /* NotificationCenter.framework */,
				FCEB03AB92596D867E27E643 /* libPods-LoveQiWidget.a */,
			);
			name = Frameworks;
			sourceTree = "<group>";
		};
		0A963A0D1E42398800B4F626 /* LoveQiWidget */ = {
			isa = PBXGroup;
			children = (
				0A963A0E1E42398800B4F626 /* TodayViewController.h */,
				0A963A0F1E42398800B4F626 /* TodayViewController.m */,
				0A963A141E42398800B4F626 /* Info.plist */,
			);
			path = LoveQiWidget;
			sourceTree = "<group>";
		};
		89DA11229FF76934AD079537 /* Pods */ = {
			isa = PBXGroup;
			children = (
				4D08DA4073AEB9E969B717BA /* Pods-LoveQi.debug.xcconfig */,
				C41EE10A5322E24B0FEACDD6 /* Pods-LoveQi.release.xcconfig */,
				7B046D9007E92605EB7383E6 /* Pods-LoveQi.dev.xcconfig */,
				0CA9EAB0D58C4296471EFF44 /* Pods-LoveQi.test.xcconfig */,
			);
			name = Pods;
			sourceTree = "<group>";
		};
		C2589DB31F83FA65007736C7 /* Today */ = {
			isa = PBXGroup;
			children = (
				C2589DB41F83FA65007736C7 /* Controller */,
				C2589DBB1F83FA65007736C7 /* Model */,
				C2589DC01F83FA65007736C7 /* View */,
			);
			path = Today;
			sourceTree = "<group>";
		};
		C2589DB41F83FA65007736C7 /* Controller */ = {
			isa = PBXGroup;
			children = (
				C2589DB51F83FA65007736C7 /* AddEvevtVC.h */,
				C2589DB61F83FA65007736C7 /* AddEvevtVC.m */,
				C2589DB71F83FA65007736C7 /* RootViewController.h */,
				C2589DB81F83FA65007736C7 /* RootViewController.m */,
				C2589DB91F83FA65007736C7 /* SQLViewconTroller.h */,
				C2589DBA1F83FA65007736C7 /* SQLViewconTroller.m */,
				C2589DDC1F849E3D007736C7 /* PhotoViewController.h */,
				C2589DDD1F849E3D007736C7 /* PhotoViewController.m */,
				C25CB10C1F87B43C00B70558 /* LQChatViewController.h */,
				C25CB10D1F87B43C00B70558 /* LQChatViewController.m */,
				C2A9BC181F8B685900571564 /* MRJViewController.h */,
				C2A9BC191F8B685900571564 /* MRJViewController.m */,
				C2BCFC101F8C7664005180AA /* QRCResultViewController.h */,
				C2BCFC111F8C7664005180AA /* QRCResultViewController.m */,
				C297182E1FAAB47F00D2D599 /* PDFListViewController.h */,
				C297182F1FAAB47F00D2D599 /* PDFListViewController.m */,
				C2EB63621FB05500008B0A57 /* AddressBookViewController.h */,
				C2EB63631FB05500008B0A57 /* AddressBookViewController.m */,
			);
			path = Controller;
			sourceTree = "<group>";
		};
		C2589DBB1F83FA65007736C7 /* Model */ = {
			isa = PBXGroup;
			children = (
				C2589DBC1F83FA65007736C7 /* DataBaseHander.h */,
				C2589DBD1F83FA65007736C7 /* DataBaseHander.m */,
				C2589DBE1F83FA65007736C7 /* DateModel.h */,
				C2589DBF1F83FA65007736C7 /* DateModel.m */,
				C2589DDF1F851EF9007736C7 /* PhotoManger.h */,
				C2589DE01F851EF9007736C7 /* PhotoManger.m */,
				C2589DE51F853A4E007736C7 /* PhotoCell.h */,
				C2589DE61F853A4E007736C7 /* PhotoCell.m */,
				C2589DE81F8626E8007736C7 /* IMManger.h */,
				C2589DE91F8626E8007736C7 /* IMManger.m */,
				C297182B1FAAB28700D2D599 /* JumpVCHandler.h */,
				C297182C1FAAB28700D2D599 /* JumpVCHandler.m */,
				C268D7491FCD524100872615 /* CrashHandle.h */,
				C268D74A1FCD524100872615 /* CrashHandle.m */,
			);
			path = Model;
			sourceTree = "<group>";
		};
		C2589DC01F83FA65007736C7 /* View */ = {
			isa = PBXGroup;
			children = (
				C2589DC11F83FA65007736C7 /* AddEventView.h */,
				C2589DC21F83FA65007736C7 /* AddEventView.m */,
				C2589DC31F83FA65007736C7 /* BtnColumnView.h */,
				C2589DC41F83FA65007736C7 /* BtnColumnView.m */,
				C2589DC51F83FA65007736C7 /* JumpDateView.h */,
				C2589DC61F83FA65007736C7 /* JumpDateView.m */,
				C2589DC71F83FA65007736C7 /* LaunchImageView.h */,
				C2589DC81F83FA65007736C7 /* LaunchImageView.m */,
				C2589DC91F83FA65007736C7 /* LQItem.h */,
				C2589DCA1F83FA65007736C7 /* LQItem.m */,
				C2589DCB1F83FA65007736C7 /* LQItemView.h */,
				C2589DCC1F83FA65007736C7 /* LQItemView.m */,
				C2589DE21F8521BE007736C7 /* AddImageBottomView.h */,
				C2589DE31F8521BE007736C7 /* AddImageBottomView.m */,
				C2A9BC1B1F8B692600571564 /* HeardView.h */,
				C2A9BC1C1F8B692600571564 /* HeardView.m */,
			);
			path = View;
			sourceTree = "<group>";
		};
		C2589DD81F83FA7B007736C7 /* Appdelegate */ = {
			isa = PBXGroup;
			children = (
				C2589DD91F83FA7B007736C7 /* AppDelegate.h */,
				C2589DDA1F83FA7B007736C7 /* AppDelegate.m */,
			);
			path = Appdelegate;
			sourceTree = "<group>";
		};
		C2CE1BEE1E2E2347003AE6D3 = {
			isa = PBXGroup;
			children = (
				C2CE1BF91E2E2347003AE6D3 /* LoveQi */,
				C2CE1C131E2E2347003AE6D3 /* LoveQiTests */,
				C2CE1C1E1E2E2347003AE6D3 /* LoveQiUITests */,
				0A963A0D1E42398800B4F626 /* LoveQiWidget */,
				C2CE1BF81E2E2347003AE6D3 /* Products */,
				89DA11229FF76934AD079537 /* Pods */,
				09814C739295F6B0A960080C /* Frameworks */,
			);
			sourceTree = "<group>";
		};
		C2CE1BF81E2E2347003AE6D3 /* Products */ = {
			isa = PBXGroup;
			children = (
				C2CE1BF71E2E2347003AE6D3 /* LoveQi.app */,
				0A963A0A1E42398800B4F626 /* LoveQiWidget.appex */,
			);
			name = Products;
			sourceTree = "<group>";
		};
		C2CE1BF91E2E2347003AE6D3 /* LoveQi */ = {
			isa = PBXGroup;
			children = (
				C2589DD81F83FA7B007736C7 /* Appdelegate */,
				C2589DB31F83FA65007736C7 /* Today */,
				0A7AFF591E41DB8C0071B29B /* ico */,
				0ACF68A51E3F7E7000BEA229 /* biaoqing */,
				0ACF68A01E3F252700BEA229 /* 001.JPG */,
				0A87B9711E3CB11D00C3CD15 /* Header.h */,
				0ACF68971E3DDAA800BEA229 /* PrefixHeader.pch */,
				C2CE1C061E2E2347003AE6D3 /* Assets.xcassets */,
				C2CE1C0B1E2E2347003AE6D3 /* Info.plist */,
				C2CE1BFA1E2E2347003AE6D3 /* Supporting Files */,
			);
			path = LoveQi;
			sourceTree = "<group>";
		};
		C2CE1BFA1E2E2347003AE6D3 /* Supporting Files */ = {
			isa = PBXGroup;
			children = (
				C2CE1BFB1E2E2347003AE6D3 /* main.m */,
			);
			name = "Supporting Files";
			sourceTree = "<group>";
		};
		C2CE1C131E2E2347003AE6D3 /* LoveQiTests */ = {
			isa = PBXGroup;
			children = (
				C2CE1C141E2E2347003AE6D3 /* LoveQiTests.m */,
				C2CE1C161E2E2347003AE6D3 /* Info.plist */,
			);
			path = LoveQiTests;
			sourceTree = "<group>";
		};
		C2CE1C1E1E2E2347003AE6D3 /* LoveQiUITests */ = {
			isa = PBXGroup;
			children = (
				C2CE1C1F1E2E2347003AE6D3 /* LoveQiUITests.m */,
				C2CE1C211E2E2347003AE6D3 /* Info.plist */,
			);
			path = LoveQiUITests;
			sourceTree = "<group>";
		};
/* End PBXGroup section */

/* Begin PBXNativeTarget section */
		0A963A091E42398800B4F626 /* LoveQiWidget */ = {
			isa = PBXNativeTarget;
			buildConfigurationList = 0A963A1A1E42398800B4F626 /* Build configuration list for PBXNativeTarget "LoveQiWidget" */;
			buildPhases = (
				0A963A061E42398800B4F626 /* Sources */,
				0A963A071E42398800B4F626 /* Frameworks */,
				0A963A081E42398800B4F626 /* Resources */,
			);
			buildRules = (
			);
			dependencies = (
			);
			name = LoveQiWidget;
			productName = LoveQiWidget;
			productReference = 0A963A0A1E42398800B4F626 /* LoveQiWidget.appex */;
			productType = "com.apple.product-type.app-extension";
		};
		C2CE1BF61E2E2347003AE6D3 /* LoveQi */ = {
			isa = PBXNativeTarget;
			buildConfigurationList = C2CE1C241E2E2347003AE6D3 /* Build configuration list for PBXNativeTarget "LoveQi" */;
			buildPhases = (
				C77BBC458557E2B5D5C3EA8E /* [CP] Check Pods Manifest.lock */,
				C2CE1BF31E2E2347003AE6D3 /* Sources */,
				C2CE1BF41E2E2347003AE6D3 /* Frameworks */,
				C2CE1BF51E2E2347003AE6D3 /* Resources */,
				0110E71C65348CEB9786EADE /* [CP] Embed Pods Frameworks */,
				2DC501E749F40AB2DB357A71 /* [CP] Copy Pods Resources */,
				0A963A1B1E42398800B4F626 /* Embed App Extensions */,
			);
			buildRules = (
			);
			dependencies = (
				0A963A161E42398800B4F626 /* PBXTargetDependency */,
			);
			name = LoveQi;
			productName = LoveQi;
			productReference = C2CE1BF71E2E2347003AE6D3 /* LoveQi.app */;
			productType = "com.apple.product-type.application";
		};
/* End PBXNativeTarget section */

/* Begin PBXProject section */
		C2CE1BEF1E2E2347003AE6D3 /* Project object */ = {
			isa = PBXProject;
			attributes = {
				LastUpgradeCheck = 0810;
				ORGANIZATIONNAME = "李琦";
				TargetAttributes = {
					0A963A091E42398800B4F626 = {
						CreatedOnToolsVersion = 8.2.1;
						DevelopmentTeam = W3S42S92Y7;
						ProvisioningStyle = Automatic;
					};
					C2CE1BF61E2E2347003AE6D3 = {
						CreatedOnToolsVersion = 8.1;
						DevelopmentTeam = W3S42S92Y7;
						ProvisioningStyle = Automatic;
					};
				};
			};
			buildConfigurationList = C2CE1BF21E2E2347003AE6D3 /* Build configuration list for PBXProject "LoveQi" */;
			compatibilityVersion = "Xcode 3.2";
			developmentRegion = English;
			hasScannedForEncodings = 0;
			knownRegions = (
				en,
				Base,
			);
			mainGroup = C2CE1BEE1E2E2347003AE6D3;
			productRefGroup = C2CE1BF81E2E2347003AE6D3 /* Products */;
			projectDirPath = "";
			projectRoot = "";
			targets = (
				C2CE1BF61E2E2347003AE6D3 /* LoveQi */,
				0A963A091E42398800B4F626 /* LoveQiWidget */,
			);
		};
/* End PBXProject section */

/* Begin PBXResourcesBuildPhase section */
		0A963A081E42398800B4F626 /* Resources */ = {
			isa = PBXResourcesBuildPhase;
			buildActionMask = 2147483647;
			files = (
			);
			runOnlyForDeploymentPostprocessing = 0;
		};
		C2CE1BF51E2E2347003AE6D3 /* Resources */ = {
			isa = PBXResourcesBuildPhase;
			buildActionMask = 2147483647;
			files = (
				C2CE1C071E2E2347003AE6D3 /* Assets.xcassets in Resources */,
				0ACF68A61E3F7E7000BEA229 /* biaoqing in Resources */,
				0A7AFF5A1E41DB8C0071B29B /* ico in Resources */,
				0ACF68A11E3F252700BEA229 /* 001.JPG in Resources */,
			);
			runOnlyForDeploymentPostprocessing = 0;
		};
/* End PBXResourcesBuildPhase section */

/* Begin PBXShellScriptBuildPhase section */
		0110E71C65348CEB9786EADE /* [CP] Embed Pods Frameworks */ = {
			isa = PBXShellScriptBuildPhase;
			buildActionMask = 2147483647;
			files = (
			);
			inputPaths = (
			);
			name = "[CP] Embed Pods Frameworks";
			outputPaths = (
			);
			runOnlyForDeploymentPostprocessing = 0;
			shellPath = /bin/sh;
			shellScript = "\"${SRCROOT}/Pods/Target Support Files/Pods-LoveQi/Pods-LoveQi-frameworks.sh\"\n";
			showEnvVarsInLog = 0;
		};
		2DC501E749F40AB2DB357A71 /* [CP] Copy Pods Resources */ = {
			isa = PBXShellScriptBuildPhase;
			buildActionMask = 2147483647;
			files = (
			);
			inputPaths = (
				"${SRCROOT}/Pods/Target Support Files/Pods-LoveQi/Pods-LoveQi-resources.sh",
				"${PODS_ROOT}/MJRefresh/MJRefresh/MJRefresh.bundle",
				"${PODS_ROOT}/MRJ_QRCode/MRJ_QRCode.bundle",
				"${PODS_CONFIGURATION_BUILD_DIR}/MWPhotoBrowser/MWPhotoBrowser.bundle",
				"${PODS_ROOT}/RongCloudIM/RongCloudIM/RongCloud.bundle",
				"${PODS_ROOT}/RongCloudIM/RongCloudIM/en.lproj",
				"${PODS_ROOT}/RongCloudIM/RongCloudIM/zh-Hans.lproj",
				"${PODS_ROOT}/RongCloudIM/RongCloudIM/Emoji.plist",
				"${PODS_ROOT}/RongCloudIM/RongCloudIM/RCConfig.plist",
				"${PODS_ROOT}/RongCloudIM/RongCloudIM/JrmfIMLib/JResource.bundle",
				"${PODS_ROOT}/RongCloudIM/RongCloudIM/JrmfIMLib/en.lproj",
				"${PODS_ROOT}/RongCloudIM/RongCloudIM/JrmfIMLib/zh-Hans.lproj",
				"${PODS_ROOT}/RongCloudIM/RongCloudIM/JrmfIMLib/jrmf.cer",
				"${PODS_ROOT}/RongCloudIM/RongCloudIM/AlipaySDK/AlipaySDK.bundle",
				"${PODS_ROOT}/RongCloudIM/RongCloudIM/BQMM.bundle",
				"${PODS_ROOT}/SKFCamera/SKFCamera/SKFCamera.bundle",
				"${PODS_ROOT}/TZImagePickerController/TZImagePickerController/TZImagePickerController/TZImagePickerController.bundle",
				"${PODS_ROOT}/vfrReader/Graphics/Reader-Button-H.png",
				"${PODS_ROOT}/vfrReader/Graphics/Reader-Button-H@2x.png",
				"${PODS_ROOT}/vfrReader/Graphics/Reader-Button-N.png",
				"${PODS_ROOT}/vfrReader/Graphics/Reader-Button-N@2x.png",
				"${PODS_ROOT}/vfrReader/Graphics/Reader-Email.png",
				"${PODS_ROOT}/vfrReader/Graphics/Reader-Email@2x.png",
				"${PODS_ROOT}/vfrReader/Graphics/Reader-Export.png",
				"${PODS_ROOT}/vfrReader/Graphics/Reader-Export@2x.png",
				"${PODS_ROOT}/vfrReader/Graphics/Reader-Mark-N.png",
				"${PODS_ROOT}/vfrReader/Graphics/Reader-Mark-N@2x.png",
				"${PODS_ROOT}/vfrReader/Graphics/Reader-Mark-Y.png",
				"${PODS_ROOT}/vfrReader/Graphics/Reader-Mark-Y@2x.png",
				"${PODS_ROOT}/vfrReader/Graphics/Reader-Print.png",
				"${PODS_ROOT}/vfrReader/Graphics/Reader-Print@2x.png",
				"${PODS_ROOT}/vfrReader/Graphics/Reader-Thumbs.png",
				"${PODS_ROOT}/vfrReader/Graphics/Reader-Thumbs@2x.png",
			);
			name = "[CP] Copy Pods Resources";
			outputPaths = (
				"${TARGET_BUILD_DIR}/${UNLOCALIZED_RESOURCES_FOLDER_PATH}",
			);
			runOnlyForDeploymentPostprocessing = 0;
			shellPath = /bin/sh;
			shellScript = "\"${SRCROOT}/Pods/Target Support Files/Pods-LoveQi/Pods-LoveQi-resources.sh\"\n";
			showEnvVarsInLog = 0;
		};
		C77BBC458557E2B5D5C3EA8E /* [CP] Check Pods Manifest.lock */ = {
			isa = PBXShellScriptBuildPhase;
			buildActionMask = 2147483647;
			files = (
			);
			inputPaths = (
				"${PODS_PODFILE_DIR_PATH}/Podfile.lock",
				"${PODS_ROOT}/Manifest.lock",
			);
			name = "[CP] Check Pods Manifest.lock";
			outputPaths = (
				"$(DERIVED_FILE_DIR)/Pods-LoveQi-checkManifestLockResult.txt",
			);
			runOnlyForDeploymentPostprocessing = 0;
			shellPath = /bin/sh;
			shellScript = "diff \"${PODS_PODFILE_DIR_PATH}/Podfile.lock\" \"${PODS_ROOT}/Manifest.lock\" > /dev/null\nif [ $? != 0 ] ; then\n    # print error to STDERR\n    echo \"error: The sandbox is not in sync with the Podfile.lock. Run 'pod install' or update your CocoaPods installation.\" >&2\n    exit 1\nfi\n# This output is used by Xcode 'outputs' to avoid re-running this script phase.\necho \"SUCCESS\" > \"${SCRIPT_OUTPUT_FILE_0}\"\n";
			showEnvVarsInLog = 0;
		};
/* End PBXShellScriptBuildPhase section */

/* Begin PBXSourcesBuildPhase section */
		0A963A061E42398800B4F626 /* Sources */ = {
			isa = PBXSourcesBuildPhase;
			buildActionMask = 2147483647;
			files = (
				0A963A101E42398800B4F626 /* TodayViewController.m in Sources */,
			);
			runOnlyForDeploymentPostprocessing = 0;
		};
		C2CE1BF31E2E2347003AE6D3 /* Sources */ = {
			isa = PBXSourcesBuildPhase;
			buildActionMask = 2147483647;
			files = (
				C2589DD21F83FA65007736C7 /* AddEventView.m in Sources */,
				C2589DE11F851EF9007736C7 /* PhotoManger.m in Sources */,
				C2CE1BFC1E2E2347003AE6D3 /* main.m in Sources */,
				C2589DD41F83FA65007736C7 /* JumpDateView.m in Sources */,
				C25CB10E1F87B43C00B70558 /* LQChatViewController.m in Sources */,
				C2589DCF1F83FA65007736C7 /* SQLViewconTroller.m in Sources */,
				C2A9BC1A1F8B685900571564 /* MRJViewController.m in Sources */,
				C2589DD61F83FA65007736C7 /* LQItem.m in Sources */,
				C2EB63641FB05500008B0A57 /* AddressBookViewController.m in Sources */,
				C2589DD01F83FA65007736C7 /* DataBaseHander.m in Sources */,
				C2589DD71F83FA65007736C7 /* LQItemView.m in Sources */,
				C2589DDB1F83FA7B007736C7 /* AppDelegate.m in Sources */,
				C297182D1FAAB28700D2D599 /* JumpVCHandler.m in Sources */,
				C2589DE71F853A4E007736C7 /* PhotoCell.m in Sources */,
				C2589DCD1F83FA65007736C7 /* AddEvevtVC.m in Sources */,
				C268D74B1FCD524100872615 /* CrashHandle.m in Sources */,
				C2589DCE1F83FA65007736C7 /* RootViewController.m in Sources */,
				C29718301FAAB47F00D2D599 /* PDFListViewController.m in Sources */,
				C2589DE41F8521BE007736C7 /* AddImageBottomView.m in Sources */,
				C2BCFC121F8C7664005180AA /* QRCResultViewController.m in Sources */,
				C2589DD51F83FA65007736C7 /* LaunchImageView.m in Sources */,
				C2589DD11F83FA65007736C7 /* DateModel.m in Sources */,
				C2589DD31F83FA65007736C7 /* BtnColumnView.m in Sources */,
				C2A9BC1D1F8B692600571564 /* HeardView.m in Sources */,
				C2589DDE1F849E3D007736C7 /* PhotoViewController.m in Sources */,
				C2589DEA1F8626E8007736C7 /* IMManger.m in Sources */,
			);
			runOnlyForDeploymentPostprocessing = 0;
		};
/* End PBXSourcesBuildPhase section */

/* Begin PBXTargetDependency section */
		0A963A161E42398800B4F626 /* PBXTargetDependency */ = {
			isa = PBXTargetDependency;
			target = 0A963A091E42398800B4F626 /* LoveQiWidget */;
			targetProxy = 0A963A151E42398800B4F626 /* PBXContainerItemProxy */;
		};
/* End PBXTargetDependency section */

/* Begin XCBuildConfiguration section */
		0A963A181E42398800B4F626 /* Debug */ = {
			isa = XCBuildConfiguration;
			buildSettings = {
				CLANG_WARN_SUSPICIOUS_MOVE = YES;
				CODE_SIGN_IDENTITY = "iPhone Developer: 1520312758@qq.com (F5R49RUD6T)";
				"CODE_SIGN_IDENTITY[sdk=iphoneos*]" = "iPhone Developer";
				CODE_SIGN_STYLE = Automatic;
				DEVELOPMENT_TEAM = W3S42S92Y7;
				INFOPLIST_FILE = LoveQiWidget/Info.plist;
				IPHONEOS_DEPLOYMENT_TARGET = 9.1;
				LD_RUNPATH_SEARCH_PATHS = "$(inherited) @executable_path/Frameworks @executable_path/../../Frameworks";
				ONLY_ACTIVE_ARCH = NO;
				PRODUCT_BUNDLE_IDENTIFIER = com.MRJ.LoveQi.LoveQiWidget;
				PRODUCT_NAME = "$(TARGET_NAME)";
				PROVISIONING_PROFILE_SPECIFIER = "";
				SKIP_INSTALL = YES;
				VALID_ARCHS = "arm64 armv7 armv7s armv8";
			};
			name = Debug;
		};
		0A963A191E42398800B4F626 /* Release */ = {
			isa = XCBuildConfiguration;
			buildSettings = {
				CLANG_WARN_SUSPICIOUS_MOVE = YES;
				CODE_SIGN_IDENTITY = "iPhone Developer: 1520312758@qq.com (F5R49RUD6T)";
				"CODE_SIGN_IDENTITY[sdk=iphoneos*]" = "iPhone Developer";
				CODE_SIGN_STYLE = Automatic;
				DEVELOPMENT_TEAM = W3S42S92Y7;
				INFOPLIST_FILE = LoveQiWidget/Info.plist;
				IPHONEOS_DEPLOYMENT_TARGET = 9.1;
				LD_RUNPATH_SEARCH_PATHS = "$(inherited) @executable_path/Frameworks @executable_path/../../Frameworks";
				ONLY_ACTIVE_ARCH = NO;
				PRODUCT_BUNDLE_IDENTIFIER = com.MRJ.LoveQi.LoveQiWidget;
				PRODUCT_NAME = "$(TARGET_NAME)";
				PROVISIONING_PROFILE_SPECIFIER = "";
				SKIP_INSTALL = YES;
				VALID_ARCHS = "arm64 armv7 armv7s armv8";
			};
			name = Release;
		};
		C26E0D801FEBC1F600CE1A7D /* Test */ = {
			isa = XCBuildConfiguration;
			buildSettings = {
				ALWAYS_SEARCH_USER_PATHS = NO;
				CLANG_ANALYZER_NONNULL = YES;
				CLANG_CXX_LANGUAGE_STANDARD = "gnu++0x";
				CLANG_CXX_LIBRARY = "libc++";
				CLANG_ENABLE_MODULES = YES;
				CLANG_ENABLE_OBJC_ARC = YES;
				CLANG_WARN_BOOL_CONVERSION = YES;
				CLANG_WARN_CONSTANT_CONVERSION = YES;
				CLANG_WARN_DIRECT_OBJC_ISA_USAGE = YES_ERROR;
				CLANG_WARN_DOCUMENTATION_COMMENTS = YES;
				CLANG_WARN_EMPTY_BODY = YES;
				CLANG_WARN_ENUM_CONVERSION = YES;
				CLANG_WARN_INFINITE_RECURSION = YES;
				CLANG_WARN_INT_CONVERSION = YES;
				CLANG_WARN_OBJC_ROOT_CLASS = YES_ERROR;
				CLANG_WARN_SUSPICIOUS_MOVES = YES;
				CLANG_WARN_UNREACHABLE_CODE = YES;
				CLANG_WARN__DUPLICATE_METHOD_MATCH = YES;
				"CODE_SIGN_IDENTITY[sdk=iphoneos*]" = "iPhone Developer";
				COPY_PHASE_STRIP = NO;
				DEBUG_INFORMATION_FORMAT = dwarf;
				ENABLE_NS_ASSERTIONS = NO;
				ENABLE_STRICT_OBJC_MSGSEND = YES;
				ENABLE_TESTABILITY = YES;
				GCC_C_LANGUAGE_STANDARD = gnu99;
				GCC_DYNAMIC_NO_PIC = NO;
				GCC_NO_COMMON_BLOCKS = YES;
				GCC_OPTIMIZATION_LEVEL = 0;
				GCC_PREPROCESSOR_DEFINITIONS = (
					"$(inherited)",
					Test,
				);
				GCC_WARN_64_TO_32_BIT_CONVERSION = YES;
				GCC_WARN_ABOUT_RETURN_TYPE = YES_ERROR;
				GCC_WARN_UNDECLARED_SELECTOR = YES;
				GCC_WARN_UNINITIALIZED_AUTOS = YES_AGGRESSIVE;
				GCC_WARN_UNUSED_FUNCTION = YES;
				GCC_WARN_UNUSED_VARIABLE = YES;
				IPHONEOS_DEPLOYMENT_TARGET = 10.1;
				MTL_ENABLE_DEBUG_INFO = YES;
				ONLY_ACTIVE_ARCH = YES;
				SDKROOT = iphoneos;
				TARGETED_DEVICE_FAMILY = "1,2";
			};
			name = Test;
		};
		C26E0D811FEBC1F600CE1A7D /* Test */ = {
			isa = XCBuildConfiguration;
			baseConfigurationReference = 0CA9EAB0D58C4296471EFF44 /* Pods-LoveQi.test.xcconfig */;
			buildSettings = {
				ASSETCATALOG_COMPILER_APPICON_NAME = AppIcon;
				ASSETCATALOG_COMPILER_LAUNCHIMAGE_NAME = LaunchImage;
				"CODE_SIGN_IDENTITY[sdk=iphoneos*]" = "iPhone Developer";
				CODE_SIGN_STYLE = Automatic;
				DEVELOPMENT_TEAM = W3S42S92Y7;
				ENABLE_BITCODE = NO;
				GCC_PREFIX_HEADER = "$(SRCROOT)/$(PROJECT_NAME)/PrefixHeader.pch";
				INFOPLIST_FILE = LoveQi/Info.plist;
				IPHONEOS_DEPLOYMENT_TARGET = 10.0;
				LD_RUNPATH_SEARCH_PATHS = "$(inherited) @executable_path/Frameworks";
				LIBRARY_SEARCH_PATHS = (
					"$(inherited)",
					"$(PROJECT_DIR)/build/Debug-iphoneos",
				);
				PRODUCT_BUNDLE_IDENTIFIER = com.MRJ.LoveQi;
				PRODUCT_NAME = "$(TARGET_NAME)";
				PROVISIONING_PROFILE_SPECIFIER = "";
			};
			name = Test;
		};
		C26E0D821FEBC1F600CE1A7D /* Test */ = {
			isa = XCBuildConfiguration;
			buildSettings = {
				CLANG_WARN_SUSPICIOUS_MOVE = YES;
				CODE_SIGN_IDENTITY = "iPhone Developer: 1520312758@qq.com (F5R49RUD6T)";
				"CODE_SIGN_IDENTITY[sdk=iphoneos*]" = "iPhone Developer";
				CODE_SIGN_STYLE = Automatic;
				DEVELOPMENT_TEAM = W3S42S92Y7;
				INFOPLIST_FILE = LoveQiWidget/Info.plist;
				IPHONEOS_DEPLOYMENT_TARGET = 9.1;
				LD_RUNPATH_SEARCH_PATHS = "$(inherited) @executable_path/Frameworks @executable_path/../../Frameworks";
				ONLY_ACTIVE_ARCH = NO;
				PRODUCT_BUNDLE_IDENTIFIER = com.MRJ.LoveQi.LoveQiWidget;
				PRODUCT_NAME = "$(TARGET_NAME)";
				PROVISIONING_PROFILE_SPECIFIER = "";
				SKIP_INSTALL = YES;
				VALID_ARCHS = "arm64 armv7 armv7s armv8";
			};
			name = Test;
		};
		C26E0D831FEBC20F00CE1A7D /* Dev */ = {
			isa = XCBuildConfiguration;
			buildSettings = {
				ALWAYS_SEARCH_USER_PATHS = NO;
				CLANG_ANALYZER_NONNULL = YES;
				CLANG_CXX_LANGUAGE_STANDARD = "gnu++0x";
				CLANG_CXX_LIBRARY = "libc++";
				CLANG_ENABLE_MODULES = YES;
				CLANG_ENABLE_OBJC_ARC = YES;
				CLANG_WARN_BOOL_CONVERSION = YES;
				CLANG_WARN_CONSTANT_CONVERSION = YES;
				CLANG_WARN_DIRECT_OBJC_ISA_USAGE = YES_ERROR;
				CLANG_WARN_DOCUMENTATION_COMMENTS = YES;
				CLANG_WARN_EMPTY_BODY = YES;
				CLANG_WARN_ENUM_CONVERSION = YES;
				CLANG_WARN_INFINITE_RECURSION = YES;
				CLANG_WARN_INT_CONVERSION = YES;
				CLANG_WARN_OBJC_ROOT_CLASS = YES_ERROR;
				CLANG_WARN_SUSPICIOUS_MOVES = YES;
				CLANG_WARN_UNREACHABLE_CODE = YES;
				CLANG_WARN__DUPLICATE_METHOD_MATCH = YES;
				"CODE_SIGN_IDENTITY[sdk=iphoneos*]" = "iPhone Developer";
				COPY_PHASE_STRIP = NO;
				DEBUG_INFORMATION_FORMAT = dwarf;
				ENABLE_NS_ASSERTIONS = NO;
				ENABLE_STRICT_OBJC_MSGSEND = YES;
				ENABLE_TESTABILITY = YES;
				GCC_C_LANGUAGE_STANDARD = gnu99;
				GCC_DYNAMIC_NO_PIC = NO;
				GCC_NO_COMMON_BLOCKS = YES;
				GCC_OPTIMIZATION_LEVEL = 0;
				GCC_PREPROCESSOR_DEFINITIONS = (
					"$(inherited)",
					Dev,
				);
				GCC_WARN_64_TO_32_BIT_CONVERSION = YES;
				GCC_WARN_ABOUT_RETURN_TYPE = YES_ERROR;
				GCC_WARN_UNDECLARED_SELECTOR = YES;
				GCC_WARN_UNINITIALIZED_AUTOS = YES_AGGRESSIVE;
				GCC_WARN_UNUSED_FUNCTION = YES;
				GCC_WARN_UNUSED_VARIABLE = YES;
				IPHONEOS_DEPLOYMENT_TARGET = 10.1;
				MTL_ENABLE_DEBUG_INFO = YES;
				ONLY_ACTIVE_ARCH = YES;
				SDKROOT = iphoneos;
				TARGETED_DEVICE_FAMILY = "1,2";
			};
			name = Dev;
		};
		C26E0D841FEBC20F00CE1A7D /* Dev */ = {
			isa = XCBuildConfiguration;
			baseConfigurationReference = 7B046D9007E92605EB7383E6 /* Pods-LoveQi.dev.xcconfig */;
			buildSettings = {
				ASSETCATALOG_COMPILER_APPICON_NAME = AppIcon;
				ASSETCATALOG_COMPILER_LAUNCHIMAGE_NAME = LaunchImage;
				"CODE_SIGN_IDENTITY[sdk=iphoneos*]" = "iPhone Developer";
				CODE_SIGN_STYLE = Automatic;
				DEVELOPMENT_TEAM = W3S42S92Y7;
				ENABLE_BITCODE = NO;
				GCC_PREFIX_HEADER = "$(SRCROOT)/$(PROJECT_NAME)/PrefixHeader.pch";
				INFOPLIST_FILE = LoveQi/Info.plist;
				IPHONEOS_DEPLOYMENT_TARGET = 10.0;
				LD_RUNPATH_SEARCH_PATHS = "$(inherited) @executable_path/Frameworks";
				LIBRARY_SEARCH_PATHS = (
					"$(inherited)",
					"$(PROJECT_DIR)/build/Debug-iphoneos",
				);
				PRODUCT_BUNDLE_IDENTIFIER = com.MRJ.LoveQi;
				PRODUCT_NAME = "$(TARGET_NAME)";
				PROVISIONING_PROFILE_SPECIFIER = "";
			};
			name = Dev;
		};
		C26E0D851FEBC20F00CE1A7D /* Dev */ = {
			isa = XCBuildConfiguration;
			buildSettings = {
				CLANG_WARN_SUSPICIOUS_MOVE = YES;
				CODE_SIGN_IDENTITY = "iPhone Developer: 1520312758@qq.com (F5R49RUD6T)";
				"CODE_SIGN_IDENTITY[sdk=iphoneos*]" = "iPhone Developer";
				CODE_SIGN_STYLE = Automatic;
				DEVELOPMENT_TEAM = W3S42S92Y7;
				INFOPLIST_FILE = LoveQiWidget/Info.plist;
				IPHONEOS_DEPLOYMENT_TARGET = 9.1;
				LD_RUNPATH_SEARCH_PATHS = "$(inherited) @executable_path/Frameworks @executable_path/../../Frameworks";
				ONLY_ACTIVE_ARCH = NO;
				PRODUCT_BUNDLE_IDENTIFIER = com.MRJ.LoveQi.LoveQiWidget;
				PRODUCT_NAME = "$(TARGET_NAME)";
				PROVISIONING_PROFILE_SPECIFIER = "";
				SKIP_INSTALL = YES;
				VALID_ARCHS = "arm64 armv7 armv7s armv8";
			};
			name = Dev;
		};
		C2CE1C221E2E2347003AE6D3 /* Debug */ = {
			isa = XCBuildConfiguration;
			buildSettings = {
				ALWAYS_SEARCH_USER_PATHS = NO;
				CLANG_ANALYZER_NONNULL = YES;
				CLANG_CXX_LANGUAGE_STANDARD = "gnu++0x";
				CLANG_CXX_LIBRARY = "libc++";
				CLANG_ENABLE_MODULES = YES;
				CLANG_ENABLE_OBJC_ARC = YES;
				CLANG_WARN_BOOL_CONVERSION = YES;
				CLANG_WARN_CONSTANT_CONVERSION = YES;
				CLANG_WARN_DIRECT_OBJC_ISA_USAGE = YES_ERROR;
				CLANG_WARN_DOCUMENTATION_COMMENTS = YES;
				CLANG_WARN_EMPTY_BODY = YES;
				CLANG_WARN_ENUM_CONVERSION = YES;
				CLANG_WARN_INFINITE_RECURSION = YES;
				CLANG_WARN_INT_CONVERSION = YES;
				CLANG_WARN_OBJC_ROOT_CLASS = YES_ERROR;
				CLANG_WARN_SUSPICIOUS_MOVES = YES;
				CLANG_WARN_UNREACHABLE_CODE = YES;
				CLANG_WARN__DUPLICATE_METHOD_MATCH = YES;
				"CODE_SIGN_IDENTITY[sdk=iphoneos*]" = "iPhone Developer";
				COPY_PHASE_STRIP = NO;
				DEBUG_INFORMATION_FORMAT = dwarf;
				ENABLE_STRICT_OBJC_MSGSEND = YES;
				ENABLE_TESTABILITY = YES;
				GCC_C_LANGUAGE_STANDARD = gnu99;
				GCC_DYNAMIC_NO_PIC = NO;
				GCC_NO_COMMON_BLOCKS = YES;
				GCC_OPTIMIZATION_LEVEL = 0;
				GCC_PREPROCESSOR_DEFINITIONS = (
					"DEBUG=1",
					"$(inherited)",
				);
				GCC_WARN_64_TO_32_BIT_CONVERSION = YES;
				GCC_WARN_ABOUT_RETURN_TYPE = YES_ERROR;
				GCC_WARN_UNDECLARED_SELECTOR = YES;
				GCC_WARN_UNINITIALIZED_AUTOS = YES_AGGRESSIVE;
				GCC_WARN_UNUSED_FUNCTION = YES;
				GCC_WARN_UNUSED_VARIABLE = YES;
				IPHONEOS_DEPLOYMENT_TARGET = 10.1;
				MTL_ENABLE_DEBUG_INFO = YES;
				ONLY_ACTIVE_ARCH = YES;
				SDKROOT = iphoneos;
				TARGETED_DEVICE_FAMILY = "1,2";
			};
			name = Debug;
		};
		C2CE1C231E2E2347003AE6D3 /* Release */ = {
			isa = XCBuildConfiguration;
			buildSettings = {
				ALWAYS_SEARCH_USER_PATHS = NO;
				CLANG_ANALYZER_NONNULL = YES;
				CLANG_CXX_LANGUAGE_STANDARD = "gnu++0x";
				CLANG_CXX_LIBRARY = "libc++";
				CLANG_ENABLE_MODULES = YES;
				CLANG_ENABLE_OBJC_ARC = YES;
				CLANG_WARN_BOOL_CONVERSION = YES;
				CLANG_WARN_CONSTANT_CONVERSION = YES;
				CLANG_WARN_DIRECT_OBJC_ISA_USAGE = YES_ERROR;
				CLANG_WARN_DOCUMENTATION_COMMENTS = YES;
				CLANG_WARN_EMPTY_BODY = YES;
				CLANG_WARN_ENUM_CONVERSION = YES;
				CLANG_WARN_INFINITE_RECURSION = YES;
				CLANG_WARN_INT_CONVERSION = YES;
				CLANG_WARN_OBJC_ROOT_CLASS = YES_ERROR;
				CLANG_WARN_SUSPICIOUS_MOVES = YES;
				CLANG_WARN_UNREACHABLE_CODE = YES;
				CLANG_WARN__DUPLICATE_METHOD_MATCH = YES;
				"CODE_SIGN_IDENTITY[sdk=iphoneos*]" = "iPhone Developer";
				COPY_PHASE_STRIP = NO;
				DEBUG_INFORMATION_FORMAT = "dwarf-with-dsym";
				ENABLE_NS_ASSERTIONS = NO;
				ENABLE_STRICT_OBJC_MSGSEND = YES;
				GCC_C_LANGUAGE_STANDARD = gnu99;
				GCC_NO_COMMON_BLOCKS = YES;
				GCC_WARN_64_TO_32_BIT_CONVERSION = YES;
				GCC_WARN_ABOUT_RETURN_TYPE = YES_ERROR;
				GCC_WARN_UNDECLARED_SELECTOR = YES;
				GCC_WARN_UNINITIALIZED_AUTOS = YES_AGGRESSIVE;
				GCC_WARN_UNUSED_FUNCTION = YES;
				GCC_WARN_UNUSED_VARIABLE = YES;
				IPHONEOS_DEPLOYMENT_TARGET = 10.1;
				MTL_ENABLE_DEBUG_INFO = NO;
				SDKROOT = iphoneos;
				TARGETED_DEVICE_FAMILY = "1,2";
				VALIDATE_PRODUCT = YES;
			};
			name = Release;
		};
		C2CE1C251E2E2347003AE6D3 /* Debug */ = {
			isa = XCBuildConfiguration;
			baseConfigurationReference = 4D08DA4073AEB9E969B717BA /* Pods-LoveQi.debug.xcconfig */;
			buildSettings = {
				ASSETCATALOG_COMPILER_APPICON_NAME = AppIcon;
				ASSETCATALOG_COMPILER_LAUNCHIMAGE_NAME = LaunchImage;
				"CODE_SIGN_IDENTITY[sdk=iphoneos*]" = "iPhone Developer";
				CODE_SIGN_STYLE = Automatic;
				DEVELOPMENT_TEAM = W3S42S92Y7;
				ENABLE_BITCODE = NO;
				GCC_PREFIX_HEADER = "$(SRCROOT)/$(PROJECT_NAME)/PrefixHeader.pch";
				INFOPLIST_FILE = LoveQi/Info.plist;
				IPHONEOS_DEPLOYMENT_TARGET = 10.0;
				LD_RUNPATH_SEARCH_PATHS = "$(inherited) @executable_path/Frameworks";
				LIBRARY_SEARCH_PATHS = (
					"$(inherited)",
					"$(PROJECT_DIR)/build/Debug-iphoneos",
				);
				PRODUCT_BUNDLE_IDENTIFIER = com.MRJ.LoveQi;
				PRODUCT_NAME = "$(TARGET_NAME)";
				PROVISIONING_PROFILE_SPECIFIER = "";
			};
			name = Debug;
		};
		C2CE1C261E2E2347003AE6D3 /* Release */ = {
			isa = XCBuildConfiguration;
			baseConfigurationReference = C41EE10A5322E24B0FEACDD6 /* Pods-LoveQi.release.xcconfig */;
			buildSettings = {
				ASSETCATALOG_COMPILER_APPICON_NAME = AppIcon;
				ASSETCATALOG_COMPILER_LAUNCHIMAGE_NAME = LaunchImage;
				"CODE_SIGN_IDENTITY[sdk=iphoneos*]" = "iPhone Developer";
				CODE_SIGN_STYLE = Automatic;
				DEVELOPMENT_TEAM = W3S42S92Y7;
				ENABLE_BITCODE = NO;
				GCC_PREFIX_HEADER = "$(SRCROOT)/$(PROJECT_NAME)/PrefixHeader.pch";
				INFOPLIST_FILE = LoveQi/Info.plist;
				IPHONEOS_DEPLOYMENT_TARGET = 10.0;
				LD_RUNPATH_SEARCH_PATHS = "$(inherited) @executable_path/Frameworks";
				LIBRARY_SEARCH_PATHS = (
					"$(inherited)",
					"$(PROJECT_DIR)/build/Debug-iphoneos",
				);
				PRODUCT_BUNDLE_IDENTIFIER = com.MRJ.LoveQi;
				PRODUCT_NAME = "$(TARGET_NAME)";
				PROVISIONING_PROFILE_SPECIFIER = "";
			};
			name = Release;
		};
/* End XCBuildConfiguration section */

/* Begin XCConfigurationList section */
		0A963A1A1E42398800B4F626 /* Build configuration list for PBXNativeTarget "LoveQiWidget" */ = {
			isa = XCConfigurationList;
			buildConfigurations = (
				0A963A181E42398800B4F626 /* Debug */,
				C26E0D851FEBC20F00CE1A7D /* Dev */,
				C26E0D821FEBC1F600CE1A7D /* Test */,
				0A963A191E42398800B4F626 /* Release */,
			);
			defaultConfigurationIsVisible = 0;
			defaultConfigurationName = Release;
		};
		C2CE1BF21E2E2347003AE6D3 /* Build configuration list for PBXProject "LoveQi" */ = {
			isa = XCConfigurationList;
			buildConfigurations = (
				C2CE1C221E2E2347003AE6D3 /* Debug */,
				C26E0D831FEBC20F00CE1A7D /* Dev */,
				C26E0D801FEBC1F600CE1A7D /* Test */,
				C2CE1C231E2E2347003AE6D3 /* Release */,
			);
			defaultConfigurationIsVisible = 0;
			defaultConfigurationName = Release;
		};
		C2CE1C241E2E2347003AE6D3 /* Build configuration list for PBXNativeTarget "LoveQi" */ = {
			isa = XCConfigurationList;
			buildConfigurations = (
				C2CE1C251E2E2347003AE6D3 /* Debug */,
				C26E0D841FEBC20F00CE1A7D /* Dev */,
				C26E0D811FEBC1F600CE1A7D /* Test */,
				C2CE1C261E2E2347003AE6D3 /* Release */,
			);
			defaultConfigurationIsVisible = 0;
			defaultConfigurationName = Release;
		};
/* End XCConfigurationList section */
	};
	rootObject = C2CE1BEF1E2E2347003AE6D3 /* Project object */;
}
