// !$*UTF8*$!
{
	archiveVersion = 1;
	classes = {
	};
	objectVersion = 46;
	objects = {

/* Begin PBXBuildFile section */
		0A7AFF5A1E41DB8C0071B29B /* ico in Resources */ = {isa = PBXBuildFile; fileRef = 0A7AFF591E41DB8C0071B29B /* ico */; };
		0A963A0C1E42398800B4F626 /* NotificationCenter.framework in Frameworks */ = {isa = PBXBuildFile; fileRef = 0A963A0B1E42398800B4F626 /* NotificationCenter.framework */; };
		0A963A101E42398800B4F626 /* TodayViewController.m in Sources */ = {isa = PBXBuildFile; fileRef = 0A963A0F1E42398800B4F626 /* TodayViewController.m */; };
		0A963A171E42398800B4F626 /* LoveQiWidget.appex in Embed App Extensions */ = {isa = PBXBuildFile; fileRef = 0A963A0A1E42398800B4F626 /* LoveQiWidget.appex */; settings = {ATTRIBUTES = (RemoveHeadersOnCopy, ); }; };
		0ACF68961E3DD70700BEA229 /* AddEventView.m in Sources */ = {isa = PBXBuildFile; fileRef = 0ACF68951E3DD70700BEA229 /* AddEventView.m */; };
		0ACF689A1E3DDDCB00BEA229 /* AddEvevtVC.m in Sources */ = {isa = PBXBuildFile; fileRef = 0ACF68991E3DDDCB00BEA229 /* AddEvevtVC.m */; };
		0ACF689F1E3F166100BEA229 /* LaunchImageView.m in Sources */ = {isa = PBXBuildFile; fileRef = 0ACF689E1E3F166100BEA229 /* LaunchImageView.m */; };
		0ACF68A11E3F252700BEA229 /* 001.JPG in Resources */ = {isa = PBXBuildFile; fileRef = 0ACF68A01E3F252700BEA229 /* 001.JPG */; };
		0ACF68A61E3F7E7000BEA229 /* biaoqing in Resources */ = {isa = PBXBuildFile; fileRef = 0ACF68A51E3F7E7000BEA229 /* biaoqing */; };
		0ACF68A91E40C76800BEA229 /* DateModel.m in Sources */ = {isa = PBXBuildFile; fileRef = 0ACF68A81E40C76800BEA229 /* DateModel.m */; };
		51797A3810964178EDCD4186 /* libPods-LoveQi.a in Frameworks */ = {isa = PBXBuildFile; fileRef = 5F73172D3C7F27BD14CD5B03 /* libPods-LoveQi.a */; };
		96D78EE764673C3FB2EA232C /* libPods-LoveQi.a in Frameworks */ = {isa = PBXBuildFile; fileRef = 5F73172D3C7F27BD14CD5B03 /* libPods-LoveQi.a */; };
		C2CE1BFC1E2E2347003AE6D3 /* main.m in Sources */ = {isa = PBXBuildFile; fileRef = C2CE1BFB1E2E2347003AE6D3 /* main.m */; };
		C2CE1BFF1E2E2347003AE6D3 /* AppDelegate.m in Sources */ = {isa = PBXBuildFile; fileRef = C2CE1BFE1E2E2347003AE6D3 /* AppDelegate.m */; };
		C2CE1C071E2E2347003AE6D3 /* Assets.xcassets in Resources */ = {isa = PBXBuildFile; fileRef = C2CE1C061E2E2347003AE6D3 /* Assets.xcassets */; };
		C2CE1C151E2E2347003AE6D3 /* LoveQiTests.m in Sources */ = {isa = PBXBuildFile; fileRef = C2CE1C141E2E2347003AE6D3 /* LoveQiTests.m */; };
		C2CE1C201E2E2347003AE6D3 /* LoveQiUITests.m in Sources */ = {isa = PBXBuildFile; fileRef = C2CE1C1F1E2E2347003AE6D3 /* LoveQiUITests.m */; };
		C2CE1C2F1E2E23B9003AE6D3 /* RootViewController.m in Sources */ = {isa = PBXBuildFile; fileRef = C2CE1C2E1E2E23B9003AE6D3 /* RootViewController.m */; };
/* End PBXBuildFile section */

/* Begin PBXContainerItemProxy section */
		0A963A151E42398800B4F626 /* PBXContainerItemProxy */ = {
			isa = PBXContainerItemProxy;
			containerPortal = C2CE1BEF1E2E2347003AE6D3 /* Project object */;
			proxyType = 1;
			remoteGlobalIDString = 0A963A091E42398800B4F626;
			remoteInfo = LoveQiWidget;
		};
		C2CE1C111E2E2347003AE6D3 /* PBXContainerItemProxy */ = {
			isa = PBXContainerItemProxy;
			containerPortal = C2CE1BEF1E2E2347003AE6D3 /* Project object */;
			proxyType = 1;
			remoteGlobalIDString = C2CE1BF61E2E2347003AE6D3;
			remoteInfo = LoveQi;
		};
		C2CE1C1C1E2E2347003AE6D3 /* PBXContainerItemProxy */ = {
			isa = PBXContainerItemProxy;
			containerPortal = C2CE1BEF1E2E2347003AE6D3 /* Project object */;
			proxyType = 1;
			remoteGlobalIDString = C2CE1BF61E2E2347003AE6D3;
			remoteInfo = LoveQi;
		};
/* End PBXContainerItemProxy section */

/* Begin PBXCopyFilesBuildPhase section */
		0A963A1B1E42398800B4F626 /* Embed App Extensions */ = {
			isa = PBXCopyFilesBuildPhase;
			buildActionMask = 2147483647;
			dstPath = "";
			dstSubfolderSpec = 13;
			files = (
				0A963A171E42398800B4F626 /* LoveQiWidget.appex in Embed App Extensions */,
			);
			name = "Embed App Extensions";
			runOnlyForDeploymentPostprocessing = 0;
		};
/* End PBXCopyFilesBuildPhase section */

/* Begin PBXFileReference section */
		0A7AFF591E41DB8C0071B29B /* ico */ = {isa = PBXFileReference; lastKnownFileType = folder; path = ico; sourceTree = "<group>"; };
		0A87B9711E3CB11D00C3CD15 /* Header.h */ = {isa = PBXFileReference; lastKnownFileType = sourcecode.c.h; path = Header.h; sourceTree = "<group>"; };
		0A963A0A1E42398800B4F626 /* LoveQiWidget.appex */ = {isa = PBXFileReference; explicitFileType = "wrapper.app-extension"; includeInIndex = 0; path = LoveQiWidget.appex; sourceTree = BUILT_PRODUCTS_DIR; };
		0A963A0B1E42398800B4F626 /* NotificationCenter.framework */ = {isa = PBXFileReference; lastKnownFileType = wrapper.framework; name = NotificationCenter.framework; path = System/Library/Frameworks/NotificationCenter.framework; sourceTree = SDKROOT; };
		0A963A0E1E42398800B4F626 /* TodayViewController.h */ = {isa = PBXFileReference; lastKnownFileType = sourcecode.c.h; path = TodayViewController.h; sourceTree = "<group>"; };
		0A963A0F1E42398800B4F626 /* TodayViewController.m */ = {isa = PBXFileReference; lastKnownFileType = sourcecode.c.objc; path = TodayViewController.m; sourceTree = "<group>"; };
		0A963A141E42398800B4F626 /* Info.plist */ = {isa = PBXFileReference; lastKnownFileType = text.plist.xml; path = Info.plist; sourceTree = "<group>"; };
		0A963A1C1E42465000B4F626 /* libPods-LoveQiWidget.a */ = {isa = PBXFileReference; lastKnownFileType = archive.ar; name = "libPods-LoveQiWidget.a"; path = "Pods/../build/Debug-iphoneos/libPods-LoveQiWidget.a"; sourceTree = "<group>"; };
		0A963A1F1E4246CF00B4F626 /* libPods-LoveQiWidget.a */ = {isa = PBXFileReference; lastKnownFileType = archive.ar; name = "libPods-LoveQiWidget.a"; path = "Pods/../build/Debug-iphoneos/libPods-LoveQiWidget.a"; sourceTree = "<group>"; };
		0ACF68941E3DD70700BEA229 /* AddEventView.h */ = {isa = PBXFileReference; fileEncoding = 4; lastKnownFileType = sourcecode.c.h; path = AddEventView.h; sourceTree = "<group>"; };
		0ACF68951E3DD70700BEA229 /* AddEventView.m */ = {isa = PBXFileReference; fileEncoding = 4; lastKnownFileType = sourcecode.c.objc; path = AddEventView.m; sourceTree = "<group>"; };
		0ACF68971E3DDAA800BEA229 /* PrefixHeader.pch */ = {isa = PBXFileReference; lastKnownFileType = sourcecode.c.h; path = PrefixHeader.pch; sourceTree = "<group>"; };
		0ACF68981E3DDDCB00BEA229 /* AddEvevtVC.h */ = {isa = PBXFileReference; fileEncoding = 4; lastKnownFileType = sourcecode.c.h; path = AddEvevtVC.h; sourceTree = "<group>"; };
		0ACF68991E3DDDCB00BEA229 /* AddEvevtVC.m */ = {isa = PBXFileReference; fileEncoding = 4; lastKnownFileType = sourcecode.c.objc; path = AddEvevtVC.m; sourceTree = "<group>"; };
		0ACF689D1E3F166100BEA229 /* LaunchImageView.h */ = {isa = PBXFileReference; fileEncoding = 4; lastKnownFileType = sourcecode.c.h; path = LaunchImageView.h; sourceTree = "<group>"; };
		0ACF689E1E3F166100BEA229 /* LaunchImageView.m */ = {isa = PBXFileReference; fileEncoding = 4; lastKnownFileType = sourcecode.c.objc; path = LaunchImageView.m; sourceTree = "<group>"; };
		0ACF68A01E3F252700BEA229 /* 001.JPG */ = {isa = PBXFileReference; lastKnownFileType = image.jpeg; path = 001.JPG; sourceTree = "<group>"; };
		0ACF68A51E3F7E7000BEA229 /* biaoqing */ = {isa = PBXFileReference; lastKnownFileType = folder; path = biaoqing; sourceTree = "<group>"; };
		0ACF68A71E40C76800BEA229 /* DateModel.h */ = {isa = PBXFileReference; fileEncoding = 4; lastKnownFileType = sourcecode.c.h; path = DateModel.h; sourceTree = "<group>"; };
		0ACF68A81E40C76800BEA229 /* DateModel.m */ = {isa = PBXFileReference; fileEncoding = 4; lastKnownFileType = sourcecode.c.objc; path = DateModel.m; sourceTree = "<group>"; };
		4D08DA4073AEB9E969B717BA /* Pods-LoveQi.debug.xcconfig */ = {isa = PBXFileReference; includeInIndex = 1; lastKnownFileType = text.xcconfig; name = "Pods-LoveQi.debug.xcconfig"; path = "Pods/Target Support Files/Pods-LoveQi/Pods-LoveQi.debug.xcconfig"; sourceTree = "<group>"; };
		5F73172D3C7F27BD14CD5B03 /* libPods-LoveQi.a */ = {isa = PBXFileReference; explicitFileType = archive.ar; includeInIndex = 0; path = "libPods-LoveQi.a"; sourceTree = BUILT_PRODUCTS_DIR; };
		C2CE1BF71E2E2347003AE6D3 /* LoveQi.app */ = {isa = PBXFileReference; explicitFileType = wrapper.application; includeInIndex = 0; path = LoveQi.app; sourceTree = BUILT_PRODUCTS_DIR; };
		C2CE1BFB1E2E2347003AE6D3 /* main.m */ = {isa = PBXFileReference; lastKnownFileType = sourcecode.c.objc; path = main.m; sourceTree = "<group>"; };
		C2CE1BFD1E2E2347003AE6D3 /* AppDelegate.h */ = {isa = PBXFileReference; lastKnownFileType = sourcecode.c.h; path = AppDelegate.h; sourceTree = "<group>"; };
		C2CE1BFE1E2E2347003AE6D3 /* AppDelegate.m */ = {isa = PBXFileReference; lastKnownFileType = sourcecode.c.objc; path = AppDelegate.m; sourceTree = "<group>"; };
		C2CE1C061E2E2347003AE6D3 /* Assets.xcassets */ = {isa = PBXFileReference; lastKnownFileType = folder.assetcatalog; path = Assets.xcassets; sourceTree = "<group>"; };
		C2CE1C0B1E2E2347003AE6D3 /* Info.plist */ = {isa = PBXFileReference; lastKnownFileType = text.plist.xml; path = Info.plist; sourceTree = "<group>"; };
		C2CE1C101E2E2347003AE6D3 /* LoveQiTests.xctest */ = {isa = PBXFileReference; explicitFileType = wrapper.cfbundle; includeInIndex = 0; path = LoveQiTests.xctest; sourceTree = BUILT_PRODUCTS_DIR; };
		C2CE1C141E2E2347003AE6D3 /* LoveQiTests.m */ = {isa = PBXFileReference; lastKnownFileType = sourcecode.c.objc; path = LoveQiTests.m; sourceTree = "<group>"; };
		C2CE1C161E2E2347003AE6D3 /* Info.plist */ = {isa = PBXFileReference; lastKnownFileType = text.plist.xml; path = Info.plist; sourceTree = "<group>"; };
		C2CE1C1B1E2E2347003AE6D3 /* LoveQiUITests.xctest */ = {isa = PBXFileReference; explicitFileType = wrapper.cfbundle; includeInIndex = 0; path = LoveQiUITests.xctest; sourceTree = BUILT_PRODUCTS_DIR; };
		C2CE1C1F1E2E2347003AE6D3 /* LoveQiUITests.m */ = {isa = PBXFileReference; lastKnownFileType = sourcecode.c.objc; path = LoveQiUITests.m; sourceTree = "<group>"; };
		C2CE1C211E2E2347003AE6D3 /* Info.plist */ = {isa = PBXFileReference; lastKnownFileType = text.plist.xml; path = Info.plist; sourceTree = "<group>"; };
		C2CE1C2D1E2E23B9003AE6D3 /* RootViewController.h */ = {isa = PBXFileReference; fileEncoding = 4; lastKnownFileType = sourcecode.c.h; path = RootViewController.h; sourceTree = "<group>"; };
		C2CE1C2E1E2E23B9003AE6D3 /* RootViewController.m */ = {isa = PBXFileReference; fileEncoding = 4; lastKnownFileType = sourcecode.c.objc; path = RootViewController.m; sourceTree = "<group>"; };
		C41EE10A5322E24B0FEACDD6 /* Pods-LoveQi.release.xcconfig */ = {isa = PBXFileReference; includeInIndex = 1; lastKnownFileType = text.xcconfig; name = "Pods-LoveQi.release.xcconfig"; path = "Pods/Target Support Files/Pods-LoveQi/Pods-LoveQi.release.xcconfig"; sourceTree = "<group>"; };
		FCEB03AB92596D867E27E643 /* libPods-LoveQiWidget.a */ = {isa = PBXFileReference; explicitFileType = archive.ar; includeInIndex = 0; path = "libPods-LoveQiWidget.a"; sourceTree = BUILT_PRODUCTS_DIR; };
/* End PBXFileReference section */

/* Begin PBXFrameworksBuildPhase section */
		0A963A071E42398800B4F626 /* Frameworks */ = {
			isa = PBXFrameworksBuildPhase;
			buildActionMask = 2147483647;
			files = (
				0A963A0C1E42398800B4F626 /* NotificationCenter.framework in Frameworks */,
			);
			runOnlyForDeploymentPostprocessing = 0;
		};
		C2CE1BF41E2E2347003AE6D3 /* Frameworks */ = {
			isa = PBXFrameworksBuildPhase;
			buildActionMask = 2147483647;
			files = (
				51797A3810964178EDCD4186 /* libPods-LoveQi.a in Frameworks */,
				96D78EE764673C3FB2EA232C /* libPods-LoveQi.a in Frameworks */,
			);
			runOnlyForDeploymentPostprocessing = 0;
		};
		C2CE1C0D1E2E2347003AE6D3 /* Frameworks */ = {
			isa = PBXFrameworksBuildPhase;
			buildActionMask = 2147483647;
			files = (
			);
			runOnlyForDeploymentPostprocessing = 0;
		};
		C2CE1C181E2E2347003AE6D3 /* Frameworks */ = {
			isa = PBXFrameworksBuildPhase;
			buildActionMask = 2147483647;
			files = (
			);
			runOnlyForDeploymentPostprocessing = 0;
		};
/* End PBXFrameworksBuildPhase section */

/* Begin PBXGroup section */
		09814C739295F6B0A960080C /* Frameworks */ = {
			isa = PBXGroup;
			children = (
				0A963A1F1E4246CF00B4F626 /* libPods-LoveQiWidget.a */,
				0A963A1C1E42465000B4F626 /* libPods-LoveQiWidget.a */,
				5F73172D3C7F27BD14CD5B03 /* libPods-LoveQi.a */,
				0A963A0B1E42398800B4F626 /* NotificationCenter.framework */,
				FCEB03AB92596D867E27E643 /* libPods-LoveQiWidget.a */,
			);
			name = Frameworks;
			sourceTree = "<group>";
		};
		0A963A0D1E42398800B4F626 /* LoveQiWidget */ = {
			isa = PBXGroup;
			children = (
				0A963A0E1E42398800B4F626 /* TodayViewController.h */,
				0A963A0F1E42398800B4F626 /* TodayViewController.m */,
				0A963A141E42398800B4F626 /* Info.plist */,
			);
			path = LoveQiWidget;
			sourceTree = "<group>";
		};
		89DA11229FF76934AD079537 /* Pods */ = {
			isa = PBXGroup;
			children = (
				4D08DA4073AEB9E969B717BA /* Pods-LoveQi.debug.xcconfig */,
				C41EE10A5322E24B0FEACDD6 /* Pods-LoveQi.release.xcconfig */,
			);
			name = Pods;
			sourceTree = "<group>";
		};
		C2CE1BEE1E2E2347003AE6D3 = {
			isa = PBXGroup;
			children = (
				C2CE1BF91E2E2347003AE6D3 /* LoveQi */,
				C2CE1C131E2E2347003AE6D3 /* LoveQiTests */,
				C2CE1C1E1E2E2347003AE6D3 /* LoveQiUITests */,
				0A963A0D1E42398800B4F626 /* LoveQiWidget */,
				C2CE1BF81E2E2347003AE6D3 /* Products */,
				89DA11229FF76934AD079537 /* Pods */,
				09814C739295F6B0A960080C /* Frameworks */,
			);
			sourceTree = "<group>";
		};
		C2CE1BF81E2E2347003AE6D3 /* Products */ = {
			isa = PBXGroup;
			children = (
				C2CE1BF71E2E2347003AE6D3 /* LoveQi.app */,
				C2CE1C101E2E2347003AE6D3 /* LoveQiTests.xctest */,
				C2CE1C1B1E2E2347003AE6D3 /* LoveQiUITests.xctest */,
				0A963A0A1E42398800B4F626 /* LoveQiWidget.appex */,
			);
			name = Products;
			sourceTree = "<group>";
		};
		C2CE1BF91E2E2347003AE6D3 /* LoveQi */ = {
			isa = PBXGroup;
			children = (
				0A7AFF591E41DB8C0071B29B /* ico */,
				0ACF68A51E3F7E7000BEA229 /* biaoqing */,
				0ACF68A01E3F252700BEA229 /* 001.JPG */,
				C2CE1BFD1E2E2347003AE6D3 /* AppDelegate.h */,
				C2CE1BFE1E2E2347003AE6D3 /* AppDelegate.m */,
				C2CE1C2D1E2E23B9003AE6D3 /* RootViewController.h */,
				C2CE1C2E1E2E23B9003AE6D3 /* RootViewController.m */,
				0ACF68941E3DD70700BEA229 /* AddEventView.h */,
				0ACF68951E3DD70700BEA229 /* AddEventView.m */,
				0ACF68981E3DDDCB00BEA229 /* AddEvevtVC.h */,
				0ACF68991E3DDDCB00BEA229 /* AddEvevtVC.m */,
				0A87B9711E3CB11D00C3CD15 /* Header.h */,
				0ACF689D1E3F166100BEA229 /* LaunchImageView.h */,
				0ACF689E1E3F166100BEA229 /* LaunchImageView.m */,
				0ACF68A71E40C76800BEA229 /* DateModel.h */,
				0ACF68A81E40C76800BEA229 /* DateModel.m */,
				0ACF68971E3DDAA800BEA229 /* PrefixHeader.pch */,
				C2CE1C061E2E2347003AE6D3 /* Assets.xcassets */,
				C2CE1C0B1E2E2347003AE6D3 /* Info.plist */,
				C2CE1BFA1E2E2347003AE6D3 /* Supporting Files */,
			);
			path = LoveQi;
			sourceTree = "<group>";
		};
		C2CE1BFA1E2E2347003AE6D3 /* Supporting Files */ = {
			isa = PBXGroup;
			children = (
				C2CE1BFB1E2E2347003AE6D3 /* main.m */,
			);
			name = "Supporting Files";
			sourceTree = "<group>";
		};
		C2CE1C131E2E2347003AE6D3 /* LoveQiTests */ = {
			isa = PBXGroup;
			children = (
				C2CE1C141E2E2347003AE6D3 /* LoveQiTests.m */,
				C2CE1C161E2E2347003AE6D3 /* Info.plist */,
			);
			path = LoveQiTests;
			sourceTree = "<group>";
		};
		C2CE1C1E1E2E2347003AE6D3 /* LoveQiUITests */ = {
			isa = PBXGroup;
			children = (
				C2CE1C1F1E2E2347003AE6D3 /* LoveQiUITests.m */,
				C2CE1C211E2E2347003AE6D3 /* Info.plist */,
			);
			path = LoveQiUITests;
			sourceTree = "<group>";
		};
/* End PBXGroup section */

/* Begin PBXNativeTarget section */
		0A963A091E42398800B4F626 /* LoveQiWidget */ = {
			isa = PBXNativeTarget;
			buildConfigurationList = 0A963A1A1E42398800B4F626 /* Build configuration list for PBXNativeTarget "LoveQiWidget" */;
			buildPhases = (
				0A963A061E42398800B4F626 /* Sources */,
				0A963A071E42398800B4F626 /* Frameworks */,
				0A963A081E42398800B4F626 /* Resources */,
			);
			buildRules = (
			);
			dependencies = (
			);
			name = LoveQiWidget;
			productName = LoveQiWidget;
			productReference = 0A963A0A1E42398800B4F626 /* LoveQiWidget.appex */;
			productType = "com.apple.product-type.app-extension";
		};
		C2CE1BF61E2E2347003AE6D3 /* LoveQi */ = {
			isa = PBXNativeTarget;
			buildConfigurationList = C2CE1C241E2E2347003AE6D3 /* Build configuration list for PBXNativeTarget "LoveQi" */;
			buildPhases = (
				C77BBC458557E2B5D5C3EA8E /* [CP] Check Pods Manifest.lock */,
				C2CE1BF31E2E2347003AE6D3 /* Sources */,
				C2CE1BF41E2E2347003AE6D3 /* Frameworks */,
				C2CE1BF51E2E2347003AE6D3 /* Resources */,
				0110E71C65348CEB9786EADE /* [CP] Embed Pods Frameworks */,
				2DC501E749F40AB2DB357A71 /* [CP] Copy Pods Resources */,
				0A963A1B1E42398800B4F626 /* Embed App Extensions */,
			);
			buildRules = (
			);
			dependencies = (
				0A963A161E42398800B4F626 /* PBXTargetDependency */,
			);
			name = LoveQi;
			productName = LoveQi;
			productReference = C2CE1BF71E2E2347003AE6D3 /* LoveQi.app */;
			productType = "com.apple.product-type.application";
		};
		C2CE1C0F1E2E2347003AE6D3 /* LoveQiTests */ = {
			isa = PBXNativeTarget;
			buildConfigurationList = C2CE1C271E2E2347003AE6D3 /* Build configuration list for PBXNativeTarget "LoveQiTests" */;
			buildPhases = (
				C2CE1C0C1E2E2347003AE6D3 /* Sources */,
				C2CE1C0D1E2E2347003AE6D3 /* Frameworks */,
				C2CE1C0E1E2E2347003AE6D3 /* Resources */,
			);
			buildRules = (
			);
			dependencies = (
				C2CE1C121E2E2347003AE6D3 /* PBXTargetDependency */,
			);
			name = LoveQiTests;
			productName = LoveQiTests;
			productReference = C2CE1C101E2E2347003AE6D3 /* LoveQiTests.xctest */;
			productType = "com.apple.product-type.bundle.unit-test";
		};
		C2CE1C1A1E2E2347003AE6D3 /* LoveQiUITests */ = {
			isa = PBXNativeTarget;
			buildConfigurationList = C2CE1C2A1E2E2347003AE6D3 /* Build configuration list for PBXNativeTarget "LoveQiUITests" */;
			buildPhases = (
				C2CE1C171E2E2347003AE6D3 /* Sources */,
				C2CE1C181E2E2347003AE6D3 /* Frameworks */,
				C2CE1C191E2E2347003AE6D3 /* Resources */,
			);
			buildRules = (
			);
			dependencies = (
				C2CE1C1D1E2E2347003AE6D3 /* PBXTargetDependency */,
			);
			name = LoveQiUITests;
			productName = LoveQiUITests;
			productReference = C2CE1C1B1E2E2347003AE6D3 /* LoveQiUITests.xctest */;
			productType = "com.apple.product-type.bundle.ui-testing";
		};
/* End PBXNativeTarget section */

/* Begin PBXProject section */
		C2CE1BEF1E2E2347003AE6D3 /* Project object */ = {
			isa = PBXProject;
			attributes = {
				LastUpgradeCheck = 0810;
				ORGANIZATIONNAME = "李琦";
				TargetAttributes = {
					0A963A091E42398800B4F626 = {
						CreatedOnToolsVersion = 8.2.1;
						DevelopmentTeam = W3S42S92Y7;
						ProvisioningStyle = Automatic;
					};
					C2CE1BF61E2E2347003AE6D3 = {
						CreatedOnToolsVersion = 8.1;
						DevelopmentTeam = W3S42S92Y7;
						ProvisioningStyle = Automatic;
					};
					C2CE1C0F1E2E2347003AE6D3 = {
						CreatedOnToolsVersion = 8.1;
						ProvisioningStyle = Automatic;
						TestTargetID = C2CE1BF61E2E2347003AE6D3;
					};
					C2CE1C1A1E2E2347003AE6D3 = {
						CreatedOnToolsVersion = 8.1;
						ProvisioningStyle = Automatic;
						TestTargetID = C2CE1BF61E2E2347003AE6D3;
					};
				};
			};
			buildConfigurationList = C2CE1BF21E2E2347003AE6D3 /* Build configuration list for PBXProject "LoveQi" */;
			compatibilityVersion = "Xcode 3.2";
			developmentRegion = English;
			hasScannedForEncodings = 0;
			knownRegions = (
				en,
				Base,
			);
			mainGroup = C2CE1BEE1E2E2347003AE6D3;
			productRefGroup = C2CE1BF81E2E2347003AE6D3 /* Products */;
			projectDirPath = "";
			projectRoot = "";
			targets = (
				C2CE1BF61E2E2347003AE6D3 /* LoveQi */,
				C2CE1C0F1E2E2347003AE6D3 /* LoveQiTests */,
				C2CE1C1A1E2E2347003AE6D3 /* LoveQiUITests */,
				0A963A091E42398800B4F626 /* LoveQiWidget */,
			);
		};
/* End PBXProject section */

/* Begin PBXResourcesBuildPhase section */
		0A963A081E42398800B4F626 /* Resources */ = {
			isa = PBXResourcesBuildPhase;
			buildActionMask = 2147483647;
			files = (
			);
			runOnlyForDeploymentPostprocessing = 0;
		};
		C2CE1BF51E2E2347003AE6D3 /* Resources */ = {
			isa = PBXResourcesBuildPhase;
			buildActionMask = 2147483647;
			files = (
				C2CE1C071E2E2347003AE6D3 /* Assets.xcassets in Resources */,
				0ACF68A61E3F7E7000BEA229 /* biaoqing in Resources */,
				0A7AFF5A1E41DB8C0071B29B /* ico in Resources */,
				0ACF68A11E3F252700BEA229 /* 001.JPG in Resources */,
			);
			runOnlyForDeploymentPostprocessing = 0;
		};
		C2CE1C0E1E2E2347003AE6D3 /* Resources */ = {
			isa = PBXResourcesBuildPhase;
			buildActionMask = 2147483647;
			files = (
			);
			runOnlyForDeploymentPostprocessing = 0;
		};
		C2CE1C191E2E2347003AE6D3 /* Resources */ = {
			isa = PBXResourcesBuildPhase;
			buildActionMask = 2147483647;
			files = (
			);
			runOnlyForDeploymentPostprocessing = 0;
		};
/* End PBXResourcesBuildPhase section */

/* Begin PBXShellScriptBuildPhase section */
		0110E71C65348CEB9786EADE /* [CP] Embed Pods Frameworks */ = {
			isa = PBXShellScriptBuildPhase;
			buildActionMask = 2147483647;
			files = (
			);
			inputPaths = (
			);
			name = "[CP] Embed Pods Frameworks";
			outputPaths = (
			);
			runOnlyForDeploymentPostprocessing = 0;
			shellPath = /bin/sh;
			shellScript = "\"${SRCROOT}/Pods/Target Support Files/Pods-LoveQi/Pods-LoveQi-frameworks.sh\"\n";
			showEnvVarsInLog = 0;
		};
		2DC501E749F40AB2DB357A71 /* [CP] Copy Pods Resources */ = {
			isa = PBXShellScriptBuildPhase;
			buildActionMask = 2147483647;
			files = (
			);
			inputPaths = (
			);
			name = "[CP] Copy Pods Resources";
			outputPaths = (
			);
			runOnlyForDeploymentPostprocessing = 0;
			shellPath = /bin/sh;
			shellScript = "\"${SRCROOT}/Pods/Target Support Files/Pods-LoveQi/Pods-LoveQi-resources.sh\"\n";
			showEnvVarsInLog = 0;
		};
		C77BBC458557E2B5D5C3EA8E /* [CP] Check Pods Manifest.lock */ = {
			isa = PBXShellScriptBuildPhase;
			buildActionMask = 2147483647;
			files = (
			);
			inputPaths = (
			);
			name = "[CP] Check Pods Manifest.lock";
			outputPaths = (
			);
			runOnlyForDeploymentPostprocessing = 0;
			shellPath = /bin/sh;
			shellScript = "diff \"${PODS_ROOT}/../Podfile.lock\" \"${PODS_ROOT}/Manifest.lock\" > /dev/null\nif [ $? != 0 ] ; then\n    # print error to STDERR\n    echo \"error: The sandbox is not in sync with the Podfile.lock. Run 'pod install' or update your CocoaPods installation.\" >&2\n    exit 1\nfi\n";
			showEnvVarsInLog = 0;
		};
/* End PBXShellScriptBuildPhase section */

/* Begin PBXSourcesBuildPhase section */
		0A963A061E42398800B4F626 /* Sources */ = {
			isa = PBXSourcesBuildPhase;
			buildActionMask = 2147483647;
			files = (
				0A963A101E42398800B4F626 /* TodayViewController.m in Sources */,
			);
			runOnlyForDeploymentPostprocessing = 0;
		};
		C2CE1BF31E2E2347003AE6D3 /* Sources */ = {
			isa = PBXSourcesBuildPhase;
			buildActionMask = 2147483647;
			files = (
				0ACF689A1E3DDDCB00BEA229 /* AddEvevtVC.m in Sources */,
				C2CE1BFF1E2E2347003AE6D3 /* AppDelegate.m in Sources */,
				0ACF68A91E40C76800BEA229 /* DateModel.m in Sources */,
				C2CE1BFC1E2E2347003AE6D3 /* main.m in Sources */,
				C2CE1C2F1E2E23B9003AE6D3 /* RootViewController.m in Sources */,
				0ACF68961E3DD70700BEA229 /* AddEventView.m in Sources */,
				0ACF689F1E3F166100BEA229 /* LaunchImageView.m in Sources */,
			);
			runOnlyForDeploymentPostprocessing = 0;
		};
		C2CE1C0C1E2E2347003AE6D3 /* Sources */ = {
			isa = PBXSourcesBuildPhase;
			buildActionMask = 2147483647;
			files = (
				C2CE1C151E2E2347003AE6D3 /* LoveQiTests.m in Sources */,
			);
			runOnlyForDeploymentPostprocessing = 0;
		};
		C2CE1C171E2E2347003AE6D3 /* Sources */ = {
			isa = PBXSourcesBuildPhase;
			buildActionMask = 2147483647;
			files = (
				C2CE1C201E2E2347003AE6D3 /* LoveQiUITests.m in Sources */,
			);
			runOnlyForDeploymentPostprocessing = 0;
		};
/* End PBXSourcesBuildPhase section */

/* Begin PBXTargetDependency section */
		0A963A161E42398800B4F626 /* PBXTargetDependency */ = {
			isa = PBXTargetDependency;
			target = 0A963A091E42398800B4F626 /* LoveQiWidget */;
			targetProxy = 0A963A151E42398800B4F626 /* PBXContainerItemProxy */;
		};
		C2CE1C121E2E2347003AE6D3 /* PBXTargetDependency */ = {
			isa = PBXTargetDependency;
			target = C2CE1BF61E2E2347003AE6D3 /* LoveQi */;
			targetProxy = C2CE1C111E2E2347003AE6D3 /* PBXContainerItemProxy */;
		};
		C2CE1C1D1E2E2347003AE6D3 /* PBXTargetDependency */ = {
			isa = PBXTargetDependency;
			target = C2CE1BF61E2E2347003AE6D3 /* LoveQi */;
			targetProxy = C2CE1C1C1E2E2347003AE6D3 /* PBXContainerItemProxy */;
		};
/* End PBXTargetDependency section */

/* Begin XCBuildConfiguration section */
		0A963A181E42398800B4F626 /* Debug */ = {
			isa = XCBuildConfiguration;
			buildSettings = {
				CLANG_WARN_SUSPICIOUS_MOVE = YES;
				DEVELOPMENT_TEAM = W3S42S92Y7;
				INFOPLIST_FILE = LoveQiWidget/Info.plist;
				IPHONEOS_DEPLOYMENT_TARGET = 9.1;
				LD_RUNPATH_SEARCH_PATHS = "$(inherited) @executable_path/Frameworks @executable_path/../../Frameworks";
				ONLY_ACTIVE_ARCH = NO;
				PRODUCT_BUNDLE_IDENTIFIER = MRJ.LoveQi.LoveQiWidget;
				PRODUCT_NAME = "$(TARGET_NAME)";
				SKIP_INSTALL = YES;
				VALID_ARCHS = "arm64 armv7 armv7s armv8";
			};
			name = Debug;
		};
		0A963A191E42398800B4F626 /* Release */ = {
			isa = XCBuildConfiguration;
			buildSettings = {
				CLANG_WARN_SUSPICIOUS_MOVE = YES;
				DEVELOPMENT_TEAM = W3S42S92Y7;
				INFOPLIST_FILE = LoveQiWidget/Info.plist;
				IPHONEOS_DEPLOYMENT_TARGET = 9.1;
				LD_RUNPATH_SEARCH_PATHS = "$(inherited) @executable_path/Frameworks @executable_path/../../Frameworks";
				ONLY_ACTIVE_ARCH = NO;
				PRODUCT_BUNDLE_IDENTIFIER = MRJ.LoveQi.LoveQiWidget;
				PRODUCT_NAME = "$(TARGET_NAME)";
				SKIP_INSTALL = YES;
				VALID_ARCHS = "arm64 armv7 armv7s armv8";
			};
			name = Release;
		};
		C2CE1C221E2E2347003AE6D3 /* Debug */ = {
			isa = XCBuildConfiguration;
			buildSettings = {
				ALWAYS_SEARCH_USER_PATHS = NO;
				CLANG_ANALYZER_NONNULL = YES;
				CLANG_CXX_LANGUAGE_STANDARD = "gnu++0x";
				CLANG_CXX_LIBRARY = "libc++";
				CLANG_ENABLE_MODULES = YES;
				CLANG_ENABLE_OBJC_ARC = YES;
				CLANG_WARN_BOOL_CONVERSION = YES;
				CLANG_WARN_CONSTANT_CONVERSION = YES;
				CLANG_WARN_DIRECT_OBJC_ISA_USAGE = YES_ERROR;
				CLANG_WARN_DOCUMENTATION_COMMENTS = YES;
				CLANG_WARN_EMPTY_BODY = YES;
				CLANG_WARN_ENUM_CONVERSION = YES;
				CLANG_WARN_INFINITE_RECURSION = YES;
				CLANG_WARN_INT_CONVERSION = YES;
				CLANG_WARN_OBJC_ROOT_CLASS = YES_ERROR;
				CLANG_WARN_SUSPICIOUS_MOVES = YES;
				CLANG_WARN_UNREACHABLE_CODE = YES;
				CLANG_WARN__DUPLICATE_METHOD_MATCH = YES;
				"CODE_SIGN_IDENTITY[sdk=iphoneos*]" = "iPhone Developer";
				COPY_PHASE_STRIP = NO;
				DEBUG_INFORMATION_FORMAT = dwarf;
				ENABLE_STRICT_OBJC_MSGSEND = YES;
				ENABLE_TESTABILITY = YES;
				GCC_C_LANGUAGE_STANDARD = gnu99;
				GCC_DYNAMIC_NO_PIC = NO;
				GCC_NO_COMMON_BLOCKS = YES;
				GCC_OPTIMIZATION_LEVEL = 0;
				GCC_PREPROCESSOR_DEFINITIONS = (
					"DEBUG=1",
					"$(inherited)",
				);
				GCC_WARN_64_TO_32_BIT_CONVERSION = YES;
				GCC_WARN_ABOUT_RETURN_TYPE = YES_ERROR;
				GCC_WARN_UNDECLARED_SELECTOR = YES;
				GCC_WARN_UNINITIALIZED_AUTOS = YES_AGGRESSIVE;
				GCC_WARN_UNUSED_FUNCTION = YES;
				GCC_WARN_UNUSED_VARIABLE = YES;
				IPHONEOS_DEPLOYMENT_TARGET = 10.1;
				MTL_ENABLE_DEBUG_INFO = YES;
				ONLY_ACTIVE_ARCH = YES;
				SDKROOT = iphoneos;
				TARGETED_DEVICE_FAMILY = "1,2";
			};
			name = Debug;
		};
		C2CE1C231E2E2347003AE6D3 /* Release */ = {
			isa = XCBuildConfiguration;
			buildSettings = {
				ALWAYS_SEARCH_USER_PATHS = NO;
				CLANG_ANALYZER_NONNULL = YES;
				CLANG_CXX_LANGUAGE_STANDARD = "gnu++0x";
				CLANG_CXX_LIBRARY = "libc++";
				CLANG_ENABLE_MODULES = YES;
				CLANG_ENABLE_OBJC_ARC = YES;
				CLANG_WARN_BOOL_CONVERSION = YES;
				CLANG_WARN_CONSTANT_CONVERSION = YES;
				CLANG_WARN_DIRECT_OBJC_ISA_USAGE = YES_ERROR;
				CLANG_WARN_DOCUMENTATION_COMMENTS = YES;
				CLANG_WARN_EMPTY_BODY = YES;
				CLANG_WARN_ENUM_CONVERSION = YES;
				CLANG_WARN_INFINITE_RECURSION = YES;
				CLANG_WARN_INT_CONVERSION = YES;
				CLANG_WARN_OBJC_ROOT_CLASS = YES_ERROR;
				CLANG_WARN_SUSPICIOUS_MOVES = YES;
				CLANG_WARN_UNREACHABLE_CODE = YES;
				CLANG_WARN__DUPLICATE_METHOD_MATCH = YES;
				"CODE_SIGN_IDENTITY[sdk=iphoneos*]" = "iPhone Developer";
				COPY_PHASE_STRIP = NO;
				DEBUG_INFORMATION_FORMAT = "dwarf-with-dsym";
				ENABLE_NS_ASSERTIONS = NO;
				ENABLE_STRICT_OBJC_MSGSEND = YES;
				GCC_C_LANGUAGE_STANDARD = gnu99;
				GCC_NO_COMMON_BLOCKS = YES;
				GCC_WARN_64_TO_32_BIT_CONVERSION = YES;
				GCC_WARN_ABOUT_RETURN_TYPE = YES_ERROR;
				GCC_WARN_UNDECLARED_SELECTOR = YES;
				GCC_WARN_UNINITIALIZED_AUTOS = YES_AGGRESSIVE;
				GCC_WARN_UNUSED_FUNCTION = YES;
				GCC_WARN_UNUSED_VARIABLE = YES;
				IPHONEOS_DEPLOYMENT_TARGET = 10.1;
				MTL_ENABLE_DEBUG_INFO = NO;
				SDKROOT = iphoneos;
				TARGETED_DEVICE_FAMILY = "1,2";
				VALIDATE_PRODUCT = YES;
			};
			name = Release;
		};
		C2CE1C251E2E2347003AE6D3 /* Debug */ = {
			isa = XCBuildConfiguration;
			baseConfigurationReference = 4D08DA4073AEB9E969B717BA /* Pods-LoveQi.debug.xcconfig */;
			buildSettings = {
				ASSETCATALOG_COMPILER_APPICON_NAME = AppIcon;
				ASSETCATALOG_COMPILER_LAUNCHIMAGE_NAME = LaunchImage;
				DEVELOPMENT_TEAM = W3S42S92Y7;
				GCC_PREFIX_HEADER = "$(SRCROOT)/$(PROJECT_NAME)/PrefixHeader.pch";
				INFOPLIST_FILE = LoveQi/Info.plist;
				LD_RUNPATH_SEARCH_PATHS = "$(inherited) @executable_path/Frameworks";
				LIBRARY_SEARCH_PATHS = (
					"$(inherited)",
					"$(PROJECT_DIR)/build/Debug-iphoneos",
				);
				PRODUCT_BUNDLE_IDENTIFIER = MRJ.LoveQi;
				PRODUCT_NAME = "$(TARGET_NAME)";
			};
			name = Debug;
		};
		C2CE1C261E2E2347003AE6D3 /* Release */ = {
			isa = XCBuildConfiguration;
			baseConfigurationReference = C41EE10A5322E24B0FEACDD6 /* Pods-LoveQi.release.xcconfig */;
			buildSettings = {
				ASSETCATALOG_COMPILER_APPICON_NAME = AppIcon;
				ASSETCATALOG_COMPILER_LAUNCHIMAGE_NAME = LaunchImage;
				DEVELOPMENT_TEAM = W3S42S92Y7;
				GCC_PREFIX_HEADER = "$(SRCROOT)/$(PROJECT_NAME)/PrefixHeader.pch";
				INFOPLIST_FILE = LoveQi/Info.plist;
				LD_RUNPATH_SEARCH_PATHS = "$(inherited) @executable_path/Frameworks";
				LIBRARY_SEARCH_PATHS = (
					"$(inherited)",
					"$(PROJECT_DIR)/build/Debug-iphoneos",
				);
				PRODUCT_BUNDLE_IDENTIFIER = MRJ.LoveQi;
				PRODUCT_NAME = "$(TARGET_NAME)";
			};
			name = Release;
		};
		C2CE1C281E2E2347003AE6D3 /* Debug */ = {
			isa = XCBuildConfiguration;
			buildSettings = {
				BUNDLE_LOADER = "$(TEST_HOST)";
				INFOPLIST_FILE = LoveQiTests/Info.plist;
				LD_RUNPATH_SEARCH_PATHS = "$(inherited) @executable_path/Frameworks @loader_path/Frameworks";
				PRODUCT_BUNDLE_IDENTIFIER = MRJ.LoveQiTests;
				PRODUCT_NAME = "$(TARGET_NAME)";
				TEST_HOST = "$(BUILT_PRODUCTS_DIR)/LoveQi.app/LoveQi";
			};
			name = Debug;
		};
		C2CE1C291E2E2347003AE6D3 /* Release */ = {
			isa = XCBuildConfiguration;
			buildSettings = {
				BUNDLE_LOADER = "$(TEST_HOST)";
				INFOPLIST_FILE = LoveQiTests/Info.plist;
				LD_RUNPATH_SEARCH_PATHS = "$(inherited) @executable_path/Frameworks @loader_path/Frameworks";
				PRODUCT_BUNDLE_IDENTIFIER = MRJ.LoveQiTests;
				PRODUCT_NAME = "$(TARGET_NAME)";
				TEST_HOST = "$(BUILT_PRODUCTS_DIR)/LoveQi.app/LoveQi";
			};
			name = Release;
		};
		C2CE1C2B1E2E2347003AE6D3 /* Debug */ = {
			isa = XCBuildConfiguration;
			buildSettings = {
				INFOPLIST_FILE = LoveQiUITests/Info.plist;
				LD_RUNPATH_SEARCH_PATHS = "$(inherited) @executable_path/Frameworks @loader_path/Frameworks";
				PRODUCT_BUNDLE_IDENTIFIER = MRJ.LoveQiUITests;
				PRODUCT_NAME = "$(TARGET_NAME)";
				TEST_TARGET_NAME = LoveQi;
			};
			name = Debug;
		};
		C2CE1C2C1E2E2347003AE6D3 /* Release */ = {
			isa = XCBuildConfiguration;
			buildSettings = {
				INFOPLIST_FILE = LoveQiUITests/Info.plist;
				LD_RUNPATH_SEARCH_PATHS = "$(inherited) @executable_path/Frameworks @loader_path/Frameworks";
				PRODUCT_BUNDLE_IDENTIFIER = MRJ.LoveQiUITests;
				PRODUCT_NAME = "$(TARGET_NAME)";
				TEST_TARGET_NAME = LoveQi;
			};
			name = Release;
		};
/* End XCBuildConfiguration section */

/* Begin XCConfigurationList section */
		0A963A1A1E42398800B4F626 /* Build configuration list for PBXNativeTarget "LoveQiWidget" */ = {
			isa = XCConfigurationList;
			buildConfigurations = (
				0A963A181E42398800B4F626 /* Debug */,
				0A963A191E42398800B4F626 /* Release */,
			);
			defaultConfigurationIsVisible = 0;
			defaultConfigurationName = Release;
		};
		C2CE1BF21E2E2347003AE6D3 /* Build configuration list for PBXProject "LoveQi" */ = {
			isa = XCConfigurationList;
			buildConfigurations = (
				C2CE1C221E2E2347003AE6D3 /* Debug */,
				C2CE1C231E2E2347003AE6D3 /* Release */,
			);
			defaultConfigurationIsVisible = 0;
			defaultConfigurationName = Release;
		};
		C2CE1C241E2E2347003AE6D3 /* Build configuration list for PBXNativeTarget "LoveQi" */ = {
			isa = XCConfigurationList;
			buildConfigurations = (
				C2CE1C251E2E2347003AE6D3 /* Debug */,
				C2CE1C261E2E2347003AE6D3 /* Release */,
			);
			defaultConfigurationIsVisible = 0;
			defaultConfigurationName = Release;
		};
		C2CE1C271E2E2347003AE6D3 /* Build configuration list for PBXNativeTarget "LoveQiTests" */ = {
			isa = XCConfigurationList;
			buildConfigurations = (
				C2CE1C281E2E2347003AE6D3 /* Debug */,
				C2CE1C291E2E2347003AE6D3 /* Release */,
			);
			defaultConfigurationIsVisible = 0;
			defaultConfigurationName = Release;
		};
		C2CE1C2A1E2E2347003AE6D3 /* Build configuration list for PBXNativeTarget "LoveQiUITests" */ = {
			isa = XCConfigurationList;
			buildConfigurations = (
				C2CE1C2B1E2E2347003AE6D3 /* Debug */,
				C2CE1C2C1E2E2347003AE6D3 /* Release */,
			);
			defaultConfigurationIsVisible = 0;
			defaultConfigurationName = Release;
		};
/* End XCConfigurationList section */
	};
	rootObject = C2CE1BEF1E2E2347003AE6D3 /* Project object */;
}
