// !$*UTF8*$!
{
	archiveVersion = 1;
	classes = {
	};
	objectVersion = 46;
	objects = {

/* Begin PBXBuildFile section */
		0A7AFF5A1E41DB8C0071B29B /* ico in Resources */ = {isa = PBXBuildFile; fileRef = 0A7AFF591E41DB8C0071B29B /* ico */; };
		0A963A0C1E42398800B4F626 /* NotificationCenter.framework in Frameworks */ = {isa = PBXBuildFile; fileRef = 0A963A0B1E42398800B4F626 /* NotificationCenter.framework */; };
		0A963A101E42398800B4F626 /* TodayViewController.m in Sources */ = {isa = PBXBuildFile; fileRef = 0A963A0F1E42398800B4F626 /* TodayViewController.m */; };
		0A963A171E42398800B4F626 /* LoveQiWidget.appex in Embed App Extensions */ = {isa = PBXBuildFile; fileRef = 0A963A0A1E42398800B4F626 /* LoveQiWidget.appex */; settings = {ATTRIBUTES = (RemoveHeadersOnCopy, ); }; };
		0ACF68A11E3F252700BEA229 /* 001.JPG in Resources */ = {isa = PBXBuildFile; fileRef = 0ACF68A01E3F252700BEA229 /* 001.JPG */; };
		0ACF68A61E3F7E7000BEA229 /* biaoqing in Resources */ = {isa = PBXBuildFile; fileRef = 0ACF68A51E3F7E7000BEA229 /* biaoqing */; };
		51797A3810964178EDCD4186 /* libPods-LoveQi.a in Frameworks */ = {isa = PBXBuildFile; fileRef = 5F73172D3C7F27BD14CD5B03 /* libPods-LoveQi.a */; };
		C2589DCD1F83FA65007736C7 /* AddEvevtVC.m in Sources */ = {isa = PBXBuildFile; fileRef = C2589DB61F83FA65007736C7 /* AddEvevtVC.m */; };
		C2589DCE1F83FA65007736C7 /* RootViewController.m in Sources */ = {isa = PBXBuildFile; fileRef = C2589DB81F83FA65007736C7 /* RootViewController.m */; };
		C2589DCF1F83FA65007736C7 /* SQLViewconTroller.m in Sources */ = {isa = PBXBuildFile; fileRef = C2589DBA1F83FA65007736C7 /* SQLViewconTroller.m */; };
		C2589DD01F83FA65007736C7 /* DataBaseHander.m in Sources */ = {isa = PBXBuildFile; fileRef = C2589DBD1F83FA65007736C7 /* DataBaseHander.m */; };
		C2589DD11F83FA65007736C7 /* DateModel.m in Sources */ = {isa = PBXBuildFile; fileRef = C2589DBF1F83FA65007736C7 /* DateModel.m */; };
		C2589DD21F83FA65007736C7 /* AddEventView.m in Sources */ = {isa = PBXBuildFile; fileRef = C2589DC21F83FA65007736C7 /* AddEventView.m */; };
		C2589DD31F83FA65007736C7 /* BtnColumnView.m in Sources */ = {isa = PBXBuildFile; fileRef = C2589DC41F83FA65007736C7 /* BtnColumnView.m */; };
		C2589DD41F83FA65007736C7 /* JumpDateView.m in Sources */ = {isa = PBXBuildFile; fileRef = C2589DC61F83FA65007736C7 /* JumpDateView.m */; };
		C2589DD51F83FA65007736C7 /* LaunchImageView.m in Sources */ = {isa = PBXBuildFile; fileRef = C2589DC81F83FA65007736C7 /* LaunchImageView.m */; };
		C2589DD61F83FA65007736C7 /* LQItem.m in Sources */ = {isa = PBXBuildFile; fileRef = C2589DCA1F83FA65007736C7 /* LQItem.m */; };
		C2589DD71F83FA65007736C7 /* LQItemView.m in Sources */ = {isa = PBXBuildFile; fileRef = C2589DCC1F83FA65007736C7 /* LQItemView.m */; };
		C2589DDB1F83FA7B007736C7 /* AppDelegate.m in Sources */ = {isa = PBXBuildFile; fileRef = C2589DDA1F83FA7B007736C7 /* AppDelegate.m */; };
		C2589DDE1F849E3D007736C7 /* PhotoViewController.m in Sources */ = {isa = PBXBuildFile; fileRef = C2589DDD1F849E3D007736C7 /* PhotoViewController.m */; };
		C2589DE11F851EF9007736C7 /* PhotoManger.m in Sources */ = {isa = PBXBuildFile; fileRef = C2589DE01F851EF9007736C7 /* PhotoManger.m */; };
		C2589DE41F8521BE007736C7 /* AddImageBottomView.m in Sources */ = {isa = PBXBuildFile; fileRef = C2589DE31F8521BE007736C7 /* AddImageBottomView.m */; };
		C2589DE71F853A4E007736C7 /* PhotoCell.m in Sources */ = {isa = PBXBuildFile; fileRef = C2589DE61F853A4E007736C7 /* PhotoCell.m */; };
		C2589DEA1F8626E8007736C7 /* IMManger.m in Sources */ = {isa = PBXBuildFile; fileRef = C2589DE91F8626E8007736C7 /* IMManger.m */; };
		C268D74B1FCD524100872615 /* CrashHandle.m in Sources */ = {isa = PBXBuildFile; fileRef = C268D74A1FCD524100872615 /* CrashHandle.m */; };
		C289F18D1FF11D16009F6D3D /* RefreshViewController.m in Sources */ = {isa = PBXBuildFile; fileRef = C289F18C1FF11D16009F6D3D /* RefreshViewController.m */; };
		C294BCAF1FF3A20B0041C90A /* AlipaySDK.bundle in Resources */ = {isa = PBXBuildFile; fileRef = C294BCAD1FF3A2050041C90A /* AlipaySDK.bundle */; };
		C294BCB01FF3A20B0041C90A /* AlipaySDK.framework in Frameworks */ = {isa = PBXBuildFile; fileRef = C294BCAE1FF3A20B0041C90A /* AlipaySDK.framework */; settings = {ATTRIBUTES = (Required, ); }; };
		C297182D1FAAB28700D2D599 /* JumpVCHandler.m in Sources */ = {isa = PBXBuildFile; fileRef = C297182C1FAAB28700D2D599 /* JumpVCHandler.m */; };
		C29867FC1FF1FA6D00155F52 /* MRJFooter.m in Sources */ = {isa = PBXBuildFile; fileRef = C29867FB1FF1FA6D00155F52 /* MRJFooter.m */; };
		C29867FF1FF1FB0600155F52 /* MRJHeader.m in Sources */ = {isa = PBXBuildFile; fileRef = C29867FE1FF1FB0600155F52 /* MRJHeader.m */; };
		C29868061FF233F800155F52 /* WebViewController.m in Sources */ = {isa = PBXBuildFile; fileRef = C29868051FF233F800155F52 /* WebViewController.m */; };
		C2CE1BFC1E2E2347003AE6D3 /* main.m in Sources */ = {isa = PBXBuildFile; fileRef = C2CE1BFB1E2E2347003AE6D3 /* main.m */; };
		C2CE1C071E2E2347003AE6D3 /* Assets.xcassets in Resources */ = {isa = PBXBuildFile; fileRef = C2CE1C061E2E2347003AE6D3 /* Assets.xcassets */; };
		C2DDFA512002FF8600454A0A /* RealNameViewController.m in Sources */ = {isa = PBXBuildFile; fileRef = C2DDFA502002FF8600454A0A /* RealNameViewController.m */; };
		C2DDFA53200307B100454A0A /* libz.tbd in Frameworks */ = {isa = PBXBuildFile; fileRef = C2DDFA52200307B100454A0A /* libz.tbd */; };
		C2DDFA55200307B900454A0A /* libc++.tbd in Frameworks */ = {isa = PBXBuildFile; fileRef = C2DDFA54200307B900454A0A /* libc++.tbd */; };
		C2DDFA57200307C000454A0A /* Security.framework in Frameworks */ = {isa = PBXBuildFile; fileRef = C2DDFA56200307C000454A0A /* Security.framework */; };
		C2DDFA59200307CE00454A0A /* CFNetwork.framework in Frameworks */ = {isa = PBXBuildFile; fileRef = C2DDFA58200307CE00454A0A /* CFNetwork.framework */; };
		C2DDFA5B200307D800454A0A /* SystemConfiguration.framework in Frameworks */ = {isa = PBXBuildFile; fileRef = C2DDFA5A200307D800454A0A /* SystemConfiguration.framework */; };
		C2DDFA5D200309EE00454A0A /* CoreFoundation.framework in Frameworks */ = {isa = PBXBuildFile; fileRef = C2DDFA5C200309EE00454A0A /* CoreFoundation.framework */; };
		C2DDFAFC200319FE00454A0A /* AipBase.framework in Frameworks */ = {isa = PBXBuildFile; fileRef = C2DDFAC3200319FE00454A0A /* AipBase.framework */; };
		C2DDFAFD200319FE00454A0A /* AipOcrSdk.storyboard in Resources */ = {isa = PBXBuildFile; fileRef = C2DDFAC5200319FE00454A0A /* AipOcrSdk.storyboard */; };
		C2DDFAFE200319FE00454A0A /* guan@2x.png in Resources */ = {isa = PBXBuildFile; fileRef = C2DDFAC8200319FE00454A0A /* guan@2x.png */; };
		C2DDFAFF200319FE00454A0A /* guan@3x.png in Resources */ = {isa = PBXBuildFile; fileRef = C2DDFAC9200319FE00454A0A /* guan@3x.png */; };
		C2DDFB00200319FE00454A0A /* queding@2x.png in Resources */ = {isa = PBXBuildFile; fileRef = C2DDFACA200319FE00454A0A /* queding@2x.png */; };
		C2DDFB01200319FE00454A0A /* queding@3x.png in Resources */ = {isa = PBXBuildFile; fileRef = C2DDFACB200319FE00454A0A /* queding@3x.png */; };
		C2DDFB02200319FE00454A0A /* xuanzhuan@2x.png in Resources */ = {isa = PBXBuildFile; fileRef = C2DDFACC200319FE00454A0A /* xuanzhuan@2x.png */; };
		C2DDFB03200319FE00454A0A /* xuanzhuan@3x.png in Resources */ = {isa = PBXBuildFile; fileRef = C2DDFACD200319FE00454A0A /* xuanzhuan@3x.png */; };
		C2DDFB04200319FE00454A0A /* dengpao@2x.png in Resources */ = {isa = PBXBuildFile; fileRef = C2DDFACF200319FE00454A0A /* dengpao@2x.png */; };
		C2DDFB05200319FE00454A0A /* dengpao@3x.png in Resources */ = {isa = PBXBuildFile; fileRef = C2DDFAD0200319FE00454A0A /* dengpao@3x.png */; };
		C2DDFB06200319FE00454A0A /* dengpao_dianjihou@2x.png in Resources */ = {isa = PBXBuildFile; fileRef = C2DDFAD1200319FE00454A0A /* dengpao_dianjihou@2x.png */; };
		C2DDFB07200319FE00454A0A /* dengpao_dianjihou@3x.png in Resources */ = {isa = PBXBuildFile; fileRef = C2DDFAD2200319FE00454A0A /* dengpao_dianjihou@3x.png */; };
		C2DDFB08200319FE00454A0A /* guanbi@2x.png in Resources */ = {isa = PBXBuildFile; fileRef = C2DDFAD3200319FE00454A0A /* guanbi@2x.png */; };
		C2DDFB09200319FE00454A0A /* guanbi@3x.png in Resources */ = {isa = PBXBuildFile; fileRef = C2DDFAD4200319FE00454A0A /* guanbi@3x.png */; };
		C2DDFB0A200319FE00454A0A /* paizhaoanniu@2x.png in Resources */ = {isa = PBXBuildFile; fileRef = C2DDFAD5200319FE00454A0A /* paizhaoanniu@2x.png */; };
		C2DDFB0B200319FE00454A0A /* paizhaoanniu@3x.png in Resources */ = {isa = PBXBuildFile; fileRef = C2DDFAD6200319FE00454A0A /* paizhaoanniu@3x.png */; };
		C2DDFB0C200319FE00454A0A /* paizhaoanniu_dianjihou@2x.png in Resources */ = {isa = PBXBuildFile; fileRef = C2DDFAD7200319FE00454A0A /* paizhaoanniu_dianjihou@2x.png */; };
		C2DDFB0D200319FE00454A0A /* paizhaoanniu_dianjihou@3x.png in Resources */ = {isa = PBXBuildFile; fileRef = C2DDFAD8200319FE00454A0A /* paizhaoanniu_dianjihou@3x.png */; };
		C2DDFB0E200319FE00454A0A /* tuku@2x.png in Resources */ = {isa = PBXBuildFile; fileRef = C2DDFAD9200319FE00454A0A /* tuku@2x.png */; };
		C2DDFB0F200319FE00454A0A /* tuku@3x.png in Resources */ = {isa = PBXBuildFile; fileRef = C2DDFADA200319FE00454A0A /* tuku@3x.png */; };
		C2DDFB10200319FE00454A0A /* xuxian@2x.png in Resources */ = {isa = PBXBuildFile; fileRef = C2DDFADB200319FE00454A0A /* xuxian@2x.png */; };
		C2DDFB11200319FE00454A0A /* xuxian@3x.png in Resources */ = {isa = PBXBuildFile; fileRef = C2DDFADC200319FE00454A0A /* xuxian@3x.png */; };
		C2DDFB12200319FE00454A0A /* Page 1@2x.png in Resources */ = {isa = PBXBuildFile; fileRef = C2DDFADE200319FE00454A0A /* Page 1@2x.png */; };
		C2DDFB13200319FE00454A0A /* Page 1@3x.png in Resources */ = {isa = PBXBuildFile; fileRef = C2DDFADF200319FE00454A0A /* Page 1@3x.png */; };
		C2DDFB14200319FE00454A0A /* AipOcrService.m in Sources */ = {isa = PBXBuildFile; fileRef = C2DDFAE4200319FE00454A0A /* AipOcrService.m */; };
		C2DDFB15200319FE00454A0A /* IOSpeScaleLayoutButton.m in Sources */ = {isa = PBXBuildFile; fileRef = C2DDFAE6200319FE00454A0A /* IOSpeScaleLayoutButton.m */; };
		C2DDFB16200319FE00454A0A /* IOSpeScaleLayoutConstraint.m in Sources */ = {isa = PBXBuildFile; fileRef = C2DDFAE8200319FE00454A0A /* IOSpeScaleLayoutConstraint.m */; };
		C2DDFB17200319FE00454A0A /* IOSpeScaleLayoutLabel.m in Sources */ = {isa = PBXBuildFile; fileRef = C2DDFAEA200319FE00454A0A /* IOSpeScaleLayoutLabel.m */; };
		C2DDFB18200319FE00454A0A /* AipCameraPreviewView.m in Sources */ = {isa = PBXBuildFile; fileRef = C2DDFAEE200319FE00454A0A /* AipCameraPreviewView.m */; };
		C2DDFB19200319FE00454A0A /* AipCutImageView.m in Sources */ = {isa = PBXBuildFile; fileRef = C2DDFAF0200319FE00454A0A /* AipCutImageView.m */; };
		C2DDFB1A200319FE00454A0A /* AipImageView.m in Sources */ = {isa = PBXBuildFile; fileRef = C2DDFAF2200319FE00454A0A /* AipImageView.m */; };
		C2DDFB1B200319FE00454A0A /* AipCameraController.m in Sources */ = {isa = PBXBuildFile; fileRef = C2DDFAF5200319FE00454A0A /* AipCameraController.m */; };
		C2DDFB1C200319FE00454A0A /* AipCaptureCardVC.m in Sources */ = {isa = PBXBuildFile; fileRef = C2DDFAF7200319FE00454A0A /* AipCaptureCardVC.m */; };
		C2DDFB1D200319FE00454A0A /* AipGeneralVC.m in Sources */ = {isa = PBXBuildFile; fileRef = C2DDFAF9200319FE00454A0A /* AipGeneralVC.m */; };
		C2DDFB1E200319FE00454A0A /* AipNavigationController.m in Sources */ = {isa = PBXBuildFile; fileRef = C2DDFAFB200319FE00454A0A /* AipNavigationController.m */; };
		C2DDFB2020031B7800454A0A /* AipBase.framework in CopyFiles */ = {isa = PBXBuildFile; fileRef = C2DDFAC3200319FE00454A0A /* AipBase.framework */; settings = {ATTRIBUTES = (CodeSignOnCopy, RemoveHeadersOnCopy, ); }; };
		C2DDFB2320031F4600454A0A /* RealNameProgressView.m in Sources */ = {isa = PBXBuildFile; fileRef = C2DDFB2120031F4600454A0A /* RealNameProgressView.m */; };
		C2DDFB2920031F7800454A0A /* CreditScoreCardView.m in Sources */ = {isa = PBXBuildFile; fileRef = C2DDFB2720031F7700454A0A /* CreditScoreCardView.m */; };
		C2DDFB32200320F600454A0A /* RealNameAddImageView.m in Sources */ = {isa = PBXBuildFile; fileRef = C2DDFB31200320F600454A0A /* RealNameAddImageView.m */; };
		C2DDFB35200322B900454A0A /* UIImage+KaKao.m in Sources */ = {isa = PBXBuildFile; fileRef = C2DDFB34200322B800454A0A /* UIImage+KaKao.m */; };
		C2DDFB38200323AD00454A0A /* RealNameProgressItemView.m in Sources */ = {isa = PBXBuildFile; fileRef = C2DDFB37200323AC00454A0A /* RealNameProgressItemView.m */; };
		C2DDFB3A2003265000454A0A /* BottomBtnView.m in Sources */ = {isa = PBXBuildFile; fileRef = C2DDFB392003264F00454A0A /* BottomBtnView.m */; };
		C2DDFB3C20033DAA00454A0A /* image.xcassets in Resources */ = {isa = PBXBuildFile; fileRef = C2DDFB3B20033DAA00454A0A /* image.xcassets */; };
		C2DDFB3F2003506000454A0A /* AddImageViewController.m in Sources */ = {isa = PBXBuildFile; fileRef = C2DDFB3E2003506000454A0A /* AddImageViewController.m */; };
		C2DDFB422003579700454A0A /* ImageCell.m in Sources */ = {isa = PBXBuildFile; fileRef = C2DDFB412003579700454A0A /* ImageCell.m */; };
		C2EB63641FB05500008B0A57 /* AddressBookViewController.m in Sources */ = {isa = PBXBuildFile; fileRef = C2EB63631FB05500008B0A57 /* AddressBookViewController.m */; };
		E70B79792021989000A4F344 /* AddIDCardView.m in Sources */ = {isa = PBXBuildFile; fileRef = E70B79782021989000A4F344 /* AddIDCardView.m */; };
		E7145D9A2021AF82004F4792 /* MeiTuanDeatilViewController.m in Sources */ = {isa = PBXBuildFile; fileRef = E7145D992021AF82004F4792 /* MeiTuanDeatilViewController.m */; };
		E7196CF32022B4480068B4BF /* RunloopViewController.m in Sources */ = {isa = PBXBuildFile; fileRef = E7196CF22022B4480068B4BF /* RunloopViewController.m */; };
		E74E331920467AD1003D2CF1 /* PlayerHander.m in Sources */ = {isa = PBXBuildFile; fileRef = E74E331820467AD1003D2CF1 /* PlayerHander.m */; };
		E76491382047E2F4007A4CAE /* CityRequest.m in Sources */ = {isa = PBXBuildFile; fileRef = E76491372047E2F4007A4CAE /* CityRequest.m */; };
		E76D29522028075800EC41C7 /* SocketViewController.m in Sources */ = {isa = PBXBuildFile; fileRef = E76D29512028075800EC41C7 /* SocketViewController.m */; };
		E7B610462022F0D5000E4188 /* DynamicMenuViewController.m in Sources */ = {isa = PBXBuildFile; fileRef = E7B610452022F0D5000E4188 /* DynamicMenuViewController.m */; };
		E7B610492022F0F7000E4188 /* MenuItemView.m in Sources */ = {isa = PBXBuildFile; fileRef = E7B610482022F0F7000E4188 /* MenuItemView.m */; };
		E7B6104C2022F457000E4188 /* MenuModel.m in Sources */ = {isa = PBXBuildFile; fileRef = E7B6104B2022F457000E4188 /* MenuModel.m */; };
		E7B610502022F663000E4188 /* MenuRequest.m in Sources */ = {isa = PBXBuildFile; fileRef = E7B6104F2022F663000E4188 /* MenuRequest.m */; };
		E7B6105320230789000E4188 /* MenuViewManger.m in Sources */ = {isa = PBXBuildFile; fileRef = E7B6105220230789000E4188 /* MenuViewManger.m */; };
/* End PBXBuildFile section */

/* Begin PBXContainerItemProxy section */
		0A963A151E42398800B4F626 /* PBXContainerItemProxy */ = {
			isa = PBXContainerItemProxy;
			containerPortal = C2CE1BEF1E2E2347003AE6D3 /* Project object */;
			proxyType = 1;
			remoteGlobalIDString = 0A963A091E42398800B4F626;
			remoteInfo = LoveQiWidget;
		};
/* End PBXContainerItemProxy section */

/* Begin PBXCopyFilesBuildPhase section */
		0A963A1B1E42398800B4F626 /* Embed App Extensions */ = {
			isa = PBXCopyFilesBuildPhase;
			buildActionMask = 2147483647;
			dstPath = "";
			dstSubfolderSpec = 13;
			files = (
				0A963A171E42398800B4F626 /* LoveQiWidget.appex in Embed App Extensions */,
			);
			name = "Embed App Extensions";
			runOnlyForDeploymentPostprocessing = 0;
		};
		C2DDFB1F20031B6700454A0A /* CopyFiles */ = {
			isa = PBXCopyFilesBuildPhase;
			buildActionMask = 2147483647;
			dstPath = "";
			dstSubfolderSpec = 10;
			files = (
				C2DDFB2020031B7800454A0A /* AipBase.framework in CopyFiles */,
			);
			runOnlyForDeploymentPostprocessing = 0;
		};
/* End PBXCopyFilesBuildPhase section */

/* Begin PBXFileReference section */
		0A7AFF591E41DB8C0071B29B /* ico */ = {isa = PBXFileReference; lastKnownFileType = folder; path = ico; sourceTree = "<group>"; };
		0A87B9711E3CB11D00C3CD15 /* Header.h */ = {isa = PBXFileReference; lastKnownFileType = sourcecode.c.h; path = Header.h; sourceTree = "<group>"; };
		0A963A0A1E42398800B4F626 /* LoveQiWidget.appex */ = {isa = PBXFileReference; explicitFileType = "wrapper.app-extension"; includeInIndex = 0; path = LoveQiWidget.appex; sourceTree = BUILT_PRODUCTS_DIR; };
		0A963A0B1E42398800B4F626 /* NotificationCenter.framework */ = {isa = PBXFileReference; lastKnownFileType = wrapper.framework; name = NotificationCenter.framework; path = System/Library/Frameworks/NotificationCenter.framework; sourceTree = SDKROOT; };
		0A963A0E1E42398800B4F626 /* TodayViewController.h */ = {isa = PBXFileReference; lastKnownFileType = sourcecode.c.h; path = TodayViewController.h; sourceTree = "<group>"; };
		0A963A0F1E42398800B4F626 /* TodayViewController.m */ = {isa = PBXFileReference; lastKnownFileType = sourcecode.c.objc; path = TodayViewController.m; sourceTree = "<group>"; };
		0A963A141E42398800B4F626 /* Info.plist */ = {isa = PBXFileReference; lastKnownFileType = text.plist.xml; path = Info.plist; sourceTree = "<group>"; };
		0A963A1C1E42465000B4F626 /* libPods-LoveQiWidget.a */ = {isa = PBXFileReference; lastKnownFileType = archive.ar; name = "libPods-LoveQiWidget.a"; path = "Pods/../build/Debug-iphoneos/libPods-LoveQiWidget.a"; sourceTree = "<group>"; };
		0A963A1F1E4246CF00B4F626 /* libPods-LoveQiWidget.a */ = {isa = PBXFileReference; lastKnownFileType = archive.ar; name = "libPods-LoveQiWidget.a"; path = "Pods/../build/Debug-iphoneos/libPods-LoveQiWidget.a"; sourceTree = "<group>"; };
		0ACF68971E3DDAA800BEA229 /* PrefixHeader.pch */ = {isa = PBXFileReference; lastKnownFileType = sourcecode.c.h; path = PrefixHeader.pch; sourceTree = "<group>"; };
		0ACF68A01E3F252700BEA229 /* 001.JPG */ = {isa = PBXFileReference; lastKnownFileType = image.jpeg; path = 001.JPG; sourceTree = "<group>"; };
		0ACF68A51E3F7E7000BEA229 /* biaoqing */ = {isa = PBXFileReference; lastKnownFileType = folder; path = biaoqing; sourceTree = "<group>"; };
		0CA9EAB0D58C4296471EFF44 /* Pods-LoveQi.test.xcconfig */ = {isa = PBXFileReference; includeInIndex = 1; lastKnownFileType = text.xcconfig; name = "Pods-LoveQi.test.xcconfig"; path = "Pods/Target Support Files/Pods-LoveQi/Pods-LoveQi.test.xcconfig"; sourceTree = "<group>"; };
		4D08DA4073AEB9E969B717BA /* Pods-LoveQi.debug.xcconfig */ = {isa = PBXFileReference; includeInIndex = 1; lastKnownFileType = text.xcconfig; name = "Pods-LoveQi.debug.xcconfig"; path = "Pods/Target Support Files/Pods-LoveQi/Pods-LoveQi.debug.xcconfig"; sourceTree = "<group>"; };
		5F73172D3C7F27BD14CD5B03 /* libPods-LoveQi.a */ = {isa = PBXFileReference; explicitFileType = archive.ar; includeInIndex = 0; path = "libPods-LoveQi.a"; sourceTree = BUILT_PRODUCTS_DIR; };
		7B046D9007E92605EB7383E6 /* Pods-LoveQi.dev.xcconfig */ = {isa = PBXFileReference; includeInIndex = 1; lastKnownFileType = text.xcconfig; name = "Pods-LoveQi.dev.xcconfig"; path = "Pods/Target Support Files/Pods-LoveQi/Pods-LoveQi.dev.xcconfig"; sourceTree = "<group>"; };
		C2589DB51F83FA65007736C7 /* AddEvevtVC.h */ = {isa = PBXFileReference; fileEncoding = 4; lastKnownFileType = sourcecode.c.h; path = AddEvevtVC.h; sourceTree = "<group>"; };
		C2589DB61F83FA65007736C7 /* AddEvevtVC.m */ = {isa = PBXFileReference; fileEncoding = 4; lastKnownFileType = sourcecode.c.objc; path = AddEvevtVC.m; sourceTree = "<group>"; };
		C2589DB71F83FA65007736C7 /* RootViewController.h */ = {isa = PBXFileReference; fileEncoding = 4; lastKnownFileType = sourcecode.c.h; path = RootViewController.h; sourceTree = "<group>"; };
		C2589DB81F83FA65007736C7 /* RootViewController.m */ = {isa = PBXFileReference; fileEncoding = 4; lastKnownFileType = sourcecode.c.objc; path = RootViewController.m; sourceTree = "<group>"; };
		C2589DB91F83FA65007736C7 /* SQLViewconTroller.h */ = {isa = PBXFileReference; fileEncoding = 4; lastKnownFileType = sourcecode.c.h; path = SQLViewconTroller.h; sourceTree = "<group>"; };
		C2589DBA1F83FA65007736C7 /* SQLViewconTroller.m */ = {isa = PBXFileReference; fileEncoding = 4; lastKnownFileType = sourcecode.c.objc; path = SQLViewconTroller.m; sourceTree = "<group>"; };
		C2589DBC1F83FA65007736C7 /* DataBaseHander.h */ = {isa = PBXFileReference; fileEncoding = 4; lastKnownFileType = sourcecode.c.h; path = DataBaseHander.h; sourceTree = "<group>"; };
		C2589DBD1F83FA65007736C7 /* DataBaseHander.m */ = {isa = PBXFileReference; fileEncoding = 4; lastKnownFileType = sourcecode.c.objc; path = DataBaseHander.m; sourceTree = "<group>"; };
		C2589DBE1F83FA65007736C7 /* DateModel.h */ = {isa = PBXFileReference; fileEncoding = 4; lastKnownFileType = sourcecode.c.h; path = DateModel.h; sourceTree = "<group>"; };
		C2589DBF1F83FA65007736C7 /* DateModel.m */ = {isa = PBXFileReference; fileEncoding = 4; lastKnownFileType = sourcecode.c.objc; path = DateModel.m; sourceTree = "<group>"; };
		C2589DC11F83FA65007736C7 /* AddEventView.h */ = {isa = PBXFileReference; fileEncoding = 4; lastKnownFileType = sourcecode.c.h; path = AddEventView.h; sourceTree = "<group>"; };
		C2589DC21F83FA65007736C7 /* AddEventView.m */ = {isa = PBXFileReference; fileEncoding = 4; lastKnownFileType = sourcecode.c.objc; path = AddEventView.m; sourceTree = "<group>"; };
		C2589DC31F83FA65007736C7 /* BtnColumnView.h */ = {isa = PBXFileReference; fileEncoding = 4; lastKnownFileType = sourcecode.c.h; path = BtnColumnView.h; sourceTree = "<group>"; };
		C2589DC41F83FA65007736C7 /* BtnColumnView.m */ = {isa = PBXFileReference; fileEncoding = 4; lastKnownFileType = sourcecode.c.objc; path = BtnColumnView.m; sourceTree = "<group>"; };
		C2589DC51F83FA65007736C7 /* JumpDateView.h */ = {isa = PBXFileReference; fileEncoding = 4; lastKnownFileType = sourcecode.c.h; path = JumpDateView.h; sourceTree = "<group>"; };
		C2589DC61F83FA65007736C7 /* JumpDateView.m */ = {isa = PBXFileReference; fileEncoding = 4; lastKnownFileType = sourcecode.c.objc; path = JumpDateView.m; sourceTree = "<group>"; };
		C2589DC71F83FA65007736C7 /* LaunchImageView.h */ = {isa = PBXFileReference; fileEncoding = 4; lastKnownFileType = sourcecode.c.h; path = LaunchImageView.h; sourceTree = "<group>"; };
		C2589DC81F83FA65007736C7 /* LaunchImageView.m */ = {isa = PBXFileReference; fileEncoding = 4; lastKnownFileType = sourcecode.c.objc; path = LaunchImageView.m; sourceTree = "<group>"; };
		C2589DC91F83FA65007736C7 /* LQItem.h */ = {isa = PBXFileReference; fileEncoding = 4; lastKnownFileType = sourcecode.c.h; path = LQItem.h; sourceTree = "<group>"; };
		C2589DCA1F83FA65007736C7 /* LQItem.m */ = {isa = PBXFileReference; fileEncoding = 4; lastKnownFileType = sourcecode.c.objc; path = LQItem.m; sourceTree = "<group>"; };
		C2589DCB1F83FA65007736C7 /* LQItemView.h */ = {isa = PBXFileReference; fileEncoding = 4; lastKnownFileType = sourcecode.c.h; path = LQItemView.h; sourceTree = "<group>"; };
		C2589DCC1F83FA65007736C7 /* LQItemView.m */ = {isa = PBXFileReference; fileEncoding = 4; lastKnownFileType = sourcecode.c.objc; path = LQItemView.m; sourceTree = "<group>"; };
		C2589DD91F83FA7B007736C7 /* AppDelegate.h */ = {isa = PBXFileReference; fileEncoding = 4; lastKnownFileType = sourcecode.c.h; path = AppDelegate.h; sourceTree = "<group>"; };
		C2589DDA1F83FA7B007736C7 /* AppDelegate.m */ = {isa = PBXFileReference; fileEncoding = 4; lastKnownFileType = sourcecode.c.objc; path = AppDelegate.m; sourceTree = "<group>"; };
		C2589DDC1F849E3D007736C7 /* PhotoViewController.h */ = {isa = PBXFileReference; lastKnownFileType = sourcecode.c.h; path = PhotoViewController.h; sourceTree = "<group>"; };
		C2589DDD1F849E3D007736C7 /* PhotoViewController.m */ = {isa = PBXFileReference; lastKnownFileType = sourcecode.c.objc; path = PhotoViewController.m; sourceTree = "<group>"; };
		C2589DDF1F851EF9007736C7 /* PhotoManger.h */ = {isa = PBXFileReference; lastKnownFileType = sourcecode.c.h; path = PhotoManger.h; sourceTree = "<group>"; };
		C2589DE01F851EF9007736C7 /* PhotoManger.m */ = {isa = PBXFileReference; lastKnownFileType = sourcecode.c.objc; path = PhotoManger.m; sourceTree = "<group>"; };
		C2589DE21F8521BE007736C7 /* AddImageBottomView.h */ = {isa = PBXFileReference; lastKnownFileType = sourcecode.c.h; path = AddImageBottomView.h; sourceTree = "<group>"; };
		C2589DE31F8521BE007736C7 /* AddImageBottomView.m */ = {isa = PBXFileReference; lastKnownFileType = sourcecode.c.objc; path = AddImageBottomView.m; sourceTree = "<group>"; };
		C2589DE51F853A4E007736C7 /* PhotoCell.h */ = {isa = PBXFileReference; lastKnownFileType = sourcecode.c.h; path = PhotoCell.h; sourceTree = "<group>"; };
		C2589DE61F853A4E007736C7 /* PhotoCell.m */ = {isa = PBXFileReference; lastKnownFileType = sourcecode.c.objc; path = PhotoCell.m; sourceTree = "<group>"; };
		C2589DE81F8626E8007736C7 /* IMManger.h */ = {isa = PBXFileReference; lastKnownFileType = sourcecode.c.h; path = IMManger.h; sourceTree = "<group>"; };
		C2589DE91F8626E8007736C7 /* IMManger.m */ = {isa = PBXFileReference; lastKnownFileType = sourcecode.c.objc; path = IMManger.m; sourceTree = "<group>"; };
		C268D7491FCD524100872615 /* CrashHandle.h */ = {isa = PBXFileReference; lastKnownFileType = sourcecode.c.h; path = CrashHandle.h; sourceTree = "<group>"; };
		C268D74A1FCD524100872615 /* CrashHandle.m */ = {isa = PBXFileReference; lastKnownFileType = sourcecode.c.objc; path = CrashHandle.m; sourceTree = "<group>"; };
		C289F18B1FF11D16009F6D3D /* RefreshViewController.h */ = {isa = PBXFileReference; lastKnownFileType = sourcecode.c.h; path = RefreshViewController.h; sourceTree = "<group>"; };
		C289F18C1FF11D16009F6D3D /* RefreshViewController.m */ = {isa = PBXFileReference; lastKnownFileType = sourcecode.c.objc; path = RefreshViewController.m; sourceTree = "<group>"; };
		C294BCAD1FF3A2050041C90A /* AlipaySDK.bundle */ = {isa = PBXFileReference; lastKnownFileType = "wrapper.plug-in"; path = AlipaySDK.bundle; sourceTree = "<group>"; };
		C294BCAE1FF3A20B0041C90A /* AlipaySDK.framework */ = {isa = PBXFileReference; lastKnownFileType = wrapper.framework; path = AlipaySDK.framework; sourceTree = "<group>"; };
		C297182B1FAAB28700D2D599 /* JumpVCHandler.h */ = {isa = PBXFileReference; lastKnownFileType = sourcecode.c.h; path = JumpVCHandler.h; sourceTree = "<group>"; };
		C297182C1FAAB28700D2D599 /* JumpVCHandler.m */ = {isa = PBXFileReference; lastKnownFileType = sourcecode.c.objc; path = JumpVCHandler.m; sourceTree = "<group>"; };
		C29867FA1FF1FA6D00155F52 /* MRJFooter.h */ = {isa = PBXFileReference; lastKnownFileType = sourcecode.c.h; path = MRJFooter.h; sourceTree = "<group>"; };
		C29867FB1FF1FA6D00155F52 /* MRJFooter.m */ = {isa = PBXFileReference; lastKnownFileType = sourcecode.c.objc; path = MRJFooter.m; sourceTree = "<group>"; };
		C29867FD1FF1FB0600155F52 /* MRJHeader.h */ = {isa = PBXFileReference; lastKnownFileType = sourcecode.c.h; path = MRJHeader.h; sourceTree = "<group>"; };
		C29867FE1FF1FB0600155F52 /* MRJHeader.m */ = {isa = PBXFileReference; lastKnownFileType = sourcecode.c.objc; path = MRJHeader.m; sourceTree = "<group>"; };
		C29868041FF233F800155F52 /* WebViewController.h */ = {isa = PBXFileReference; lastKnownFileType = sourcecode.c.h; path = WebViewController.h; sourceTree = "<group>"; };
		C29868051FF233F800155F52 /* WebViewController.m */ = {isa = PBXFileReference; lastKnownFileType = sourcecode.c.objc; path = WebViewController.m; sourceTree = "<group>"; };
		C2CE1BF71E2E2347003AE6D3 /* LoveQi.app */ = {isa = PBXFileReference; explicitFileType = wrapper.application; includeInIndex = 0; path = LoveQi.app; sourceTree = BUILT_PRODUCTS_DIR; };
		C2CE1BFB1E2E2347003AE6D3 /* main.m */ = {isa = PBXFileReference; lastKnownFileType = sourcecode.c.objc; path = main.m; sourceTree = "<group>"; };
		C2CE1C061E2E2347003AE6D3 /* Assets.xcassets */ = {isa = PBXFileReference; lastKnownFileType = folder.assetcatalog; path = Assets.xcassets; sourceTree = "<group>"; };
		C2CE1C0B1E2E2347003AE6D3 /* Info.plist */ = {isa = PBXFileReference; lastKnownFileType = text.plist.xml; path = Info.plist; sourceTree = "<group>"; };
		C2DDFA4F2002FF8600454A0A /* RealNameViewController.h */ = {isa = PBXFileReference; lastKnownFileType = sourcecode.c.h; path = RealNameViewController.h; sourceTree = "<group>"; };
		C2DDFA502002FF8600454A0A /* RealNameViewController.m */ = {isa = PBXFileReference; lastKnownFileType = sourcecode.c.objc; path = RealNameViewController.m; sourceTree = "<group>"; };
		C2DDFA52200307B100454A0A /* libz.tbd */ = {isa = PBXFileReference; lastKnownFileType = "sourcecode.text-based-dylib-definition"; name = libz.tbd; path = usr/lib/libz.tbd; sourceTree = SDKROOT; };
		C2DDFA54200307B900454A0A /* libc++.tbd */ = {isa = PBXFileReference; lastKnownFileType = "sourcecode.text-based-dylib-definition"; name = "libc++.tbd"; path = "usr/lib/libc++.tbd"; sourceTree = SDKROOT; };
		C2DDFA56200307C000454A0A /* Security.framework */ = {isa = PBXFileReference; lastKnownFileType = wrapper.framework; name = Security.framework; path = System/Library/Frameworks/Security.framework; sourceTree = SDKROOT; };
		C2DDFA58200307CE00454A0A /* CFNetwork.framework */ = {isa = PBXFileReference; lastKnownFileType = wrapper.framework; name = CFNetwork.framework; path = System/Library/Frameworks/CFNetwork.framework; sourceTree = SDKROOT; };
		C2DDFA5A200307D800454A0A /* SystemConfiguration.framework */ = {isa = PBXFileReference; lastKnownFileType = wrapper.framework; name = SystemConfiguration.framework; path = System/Library/Frameworks/SystemConfiguration.framework; sourceTree = SDKROOT; };
		C2DDFA5C200309EE00454A0A /* CoreFoundation.framework */ = {isa = PBXFileReference; lastKnownFileType = wrapper.framework; name = CoreFoundation.framework; path = System/Library/Frameworks/CoreFoundation.framework; sourceTree = SDKROOT; };
		C2DDFAC3200319FE00454A0A /* AipBase.framework */ = {isa = PBXFileReference; lastKnownFileType = wrapper.framework; path = AipBase.framework; sourceTree = "<group>"; };
		C2DDFAC5200319FE00454A0A /* AipOcrSdk.storyboard */ = {isa = PBXFileReference; fileEncoding = 4; lastKnownFileType = file.storyboard; path = AipOcrSdk.storyboard; sourceTree = "<group>"; };
		C2DDFAC8200319FE00454A0A /* guan@2x.png */ = {isa = PBXFileReference; lastKnownFileType = image.png; path = "guan@2x.png"; sourceTree = "<group>"; };
		C2DDFAC9200319FE00454A0A /* guan@3x.png */ = {isa = PBXFileReference; lastKnownFileType = image.png; path = "guan@3x.png"; sourceTree = "<group>"; };
		C2DDFACA200319FE00454A0A /* queding@2x.png */ = {isa = PBXFileReference; lastKnownFileType = image.png; path = "queding@2x.png"; sourceTree = "<group>"; };
		C2DDFACB200319FE00454A0A /* queding@3x.png */ = {isa = PBXFileReference; lastKnownFileType = image.png; path = "queding@3x.png"; sourceTree = "<group>"; };
		C2DDFACC200319FE00454A0A /* xuanzhuan@2x.png */ = {isa = PBXFileReference; lastKnownFileType = image.png; path = "xuanzhuan@2x.png"; sourceTree = "<group>"; };
		C2DDFACD200319FE00454A0A /* xuanzhuan@3x.png */ = {isa = PBXFileReference; lastKnownFileType = image.png; path = "xuanzhuan@3x.png"; sourceTree = "<group>"; };
		C2DDFACF200319FE00454A0A /* dengpao@2x.png */ = {isa = PBXFileReference; lastKnownFileType = image.png; path = "dengpao@2x.png"; sourceTree = "<group>"; };
		C2DDFAD0200319FE00454A0A /* dengpao@3x.png */ = {isa = PBXFileReference; lastKnownFileType = image.png; path = "dengpao@3x.png"; sourceTree = "<group>"; };
		C2DDFAD1200319FE00454A0A /* dengpao_dianjihou@2x.png */ = {isa = PBXFileReference; lastKnownFileType = image.png; path = "dengpao_dianjihou@2x.png"; sourceTree = "<group>"; };
		C2DDFAD2200319FE00454A0A /* dengpao_dianjihou@3x.png */ = {isa = PBXFileReference; lastKnownFileType = image.png; path = "dengpao_dianjihou@3x.png"; sourceTree = "<group>"; };
		C2DDFAD3200319FE00454A0A /* guanbi@2x.png */ = {isa = PBXFileReference; lastKnownFileType = image.png; path = "guanbi@2x.png"; sourceTree = "<group>"; };
		C2DDFAD4200319FE00454A0A /* guanbi@3x.png */ = {isa = PBXFileReference; lastKnownFileType = image.png; path = "guanbi@3x.png"; sourceTree = "<group>"; };
		C2DDFAD5200319FE00454A0A /* paizhaoanniu@2x.png */ = {isa = PBXFileReference; lastKnownFileType = image.png; path = "paizhaoanniu@2x.png"; sourceTree = "<group>"; };
		C2DDFAD6200319FE00454A0A /* paizhaoanniu@3x.png */ = {isa = PBXFileReference; lastKnownFileType = image.png; path = "paizhaoanniu@3x.png"; sourceTree = "<group>"; };
		C2DDFAD7200319FE00454A0A /* paizhaoanniu_dianjihou@2x.png */ = {isa = PBXFileReference; lastKnownFileType = image.png; path = "paizhaoanniu_dianjihou@2x.png"; sourceTree = "<group>"; };
		C2DDFAD8200319FE00454A0A /* paizhaoanniu_dianjihou@3x.png */ = {isa = PBXFileReference; lastKnownFileType = image.png; path = "paizhaoanniu_dianjihou@3x.png"; sourceTree = "<group>"; };
		C2DDFAD9200319FE00454A0A /* tuku@2x.png */ = {isa = PBXFileReference; lastKnownFileType = image.png; path = "tuku@2x.png"; sourceTree = "<group>"; };
		C2DDFADA200319FE00454A0A /* tuku@3x.png */ = {isa = PBXFileReference; lastKnownFileType = image.png; path = "tuku@3x.png"; sourceTree = "<group>"; };
		C2DDFADB200319FE00454A0A /* xuxian@2x.png */ = {isa = PBXFileReference; lastKnownFileType = image.png; path = "xuxian@2x.png"; sourceTree = "<group>"; };
		C2DDFADC200319FE00454A0A /* xuxian@3x.png */ = {isa = PBXFileReference; lastKnownFileType = image.png; path = "xuxian@3x.png"; sourceTree = "<group>"; };
		C2DDFADE200319FE00454A0A /* Page 1@2x.png */ = {isa = PBXFileReference; lastKnownFileType = image.png; path = "Page 1@2x.png"; sourceTree = "<group>"; };
		C2DDFADF200319FE00454A0A /* Page 1@3x.png */ = {isa = PBXFileReference; lastKnownFileType = image.png; path = "Page 1@3x.png"; sourceTree = "<group>"; };
		C2DDFAE1200319FE00454A0A /* AipOcrDelegate.h */ = {isa = PBXFileReference; fileEncoding = 4; lastKnownFileType = sourcecode.c.h; path = AipOcrDelegate.h; sourceTree = "<group>"; };
		C2DDFAE2200319FE00454A0A /* AipOcrSdk.h */ = {isa = PBXFileReference; fileEncoding = 4; lastKnownFileType = sourcecode.c.h; path = AipOcrSdk.h; sourceTree = "<group>"; };
		C2DDFAE3200319FE00454A0A /* AipOcrService.h */ = {isa = PBXFileReference; fileEncoding = 4; lastKnownFileType = sourcecode.c.h; path = AipOcrService.h; sourceTree = "<group>"; };
		C2DDFAE4200319FE00454A0A /* AipOcrService.m */ = {isa = PBXFileReference; fileEncoding = 4; lastKnownFileType = sourcecode.c.objc; path = AipOcrService.m; sourceTree = "<group>"; };
		C2DDFAE5200319FE00454A0A /* IOSpeScaleLayoutButton.h */ = {isa = PBXFileReference; fileEncoding = 4; lastKnownFileType = sourcecode.c.h; path = IOSpeScaleLayoutButton.h; sourceTree = "<group>"; };
		C2DDFAE6200319FE00454A0A /* IOSpeScaleLayoutButton.m */ = {isa = PBXFileReference; fileEncoding = 4; lastKnownFileType = sourcecode.c.objc; path = IOSpeScaleLayoutButton.m; sourceTree = "<group>"; };
		C2DDFAE7200319FE00454A0A /* IOSpeScaleLayoutConstraint.h */ = {isa = PBXFileReference; fileEncoding = 4; lastKnownFileType = sourcecode.c.h; path = IOSpeScaleLayoutConstraint.h; sourceTree = "<group>"; };
		C2DDFAE8200319FE00454A0A /* IOSpeScaleLayoutConstraint.m */ = {isa = PBXFileReference; fileEncoding = 4; lastKnownFileType = sourcecode.c.objc; path = IOSpeScaleLayoutConstraint.m; sourceTree = "<group>"; };
		C2DDFAE9200319FE00454A0A /* IOSpeScaleLayoutLabel.h */ = {isa = PBXFileReference; fileEncoding = 4; lastKnownFileType = sourcecode.c.h; path = IOSpeScaleLayoutLabel.h; sourceTree = "<group>"; };
		C2DDFAEA200319FE00454A0A /* IOSpeScaleLayoutLabel.m */ = {isa = PBXFileReference; fileEncoding = 4; lastKnownFileType = sourcecode.c.objc; path = IOSpeScaleLayoutLabel.m; sourceTree = "<group>"; };
		C2DDFAEB200319FE00454A0A /* TestImages.h */ = {isa = PBXFileReference; fileEncoding = 4; lastKnownFileType = sourcecode.c.h; path = TestImages.h; sourceTree = "<group>"; };
		C2DDFAED200319FE00454A0A /* AipCameraPreviewView.h */ = {isa = PBXFileReference; fileEncoding = 4; lastKnownFileType = sourcecode.c.h; path = AipCameraPreviewView.h; sourceTree = "<group>"; };
		C2DDFAEE200319FE00454A0A /* AipCameraPreviewView.m */ = {isa = PBXFileReference; fileEncoding = 4; lastKnownFileType = sourcecode.c.objc; path = AipCameraPreviewView.m; sourceTree = "<group>"; };
		C2DDFAEF200319FE00454A0A /* AipCutImageView.h */ = {isa = PBXFileReference; fileEncoding = 4; lastKnownFileType = sourcecode.c.h; path = AipCutImageView.h; sourceTree = "<group>"; };
		C2DDFAF0200319FE00454A0A /* AipCutImageView.m */ = {isa = PBXFileReference; fileEncoding = 4; lastKnownFileType = sourcecode.c.objc; path = AipCutImageView.m; sourceTree = "<group>"; };
		C2DDFAF1200319FE00454A0A /* AipImageView.h */ = {isa = PBXFileReference; fileEncoding = 4; lastKnownFileType = sourcecode.c.h; path = AipImageView.h; sourceTree = "<group>"; };
		C2DDFAF2200319FE00454A0A /* AipImageView.m */ = {isa = PBXFileReference; fileEncoding = 4; lastKnownFileType = sourcecode.c.objc; path = AipImageView.m; sourceTree = "<group>"; };
		C2DDFAF4200319FE00454A0A /* AipCameraController.h */ = {isa = PBXFileReference; fileEncoding = 4; lastKnownFileType = sourcecode.c.h; path = AipCameraController.h; sourceTree = "<group>"; };
		C2DDFAF5200319FE00454A0A /* AipCameraController.m */ = {isa = PBXFileReference; fileEncoding = 4; lastKnownFileType = sourcecode.c.objc; path = AipCameraController.m; sourceTree = "<group>"; };
		C2DDFAF6200319FE00454A0A /* AipCaptureCardVC.h */ = {isa = PBXFileReference; fileEncoding = 4; lastKnownFileType = sourcecode.c.h; path = AipCaptureCardVC.h; sourceTree = "<group>"; };
		C2DDFAF7200319FE00454A0A /* AipCaptureCardVC.m */ = {isa = PBXFileReference; fileEncoding = 4; lastKnownFileType = sourcecode.c.objc; path = AipCaptureCardVC.m; sourceTree = "<group>"; };
		C2DDFAF8200319FE00454A0A /* AipGeneralVC.h */ = {isa = PBXFileReference; fileEncoding = 4; lastKnownFileType = sourcecode.c.h; path = AipGeneralVC.h; sourceTree = "<group>"; };
		C2DDFAF9200319FE00454A0A /* AipGeneralVC.m */ = {isa = PBXFileReference; fileEncoding = 4; lastKnownFileType = sourcecode.c.objc; path = AipGeneralVC.m; sourceTree = "<group>"; };
		C2DDFAFA200319FE00454A0A /* AipNavigationController.h */ = {isa = PBXFileReference; fileEncoding = 4; lastKnownFileType = sourcecode.c.h; path = AipNavigationController.h; sourceTree = "<group>"; };
		C2DDFAFB200319FE00454A0A /* AipNavigationController.m */ = {isa = PBXFileReference; fileEncoding = 4; lastKnownFileType = sourcecode.c.objc; path = AipNavigationController.m; sourceTree = "<group>"; };
		C2DDFB2120031F4600454A0A /* RealNameProgressView.m */ = {isa = PBXFileReference; fileEncoding = 4; lastKnownFileType = sourcecode.c.objc; path = RealNameProgressView.m; sourceTree = "<group>"; };
		C2DDFB2220031F4600454A0A /* RealNameProgressView.h */ = {isa = PBXFileReference; fileEncoding = 4; lastKnownFileType = sourcecode.c.h; path = RealNameProgressView.h; sourceTree = "<group>"; };
		C2DDFB2520031F5A00454A0A /* AddIDCardView.h */ = {isa = PBXFileReference; fileEncoding = 4; lastKnownFileType = sourcecode.c.h; path = AddIDCardView.h; sourceTree = "<group>"; };
		C2DDFB2720031F7700454A0A /* CreditScoreCardView.m */ = {isa = PBXFileReference; fileEncoding = 4; lastKnownFileType = sourcecode.c.objc; path = CreditScoreCardView.m; sourceTree = "<group>"; };
		C2DDFB2820031F7800454A0A /* CreditScoreCardView.h */ = {isa = PBXFileReference; fileEncoding = 4; lastKnownFileType = sourcecode.c.h; path = CreditScoreCardView.h; sourceTree = "<group>"; };
		C2DDFB2A20031FAA00454A0A /* BottomBtnView.h */ = {isa = PBXFileReference; fileEncoding = 4; lastKnownFileType = sourcecode.c.h; path = BottomBtnView.h; sourceTree = "<group>"; };
		C2DDFB30200320F600454A0A /* RealNameAddImageView.h */ = {isa = PBXFileReference; fileEncoding = 4; lastKnownFileType = sourcecode.c.h; path = RealNameAddImageView.h; sourceTree = "<group>"; };
		C2DDFB31200320F600454A0A /* RealNameAddImageView.m */ = {isa = PBXFileReference; fileEncoding = 4; lastKnownFileType = sourcecode.c.objc; path = RealNameAddImageView.m; sourceTree = "<group>"; };
		C2DDFB33200322B800454A0A /* UIImage+KaKao.h */ = {isa = PBXFileReference; fileEncoding = 4; lastKnownFileType = sourcecode.c.h; path = "UIImage+KaKao.h"; sourceTree = "<group>"; };
		C2DDFB34200322B800454A0A /* UIImage+KaKao.m */ = {isa = PBXFileReference; fileEncoding = 4; lastKnownFileType = sourcecode.c.objc; path = "UIImage+KaKao.m"; sourceTree = "<group>"; };
		C2DDFB36200323AC00454A0A /* RealNameProgressItemView.h */ = {isa = PBXFileReference; fileEncoding = 4; lastKnownFileType = sourcecode.c.h; path = RealNameProgressItemView.h; sourceTree = "<group>"; };
		C2DDFB37200323AC00454A0A /* RealNameProgressItemView.m */ = {isa = PBXFileReference; fileEncoding = 4; lastKnownFileType = sourcecode.c.objc; path = RealNameProgressItemView.m; sourceTree = "<group>"; };
		C2DDFB392003264F00454A0A /* BottomBtnView.m */ = {isa = PBXFileReference; fileEncoding = 4; lastKnownFileType = sourcecode.c.objc; path = BottomBtnView.m; sourceTree = "<group>"; };
		C2DDFB3B20033DAA00454A0A /* image.xcassets */ = {isa = PBXFileReference; lastKnownFileType = folder.assetcatalog; path = image.xcassets; sourceTree = "<group>"; };
		C2DDFB3D2003506000454A0A /* AddImageViewController.h */ = {isa = PBXFileReference; lastKnownFileType = sourcecode.c.h; path = AddImageViewController.h; sourceTree = "<group>"; };
		C2DDFB3E2003506000454A0A /* AddImageViewController.m */ = {isa = PBXFileReference; lastKnownFileType = sourcecode.c.objc; path = AddImageViewController.m; sourceTree = "<group>"; };
		C2DDFB402003579700454A0A /* ImageCell.h */ = {isa = PBXFileReference; lastKnownFileType = sourcecode.c.h; path = ImageCell.h; sourceTree = "<group>"; };
		C2DDFB412003579700454A0A /* ImageCell.m */ = {isa = PBXFileReference; lastKnownFileType = sourcecode.c.objc; path = ImageCell.m; sourceTree = "<group>"; };
		C2EB63621FB05500008B0A57 /* AddressBookViewController.h */ = {isa = PBXFileReference; lastKnownFileType = sourcecode.c.h; path = AddressBookViewController.h; sourceTree = "<group>"; };
		C2EB63631FB05500008B0A57 /* AddressBookViewController.m */ = {isa = PBXFileReference; lastKnownFileType = sourcecode.c.objc; path = AddressBookViewController.m; sourceTree = "<group>"; };
		C41EE10A5322E24B0FEACDD6 /* Pods-LoveQi.release.xcconfig */ = {isa = PBXFileReference; includeInIndex = 1; lastKnownFileType = text.xcconfig; name = "Pods-LoveQi.release.xcconfig"; path = "Pods/Target Support Files/Pods-LoveQi/Pods-LoveQi.release.xcconfig"; sourceTree = "<group>"; };
		E70B79782021989000A4F344 /* AddIDCardView.m */ = {isa = PBXFileReference; fileEncoding = 4; lastKnownFileType = sourcecode.c.objc; path = AddIDCardView.m; sourceTree = "<group>"; };
		E7145D982021AF82004F4792 /* MeiTuanDeatilViewController.h */ = {isa = PBXFileReference; lastKnownFileType = sourcecode.c.h; path = MeiTuanDeatilViewController.h; sourceTree = "<group>"; };
		E7145D992021AF82004F4792 /* MeiTuanDeatilViewController.m */ = {isa = PBXFileReference; lastKnownFileType = sourcecode.c.objc; path = MeiTuanDeatilViewController.m; sourceTree = "<group>"; };
		E7196CF12022B4480068B4BF /* RunloopViewController.h */ = {isa = PBXFileReference; lastKnownFileType = sourcecode.c.h; path = RunloopViewController.h; sourceTree = "<group>"; };
		E7196CF22022B4480068B4BF /* RunloopViewController.m */ = {isa = PBXFileReference; lastKnownFileType = sourcecode.c.objc; path = RunloopViewController.m; sourceTree = "<group>"; };
		E74E331720467AD1003D2CF1 /* PlayerHander.h */ = {isa = PBXFileReference; lastKnownFileType = sourcecode.c.h; path = PlayerHander.h; sourceTree = "<group>"; };
		E74E331820467AD1003D2CF1 /* PlayerHander.m */ = {isa = PBXFileReference; lastKnownFileType = sourcecode.c.objc; path = PlayerHander.m; sourceTree = "<group>"; };
		E76491362047E2F4007A4CAE /* CityRequest.h */ = {isa = PBXFileReference; lastKnownFileType = sourcecode.c.h; path = CityRequest.h; sourceTree = "<group>"; };
		E76491372047E2F4007A4CAE /* CityRequest.m */ = {isa = PBXFileReference; lastKnownFileType = sourcecode.c.objc; path = CityRequest.m; sourceTree = "<group>"; };
		E76D29502028075800EC41C7 /* SocketViewController.h */ = {isa = PBXFileReference; lastKnownFileType = sourcecode.c.h; path = SocketViewController.h; sourceTree = "<group>"; };
		E76D29512028075800EC41C7 /* SocketViewController.m */ = {isa = PBXFileReference; lastKnownFileType = sourcecode.c.objc; path = SocketViewController.m; sourceTree = "<group>"; };
		E7B610442022F0D5000E4188 /* DynamicMenuViewController.h */ = {isa = PBXFileReference; lastKnownFileType = sourcecode.c.h; path = DynamicMenuViewController.h; sourceTree = "<group>"; };
		E7B610452022F0D5000E4188 /* DynamicMenuViewController.m */ = {isa = PBXFileReference; lastKnownFileType = sourcecode.c.objc; path = DynamicMenuViewController.m; sourceTree = "<group>"; };
		E7B610472022F0F7000E4188 /* MenuItemView.h */ = {isa = PBXFileReference; lastKnownFileType = sourcecode.c.h; path = MenuItemView.h; sourceTree = "<group>"; };
		E7B610482022F0F7000E4188 /* MenuItemView.m */ = {isa = PBXFileReference; lastKnownFileType = sourcecode.c.objc; path = MenuItemView.m; sourceTree = "<group>"; };
		E7B6104A2022F457000E4188 /* MenuModel.h */ = {isa = PBXFileReference; lastKnownFileType = sourcecode.c.h; path = MenuModel.h; sourceTree = "<group>"; };
		E7B6104B2022F457000E4188 /* MenuModel.m */ = {isa = PBXFileReference; lastKnownFileType = sourcecode.c.objc; path = MenuModel.m; sourceTree = "<group>"; };
		E7B6104E2022F663000E4188 /* MenuRequest.h */ = {isa = PBXFileReference; lastKnownFileType = sourcecode.c.h; path = MenuRequest.h; sourceTree = "<group>"; };
		E7B6104F2022F663000E4188 /* MenuRequest.m */ = {isa = PBXFileReference; lastKnownFileType = sourcecode.c.objc; path = MenuRequest.m; sourceTree = "<group>"; };
		E7B6105120230789000E4188 /* MenuViewManger.h */ = {isa = PBXFileReference; lastKnownFileType = sourcecode.c.h; path = MenuViewManger.h; sourceTree = "<group>"; };
		E7B6105220230789000E4188 /* MenuViewManger.m */ = {isa = PBXFileReference; lastKnownFileType = sourcecode.c.objc; path = MenuViewManger.m; sourceTree = "<group>"; };
		FCEB03AB92596D867E27E643 /* libPods-LoveQiWidget.a */ = {isa = PBXFileReference; explicitFileType = archive.ar; includeInIndex = 0; path = "libPods-LoveQiWidget.a"; sourceTree = BUILT_PRODUCTS_DIR; };
/* End PBXFileReference section */

/* Begin PBXFrameworksBuildPhase section */
		0A963A071E42398800B4F626 /* Frameworks */ = {
			isa = PBXFrameworksBuildPhase;
			buildActionMask = 2147483647;
			files = (
				0A963A0C1E42398800B4F626 /* NotificationCenter.framework in Frameworks */,
			);
			runOnlyForDeploymentPostprocessing = 0;
		};
		C2CE1BF41E2E2347003AE6D3 /* Frameworks */ = {
			isa = PBXFrameworksBuildPhase;
			buildActionMask = 2147483647;
			files = (
				C2DDFAFC200319FE00454A0A /* AipBase.framework in Frameworks */,
				C2DDFA5D200309EE00454A0A /* CoreFoundation.framework in Frameworks */,
				C2DDFA5B200307D800454A0A /* SystemConfiguration.framework in Frameworks */,
				C2DDFA59200307CE00454A0A /* CFNetwork.framework in Frameworks */,
				C2DDFA57200307C000454A0A /* Security.framework in Frameworks */,
				C2DDFA55200307B900454A0A /* libc++.tbd in Frameworks */,
				C2DDFA53200307B100454A0A /* libz.tbd in Frameworks */,
				51797A3810964178EDCD4186 /* libPods-LoveQi.a in Frameworks */,
				C294BCB01FF3A20B0041C90A /* AlipaySDK.framework in Frameworks */,
			);
			runOnlyForDeploymentPostprocessing = 0;
		};
/* End PBXFrameworksBuildPhase section */

/* Begin PBXGroup section */
		09814C739295F6B0A960080C /* Frameworks */ = {
			isa = PBXGroup;
			children = (
				C2DDFA5C200309EE00454A0A /* CoreFoundation.framework */,
				C2DDFA5A200307D800454A0A /* SystemConfiguration.framework */,
				C2DDFA58200307CE00454A0A /* CFNetwork.framework */,
				C2DDFA56200307C000454A0A /* Security.framework */,
				C2DDFA54200307B900454A0A /* libc++.tbd */,
				C2DDFA52200307B100454A0A /* libz.tbd */,
				0A963A1F1E4246CF00B4F626 /* libPods-LoveQiWidget.a */,
				0A963A1C1E42465000B4F626 /* libPods-LoveQiWidget.a */,
				5F73172D3C7F27BD14CD5B03 /* libPods-LoveQi.a */,
				0A963A0B1E42398800B4F626 /* NotificationCenter.framework */,
				FCEB03AB92596D867E27E643 /* libPods-LoveQiWidget.a */,
			);
			name = Frameworks;
			sourceTree = "<group>";
		};
		0A963A0D1E42398800B4F626 /* LoveQiWidget */ = {
			isa = PBXGroup;
			children = (
				0A963A0E1E42398800B4F626 /* TodayViewController.h */,
				0A963A0F1E42398800B4F626 /* TodayViewController.m */,
				0A963A141E42398800B4F626 /* Info.plist */,
			);
			path = LoveQiWidget;
			sourceTree = "<group>";
		};
		89DA11229FF76934AD079537 /* Pods */ = {
			isa = PBXGroup;
			children = (
				4D08DA4073AEB9E969B717BA /* Pods-LoveQi.debug.xcconfig */,
				C41EE10A5322E24B0FEACDD6 /* Pods-LoveQi.release.xcconfig */,
				7B046D9007E92605EB7383E6 /* Pods-LoveQi.dev.xcconfig */,
				0CA9EAB0D58C4296471EFF44 /* Pods-LoveQi.test.xcconfig */,
			);
			name = Pods;
			sourceTree = "<group>";
		};
		C2589DB31F83FA65007736C7 /* Today */ = {
			isa = PBXGroup;
			children = (
				E7B6104D2022F63C000E4188 /* Net */,
				C2589DB41F83FA65007736C7 /* Controller */,
				C2589DBB1F83FA65007736C7 /* Model */,
				C2589DC01F83FA65007736C7 /* View */,
			);
			path = Today;
			sourceTree = "<group>";
		};
		C2589DB41F83FA65007736C7 /* Controller */ = {
			isa = PBXGroup;
			children = (
				C2589DB51F83FA65007736C7 /* AddEvevtVC.h */,
				C2589DB61F83FA65007736C7 /* AddEvevtVC.m */,
				C2589DB71F83FA65007736C7 /* RootViewController.h */,
				C2589DB81F83FA65007736C7 /* RootViewController.m */,
				C2589DB91F83FA65007736C7 /* SQLViewconTroller.h */,
				C2589DBA1F83FA65007736C7 /* SQLViewconTroller.m */,
				C2589DDC1F849E3D007736C7 /* PhotoViewController.h */,
				C2589DDD1F849E3D007736C7 /* PhotoViewController.m */,
				C2EB63621FB05500008B0A57 /* AddressBookViewController.h */,
				C2EB63631FB05500008B0A57 /* AddressBookViewController.m */,
				C289F18B1FF11D16009F6D3D /* RefreshViewController.h */,
				C289F18C1FF11D16009F6D3D /* RefreshViewController.m */,
				C29868041FF233F800155F52 /* WebViewController.h */,
				C29868051FF233F800155F52 /* WebViewController.m */,
				C2DDFA4F2002FF8600454A0A /* RealNameViewController.h */,
				C2DDFA502002FF8600454A0A /* RealNameViewController.m */,
				C2DDFB3D2003506000454A0A /* AddImageViewController.h */,
				C2DDFB3E2003506000454A0A /* AddImageViewController.m */,
				E7145D982021AF82004F4792 /* MeiTuanDeatilViewController.h */,
				E7145D992021AF82004F4792 /* MeiTuanDeatilViewController.m */,
				E7196CF12022B4480068B4BF /* RunloopViewController.h */,
				E7196CF22022B4480068B4BF /* RunloopViewController.m */,
				E7B610442022F0D5000E4188 /* DynamicMenuViewController.h */,
				E7B610452022F0D5000E4188 /* DynamicMenuViewController.m */,
				E76D29502028075800EC41C7 /* SocketViewController.h */,
				E76D29512028075800EC41C7 /* SocketViewController.m */,
			);
			path = Controller;
			sourceTree = "<group>";
		};
		C2589DBB1F83FA65007736C7 /* Model */ = {
			isa = PBXGroup;
			children = (
				C2589DBC1F83FA65007736C7 /* DataBaseHander.h */,
				C2589DBD1F83FA65007736C7 /* DataBaseHander.m */,
				C2589DBE1F83FA65007736C7 /* DateModel.h */,
				C2589DBF1F83FA65007736C7 /* DateModel.m */,
				C2589DDF1F851EF9007736C7 /* PhotoManger.h */,
				C2589DE01F851EF9007736C7 /* PhotoManger.m */,
				C2589DE51F853A4E007736C7 /* PhotoCell.h */,
				C2589DE61F853A4E007736C7 /* PhotoCell.m */,
				C2589DE81F8626E8007736C7 /* IMManger.h */,
				C2589DE91F8626E8007736C7 /* IMManger.m */,
				C297182B1FAAB28700D2D599 /* JumpVCHandler.h */,
				C297182C1FAAB28700D2D599 /* JumpVCHandler.m */,
				C268D7491FCD524100872615 /* CrashHandle.h */,
				C268D74A1FCD524100872615 /* CrashHandle.m */,
				E7B6104A2022F457000E4188 /* MenuModel.h */,
				E7B6104B2022F457000E4188 /* MenuModel.m */,
			);
			path = Model;
			sourceTree = "<group>";
		};
		C2589DC01F83FA65007736C7 /* View */ = {
			isa = PBXGroup;
			children = (
				C2DDFB36200323AC00454A0A /* RealNameProgressItemView.h */,
				C2DDFB37200323AC00454A0A /* RealNameProgressItemView.m */,
				C2DDFB30200320F600454A0A /* RealNameAddImageView.h */,
				C2DDFB31200320F600454A0A /* RealNameAddImageView.m */,
				C2DDFB2A20031FAA00454A0A /* BottomBtnView.h */,
				C2DDFB392003264F00454A0A /* BottomBtnView.m */,
				C2DDFB2820031F7800454A0A /* CreditScoreCardView.h */,
				C2DDFB2720031F7700454A0A /* CreditScoreCardView.m */,
				C2DDFB2520031F5A00454A0A /* AddIDCardView.h */,
				E70B79782021989000A4F344 /* AddIDCardView.m */,
				C2DDFB2220031F4600454A0A /* RealNameProgressView.h */,
				C2DDFB2120031F4600454A0A /* RealNameProgressView.m */,
				C2589DC11F83FA65007736C7 /* AddEventView.h */,
				C2589DC21F83FA65007736C7 /* AddEventView.m */,
				C2589DC31F83FA65007736C7 /* BtnColumnView.h */,
				C2589DC41F83FA65007736C7 /* BtnColumnView.m */,
				C2589DC51F83FA65007736C7 /* JumpDateView.h */,
				C2589DC61F83FA65007736C7 /* JumpDateView.m */,
				C2589DC71F83FA65007736C7 /* LaunchImageView.h */,
				C2589DC81F83FA65007736C7 /* LaunchImageView.m */,
				C2589DC91F83FA65007736C7 /* LQItem.h */,
				C2589DCA1F83FA65007736C7 /* LQItem.m */,
				C2589DCB1F83FA65007736C7 /* LQItemView.h */,
				C2589DCC1F83FA65007736C7 /* LQItemView.m */,
				C2589DE21F8521BE007736C7 /* AddImageBottomView.h */,
				C2589DE31F8521BE007736C7 /* AddImageBottomView.m */,
				C29867FA1FF1FA6D00155F52 /* MRJFooter.h */,
				C29867FB1FF1FA6D00155F52 /* MRJFooter.m */,
				C29867FD1FF1FB0600155F52 /* MRJHeader.h */,
				C29867FE1FF1FB0600155F52 /* MRJHeader.m */,
				C2DDFB33200322B800454A0A /* UIImage+KaKao.h */,
				C2DDFB34200322B800454A0A /* UIImage+KaKao.m */,
				C2DDFB402003579700454A0A /* ImageCell.h */,
				C2DDFB412003579700454A0A /* ImageCell.m */,
				E7B6105120230789000E4188 /* MenuViewManger.h */,
				E7B6105220230789000E4188 /* MenuViewManger.m */,
				E7B610472022F0F7000E4188 /* MenuItemView.h */,
				E7B610482022F0F7000E4188 /* MenuItemView.m */,
			);
			path = View;
			sourceTree = "<group>";
		};
		C2589DD81F83FA7B007736C7 /* Appdelegate */ = {
			isa = PBXGroup;
			children = (
				C2589DD91F83FA7B007736C7 /* AppDelegate.h */,
				C2589DDA1F83FA7B007736C7 /* AppDelegate.m */,
			);
			path = Appdelegate;
			sourceTree = "<group>";
		};
		C2CE1BEE1E2E2347003AE6D3 = {
			isa = PBXGroup;
			children = (
				C2DDFB3B20033DAA00454A0A /* image.xcassets */,
				C2DDFAC2200319FE00454A0A /* BaiduAip */,
				C294BCAD1FF3A2050041C90A /* AlipaySDK.bundle */,
				C294BCAE1FF3A20B0041C90A /* AlipaySDK.framework */,
				C2CE1BF91E2E2347003AE6D3 /* LoveQi */,
				0A963A0D1E42398800B4F626 /* LoveQiWidget */,
				C2CE1BF81E2E2347003AE6D3 /* Products */,
				89DA11229FF76934AD079537 /* Pods */,
				09814C739295F6B0A960080C /* Frameworks */,
			);
			sourceTree = "<group>";
		};
		C2CE1BF81E2E2347003AE6D3 /* Products */ = {
			isa = PBXGroup;
			children = (
				C2CE1BF71E2E2347003AE6D3 /* LoveQi.app */,
				0A963A0A1E42398800B4F626 /* LoveQiWidget.appex */,
			);
			name = Products;
			sourceTree = "<group>";
		};
		C2CE1BF91E2E2347003AE6D3 /* LoveQi */ = {
			isa = PBXGroup;
			children = (
				E764912F2047D724007A4CAE /* SelectCity */,
				E74E331620467AA6003D2CF1 /* Player */,
				E7E67BF72019A97000920C7C /* Database */,
				E7E67BF62019A97000920C7C /* Log */,
				E7E67BF42019A97000920C7C /* Network */,
				E7E67BF32019A8DD00920C7C /* Util */,
				C2589DD81F83FA7B007736C7 /* Appdelegate */,
				C2589DB31F83FA65007736C7 /* Today */,
				0A7AFF591E41DB8C0071B29B /* ico */,
				0ACF68A51E3F7E7000BEA229 /* biaoqing */,
				0ACF68A01E3F252700BEA229 /* 001.JPG */,
				0A87B9711E3CB11D00C3CD15 /* Header.h */,
				0ACF68971E3DDAA800BEA229 /* PrefixHeader.pch */,
				C2CE1C061E2E2347003AE6D3 /* Assets.xcassets */,
				C2CE1C0B1E2E2347003AE6D3 /* Info.plist */,
				C2CE1BFA1E2E2347003AE6D3 /* Supporting Files */,
			);
			path = LoveQi;
			sourceTree = "<group>";
		};
		C2CE1BFA1E2E2347003AE6D3 /* Supporting Files */ = {
			isa = PBXGroup;
			children = (
				C2CE1BFB1E2E2347003AE6D3 /* main.m */,
			);
			name = "Supporting Files";
			sourceTree = "<group>";
		};
		C2DDFAC2200319FE00454A0A /* BaiduAip */ = {
			isa = PBXGroup;
			children = (
				C2DDFAC3200319FE00454A0A /* AipBase.framework */,
				C2DDFAC4200319FE00454A0A /* AipOcrBundle */,
				C2DDFAE0200319FE00454A0A /* AipOcrSdk */,
			);
			path = BaiduAip;
			sourceTree = "<group>";
		};
		C2DDFAC4200319FE00454A0A /* AipOcrBundle */ = {
			isa = PBXGroup;
			children = (
				C2DDFAC5200319FE00454A0A /* AipOcrSdk.storyboard */,
				C2DDFAC6200319FE00454A0A /* 切图 */,
			);
			path = AipOcrBundle;
			sourceTree = "<group>";
		};
		C2DDFAC6200319FE00454A0A /* 切图 */ = {
			isa = PBXGroup;
			children = (
				C2DDFAC7200319FE00454A0A /* 裁剪页 */,
				C2DDFACE200319FE00454A0A /* 身份证-正面 */,
				C2DDFADD200319FE00454A0A /* 身份证-背面 */,
			);
			path = "切图";
			sourceTree = "<group>";
		};
		C2DDFAC7200319FE00454A0A /* 裁剪页 */ = {
			isa = PBXGroup;
			children = (
				C2DDFAC8200319FE00454A0A /* guan@2x.png */,
				C2DDFAC9200319FE00454A0A /* guan@3x.png */,
				C2DDFACA200319FE00454A0A /* queding@2x.png */,
				C2DDFACB200319FE00454A0A /* queding@3x.png */,
				C2DDFACC200319FE00454A0A /* xuanzhuan@2x.png */,
				C2DDFACD200319FE00454A0A /* xuanzhuan@3x.png */,
			);
			path = "裁剪页";
			sourceTree = "<group>";
		};
		C2DDFACE200319FE00454A0A /* 身份证-正面 */ = {
			isa = PBXGroup;
			children = (
				C2DDFACF200319FE00454A0A /* dengpao@2x.png */,
				C2DDFAD0200319FE00454A0A /* dengpao@3x.png */,
				C2DDFAD1200319FE00454A0A /* dengpao_dianjihou@2x.png */,
				C2DDFAD2200319FE00454A0A /* dengpao_dianjihou@3x.png */,
				C2DDFAD3200319FE00454A0A /* guanbi@2x.png */,
				C2DDFAD4200319FE00454A0A /* guanbi@3x.png */,
				C2DDFAD5200319FE00454A0A /* paizhaoanniu@2x.png */,
				C2DDFAD6200319FE00454A0A /* paizhaoanniu@3x.png */,
				C2DDFAD7200319FE00454A0A /* paizhaoanniu_dianjihou@2x.png */,
				C2DDFAD8200319FE00454A0A /* paizhaoanniu_dianjihou@3x.png */,
				C2DDFAD9200319FE00454A0A /* tuku@2x.png */,
				C2DDFADA200319FE00454A0A /* tuku@3x.png */,
				C2DDFADB200319FE00454A0A /* xuxian@2x.png */,
				C2DDFADC200319FE00454A0A /* xuxian@3x.png */,
			);
			path = "身份证-正面";
			sourceTree = "<group>";
		};
		C2DDFADD200319FE00454A0A /* 身份证-背面 */ = {
			isa = PBXGroup;
			children = (
				C2DDFADE200319FE00454A0A /* Page 1@2x.png */,
				C2DDFADF200319FE00454A0A /* Page 1@3x.png */,
			);
			path = "身份证-背面";
			sourceTree = "<group>";
		};
		C2DDFAE0200319FE00454A0A /* AipOcrSdk */ = {
			isa = PBXGroup;
			children = (
				C2DDFAE1200319FE00454A0A /* AipOcrDelegate.h */,
				C2DDFAE2200319FE00454A0A /* AipOcrSdk.h */,
				C2DDFAE3200319FE00454A0A /* AipOcrService.h */,
				C2DDFAE4200319FE00454A0A /* AipOcrService.m */,
				C2DDFAE5200319FE00454A0A /* IOSpeScaleLayoutButton.h */,
				C2DDFAE6200319FE00454A0A /* IOSpeScaleLayoutButton.m */,
				C2DDFAE7200319FE00454A0A /* IOSpeScaleLayoutConstraint.h */,
				C2DDFAE8200319FE00454A0A /* IOSpeScaleLayoutConstraint.m */,
				C2DDFAE9200319FE00454A0A /* IOSpeScaleLayoutLabel.h */,
				C2DDFAEA200319FE00454A0A /* IOSpeScaleLayoutLabel.m */,
				C2DDFAEB200319FE00454A0A /* TestImages.h */,
				C2DDFAEC200319FE00454A0A /* View */,
				C2DDFAF3200319FE00454A0A /* ViewController */,
			);
			path = AipOcrSdk;
			sourceTree = "<group>";
		};
		C2DDFAEC200319FE00454A0A /* View */ = {
			isa = PBXGroup;
			children = (
				C2DDFAED200319FE00454A0A /* AipCameraPreviewView.h */,
				C2DDFAEE200319FE00454A0A /* AipCameraPreviewView.m */,
				C2DDFAEF200319FE00454A0A /* AipCutImageView.h */,
				C2DDFAF0200319FE00454A0A /* AipCutImageView.m */,
				C2DDFAF1200319FE00454A0A /* AipImageView.h */,
				C2DDFAF2200319FE00454A0A /* AipImageView.m */,
			);
			path = View;
			sourceTree = "<group>";
		};
		C2DDFAF3200319FE00454A0A /* ViewController */ = {
			isa = PBXGroup;
			children = (
				C2DDFAF4200319FE00454A0A /* AipCameraController.h */,
				C2DDFAF5200319FE00454A0A /* AipCameraController.m */,
				C2DDFAF6200319FE00454A0A /* AipCaptureCardVC.h */,
				C2DDFAF7200319FE00454A0A /* AipCaptureCardVC.m */,
				C2DDFAF8200319FE00454A0A /* AipGeneralVC.h */,
				C2DDFAF9200319FE00454A0A /* AipGeneralVC.m */,
				C2DDFAFA200319FE00454A0A /* AipNavigationController.h */,
				C2DDFAFB200319FE00454A0A /* AipNavigationController.m */,
			);
			path = ViewController;
			sourceTree = "<group>";
		};
		E74E331620467AA6003D2CF1 /* Player */ = {
			isa = PBXGroup;
			children = (
				E74E331720467AD1003D2CF1 /* PlayerHander.h */,
				E74E331820467AD1003D2CF1 /* PlayerHander.m */,
			);
			path = Player;
			sourceTree = "<group>";
		};
		E764912F2047D724007A4CAE /* SelectCity */ = {
			isa = PBXGroup;
			children = (
			);
			path = SelectCity;
			sourceTree = "<group>";
		};
		E7B6104D2022F63C000E4188 /* Net */ = {
			isa = PBXGroup;
			children = (
				E7B6104E2022F663000E4188 /* MenuRequest.h */,
				E7B6104F2022F663000E4188 /* MenuRequest.m */,
				E76491362047E2F4007A4CAE /* CityRequest.h */,
				E76491372047E2F4007A4CAE /* CityRequest.m */,
			);
			path = Net;
			sourceTree = "<group>";
		};
		E7E67BF32019A8DD00920C7C /* Util */ = {
			isa = PBXGroup;
			children = (
			);
			path = Util;
			sourceTree = "<group>";
		};
		E7E67BF42019A97000920C7C /* Network */ = {
			isa = PBXGroup;
			children = (
			);
			path = Network;
			sourceTree = "<group>";
		};
		E7E67BF62019A97000920C7C /* Log */ = {
			isa = PBXGroup;
			children = (
			);
			path = Log;
			sourceTree = "<group>";
		};
		E7E67BF72019A97000920C7C /* Database */ = {
			isa = PBXGroup;
			children = (
			);
			path = Database;
			sourceTree = "<group>";
		};
/* End PBXGroup section */

/* Begin PBXNativeTarget section */
		0A963A091E42398800B4F626 /* LoveQiWidget */ = {
			isa = PBXNativeTarget;
			buildConfigurationList = 0A963A1A1E42398800B4F626 /* Build configuration list for PBXNativeTarget "LoveQiWidget" */;
			buildPhases = (
				0A963A061E42398800B4F626 /* Sources */,
				0A963A071E42398800B4F626 /* Frameworks */,
				0A963A081E42398800B4F626 /* Resources */,
			);
			buildRules = (
			);
			dependencies = (
			);
			name = LoveQiWidget;
			productName = LoveQiWidget;
			productReference = 0A963A0A1E42398800B4F626 /* LoveQiWidget.appex */;
			productType = "com.apple.product-type.app-extension";
		};
		C2CE1BF61E2E2347003AE6D3 /* LoveQi */ = {
			isa = PBXNativeTarget;
			buildConfigurationList = C2CE1C241E2E2347003AE6D3 /* Build configuration list for PBXNativeTarget "LoveQi" */;
			buildPhases = (
				C77BBC458557E2B5D5C3EA8E /* [CP] Check Pods Manifest.lock */,
				C2CE1BF31E2E2347003AE6D3 /* Sources */,
				C2CE1BF41E2E2347003AE6D3 /* Frameworks */,
				C2CE1BF51E2E2347003AE6D3 /* Resources */,
				0110E71C65348CEB9786EADE /* [CP] Embed Pods Frameworks */,
				2DC501E749F40AB2DB357A71 /* [CP] Copy Pods Resources */,
				0A963A1B1E42398800B4F626 /* Embed App Extensions */,
				C2DDFB1F20031B6700454A0A /* CopyFiles */,
			);
			buildRules = (
			);
			dependencies = (
				0A963A161E42398800B4F626 /* PBXTargetDependency */,
			);
			name = LoveQi;
			productName = LoveQi;
			productReference = C2CE1BF71E2E2347003AE6D3 /* LoveQi.app */;
			productType = "com.apple.product-type.application";
		};
/* End PBXNativeTarget section */

/* Begin PBXProject section */
		C2CE1BEF1E2E2347003AE6D3 /* Project object */ = {
			isa = PBXProject;
			attributes = {
				LastUpgradeCheck = 0810;
				ORGANIZATIONNAME = "李琦";
				TargetAttributes = {
					0A963A091E42398800B4F626 = {
						CreatedOnToolsVersion = 8.2.1;
						DevelopmentTeam = W3S42S92Y7;
						ProvisioningStyle = Automatic;
					};
					C2CE1BF61E2E2347003AE6D3 = {
						CreatedOnToolsVersion = 8.1;
						DevelopmentTeam = W3S42S92Y7;
						ProvisioningStyle = Automatic;
					};
				};
			};
			buildConfigurationList = C2CE1BF21E2E2347003AE6D3 /* Build configuration list for PBXProject "LoveQi" */;
			compatibilityVersion = "Xcode 3.2";
			developmentRegion = English;
			hasScannedForEncodings = 0;
			knownRegions = (
				en,
				Base,
			);
			mainGroup = C2CE1BEE1E2E2347003AE6D3;
			productRefGroup = C2CE1BF81E2E2347003AE6D3 /* Products */;
			projectDirPath = "";
			projectRoot = "";
			targets = (
				C2CE1BF61E2E2347003AE6D3 /* LoveQi */,
				0A963A091E42398800B4F626 /* LoveQiWidget */,
			);
		};
/* End PBXProject section */

/* Begin PBXResourcesBuildPhase section */
		0A963A081E42398800B4F626 /* Resources */ = {
			isa = PBXResourcesBuildPhase;
			buildActionMask = 2147483647;
			files = (
			);
			runOnlyForDeploymentPostprocessing = 0;
		};
		C2CE1BF51E2E2347003AE6D3 /* Resources */ = {
			isa = PBXResourcesBuildPhase;
			buildActionMask = 2147483647;
			files = (
				C294BCAF1FF3A20B0041C90A /* AlipaySDK.bundle in Resources */,
				C2DDFB0A200319FE00454A0A /* paizhaoanniu@2x.png in Resources */,
				C2DDFB11200319FE00454A0A /* xuxian@3x.png in Resources */,
				C2DDFB00200319FE00454A0A /* queding@2x.png in Resources */,
				C2DDFB12200319FE00454A0A /* Page 1@2x.png in Resources */,
				C2DDFB10200319FE00454A0A /* xuxian@2x.png in Resources */,
				C2DDFB02200319FE00454A0A /* xuanzhuan@2x.png in Resources */,
				C2DDFAFD200319FE00454A0A /* AipOcrSdk.storyboard in Resources */,
				C2DDFB01200319FE00454A0A /* queding@3x.png in Resources */,
				C2CE1C071E2E2347003AE6D3 /* Assets.xcassets in Resources */,
				C2DDFB05200319FE00454A0A /* dengpao@3x.png in Resources */,
				C2DDFB06200319FE00454A0A /* dengpao_dianjihou@2x.png in Resources */,
				0ACF68A61E3F7E7000BEA229 /* biaoqing in Resources */,
				C2DDFB13200319FE00454A0A /* Page 1@3x.png in Resources */,
				C2DDFB0D200319FE00454A0A /* paizhaoanniu_dianjihou@3x.png in Resources */,
				C2DDFAFF200319FE00454A0A /* guan@3x.png in Resources */,
				C2DDFB03200319FE00454A0A /* xuanzhuan@3x.png in Resources */,
				C2DDFB08200319FE00454A0A /* guanbi@2x.png in Resources */,
				C2DDFB0E200319FE00454A0A /* tuku@2x.png in Resources */,
				0A7AFF5A1E41DB8C0071B29B /* ico in Resources */,
				C2DDFB09200319FE00454A0A /* guanbi@3x.png in Resources */,
				C2DDFAFE200319FE00454A0A /* guan@2x.png in Resources */,
				C2DDFB0F200319FE00454A0A /* tuku@3x.png in Resources */,
				C2DDFB0B200319FE00454A0A /* paizhaoanniu@3x.png in Resources */,
				0ACF68A11E3F252700BEA229 /* 001.JPG in Resources */,
				C2DDFB07200319FE00454A0A /* dengpao_dianjihou@3x.png in Resources */,
				C2DDFB0C200319FE00454A0A /* paizhaoanniu_dianjihou@2x.png in Resources */,
				C2DDFB3C20033DAA00454A0A /* image.xcassets in Resources */,
				C2DDFB04200319FE00454A0A /* dengpao@2x.png in Resources */,
			);
			runOnlyForDeploymentPostprocessing = 0;
		};
/* End PBXResourcesBuildPhase section */

/* Begin PBXShellScriptBuildPhase section */
		0110E71C65348CEB9786EADE /* [CP] Embed Pods Frameworks */ = {
			isa = PBXShellScriptBuildPhase;
			buildActionMask = 2147483647;
			files = (
			);
			inputPaths = (
			);
			name = "[CP] Embed Pods Frameworks";
			outputPaths = (
			);
			runOnlyForDeploymentPostprocessing = 0;
			shellPath = /bin/sh;
			shellScript = "\"${SRCROOT}/Pods/Target Support Files/Pods-LoveQi/Pods-LoveQi-frameworks.sh\"\n";
			showEnvVarsInLog = 0;
		};
		2DC501E749F40AB2DB357A71 /* [CP] Copy Pods Resources */ = {
			isa = PBXShellScriptBuildPhase;
			buildActionMask = 2147483647;
			files = (
			);
			inputPaths = (
				"${SRCROOT}/Pods/Target Support Files/Pods-LoveQi/Pods-LoveQi-resources.sh",
				"${PODS_ROOT}/MJRefresh/MJRefresh/MJRefresh.bundle",
				$PODS_CONFIGURATION_BUILD_DIR/MRJCitySelect/MRJCitySelect.bundle,
				"${PODS_ROOT}/MRJ_QRCode/MRJ_QRCode.bundle",
				$PODS_CONFIGURATION_BUILD_DIR/MWPhotoBrowser/MWPhotoBrowser.bundle,
				"${PODS_ROOT}/SKFCamera/SKFCamera/SKFCamera.bundle",
				"${PODS_ROOT}/TZImagePickerController/TZImagePickerController/TZImagePickerController/TZImagePickerController.bundle",
				"${PODS_ROOT}/vfrReader/Graphics/Reader-Button-H.png",
				"${PODS_ROOT}/vfrReader/Graphics/Reader-Button-H@2x.png",
				"${PODS_ROOT}/vfrReader/Graphics/Reader-Button-N.png",
				"${PODS_ROOT}/vfrReader/Graphics/Reader-Button-N@2x.png",
				"${PODS_ROOT}/vfrReader/Graphics/Reader-Email.png",
				"${PODS_ROOT}/vfrReader/Graphics/Reader-Email@2x.png",
				"${PODS_ROOT}/vfrReader/Graphics/Reader-Export.png",
				"${PODS_ROOT}/vfrReader/Graphics/Reader-Export@2x.png",
				"${PODS_ROOT}/vfrReader/Graphics/Reader-Mark-N.png",
				"${PODS_ROOT}/vfrReader/Graphics/Reader-Mark-N@2x.png",
				"${PODS_ROOT}/vfrReader/Graphics/Reader-Mark-Y.png",
				"${PODS_ROOT}/vfrReader/Graphics/Reader-Mark-Y@2x.png",
				"${PODS_ROOT}/vfrReader/Graphics/Reader-Print.png",
				"${PODS_ROOT}/vfrReader/Graphics/Reader-Print@2x.png",
				"${PODS_ROOT}/vfrReader/Graphics/Reader-Thumbs.png",
				"${PODS_ROOT}/vfrReader/Graphics/Reader-Thumbs@2x.png",
			);
			name = "[CP] Copy Pods Resources";
			outputPaths = (
				"${TARGET_BUILD_DIR}/${UNLOCALIZED_RESOURCES_FOLDER_PATH}",
			);
			runOnlyForDeploymentPostprocessing = 0;
			shellPath = /bin/sh;
			shellScript = "\"${SRCROOT}/Pods/Target Support Files/Pods-LoveQi/Pods-LoveQi-resources.sh\"\n";
			showEnvVarsInLog = 0;
		};
		C77BBC458557E2B5D5C3EA8E /* [CP] Check Pods Manifest.lock */ = {
			isa = PBXShellScriptBuildPhase;
			buildActionMask = 2147483647;
			files = (
			);
			inputPaths = (
				"${PODS_PODFILE_DIR_PATH}/Podfile.lock",
				"${PODS_ROOT}/Manifest.lock",
			);
			name = "[CP] Check Pods Manifest.lock";
			outputPaths = (
				"$(DERIVED_FILE_DIR)/Pods-LoveQi-checkManifestLockResult.txt",
			);
			runOnlyForDeploymentPostprocessing = 0;
			shellPath = /bin/sh;
			shellScript = "diff \"${PODS_PODFILE_DIR_PATH}/Podfile.lock\" \"${PODS_ROOT}/Manifest.lock\" > /dev/null\nif [ $? != 0 ] ; then\n    # print error to STDERR\n    echo \"error: The sandbox is not in sync with the Podfile.lock. Run 'pod install' or update your CocoaPods installation.\" >&2\n    exit 1\nfi\n# This output is used by Xcode 'outputs' to avoid re-running this script phase.\necho \"SUCCESS\" > \"${SCRIPT_OUTPUT_FILE_0}\"\n";
			showEnvVarsInLog = 0;
		};
/* End PBXShellScriptBuildPhase section */

/* Begin PBXSourcesBuildPhase section */
		0A963A061E42398800B4F626 /* Sources */ = {
			isa = PBXSourcesBuildPhase;
			buildActionMask = 2147483647;
			files = (
				0A963A101E42398800B4F626 /* TodayViewController.m in Sources */,
			);
			runOnlyForDeploymentPostprocessing = 0;
		};
		C2CE1BF31E2E2347003AE6D3 /* Sources */ = {
			isa = PBXSourcesBuildPhase;
			buildActionMask = 2147483647;
			files = (
				C2589DD21F83FA65007736C7 /* AddEventView.m in Sources */,
				E7B610462022F0D5000E4188 /* DynamicMenuViewController.m in Sources */,
				C29868061FF233F800155F52 /* WebViewController.m in Sources */,
				C2589DE11F851EF9007736C7 /* PhotoManger.m in Sources */,
				C2DDFB3F2003506000454A0A /* AddImageViewController.m in Sources */,
				E7196CF32022B4480068B4BF /* RunloopViewController.m in Sources */,
				E7B610502022F663000E4188 /* MenuRequest.m in Sources */,
				C289F18D1FF11D16009F6D3D /* RefreshViewController.m in Sources */,
				E74E331920467AD1003D2CF1 /* PlayerHander.m in Sources */,
				E70B79792021989000A4F344 /* AddIDCardView.m in Sources */,
				E7B610492022F0F7000E4188 /* MenuItemView.m in Sources */,
				C2DDFB1E200319FE00454A0A /* AipNavigationController.m in Sources */,
				C2CE1BFC1E2E2347003AE6D3 /* main.m in Sources */,
				E76491382047E2F4007A4CAE /* CityRequest.m in Sources */,
				C2589DD41F83FA65007736C7 /* JumpDateView.m in Sources */,
				C2DDFA512002FF8600454A0A /* RealNameViewController.m in Sources */,
				C2589DCF1F83FA65007736C7 /* SQLViewconTroller.m in Sources */,
				C2DDFB1A200319FE00454A0A /* AipImageView.m in Sources */,
				C2589DD61F83FA65007736C7 /* LQItem.m in Sources */,
				C2EB63641FB05500008B0A57 /* AddressBookViewController.m in Sources */,
				C29867FF1FF1FB0600155F52 /* MRJHeader.m in Sources */,
				C2DDFB19200319FE00454A0A /* AipCutImageView.m in Sources */,
				C2589DD01F83FA65007736C7 /* DataBaseHander.m in Sources */,
				C2589DD71F83FA65007736C7 /* LQItemView.m in Sources */,
				E7145D9A2021AF82004F4792 /* MeiTuanDeatilViewController.m in Sources */,
				C2DDFB17200319FE00454A0A /* IOSpeScaleLayoutLabel.m in Sources */,
				C2589DDB1F83FA7B007736C7 /* AppDelegate.m in Sources */,
				C2DDFB18200319FE00454A0A /* AipCameraPreviewView.m in Sources */,
				C297182D1FAAB28700D2D599 /* JumpVCHandler.m in Sources */,
				C2DDFB38200323AD00454A0A /* RealNameProgressItemView.m in Sources */,
				C2DDFB3A2003265000454A0A /* BottomBtnView.m in Sources */,
				C2589DE71F853A4E007736C7 /* PhotoCell.m in Sources */,
				C2DDFB32200320F600454A0A /* RealNameAddImageView.m in Sources */,
				C2DDFB16200319FE00454A0A /* IOSpeScaleLayoutConstraint.m in Sources */,
				C2DDFB14200319FE00454A0A /* AipOcrService.m in Sources */,
				C2DDFB2320031F4600454A0A /* RealNameProgressView.m in Sources */,
				C2DDFB35200322B900454A0A /* UIImage+KaKao.m in Sources */,
				C2DDFB1B200319FE00454A0A /* AipCameraController.m in Sources */,
				C2DDFB1C200319FE00454A0A /* AipCaptureCardVC.m in Sources */,
				C2589DCD1F83FA65007736C7 /* AddEvevtVC.m in Sources */,
				C2DDFB1D200319FE00454A0A /* AipGeneralVC.m in Sources */,
				C268D74B1FCD524100872615 /* CrashHandle.m in Sources */,
				C2589DCE1F83FA65007736C7 /* RootViewController.m in Sources */,
				C2DDFB2920031F7800454A0A /* CreditScoreCardView.m in Sources */,
				E76D29522028075800EC41C7 /* SocketViewController.m in Sources */,
				E7B6104C2022F457000E4188 /* MenuModel.m in Sources */,
				C2DDFB15200319FE00454A0A /* IOSpeScaleLayoutButton.m in Sources */,
				C2589DE41F8521BE007736C7 /* AddImageBottomView.m in Sources */,
				C2DDFB422003579700454A0A /* ImageCell.m in Sources */,
				C2589DD51F83FA65007736C7 /* LaunchImageView.m in Sources */,
				C29867FC1FF1FA6D00155F52 /* MRJFooter.m in Sources */,
				C2589DD11F83FA65007736C7 /* DateModel.m in Sources */,
				C2589DD31F83FA65007736C7 /* BtnColumnView.m in Sources */,
				C2589DDE1F849E3D007736C7 /* PhotoViewController.m in Sources */,
				C2589DEA1F8626E8007736C7 /* IMManger.m in Sources */,
				E7B6105320230789000E4188 /* MenuViewManger.m in Sources */,
			);
			runOnlyForDeploymentPostprocessing = 0;
		};
/* End PBXSourcesBuildPhase section */

/* Begin PBXTargetDependency section */
		0A963A161E42398800B4F626 /* PBXTargetDependency */ = {
			isa = PBXTargetDependency;
			target = 0A963A091E42398800B4F626 /* LoveQiWidget */;
			targetProxy = 0A963A151E42398800B4F626 /* PBXContainerItemProxy */;
		};
/* End PBXTargetDependency section */

/* Begin XCBuildConfiguration section */
		0A963A181E42398800B4F626 /* Debug */ = {
			isa = XCBuildConfiguration;
			buildSettings = {
				CLANG_WARN_SUSPICIOUS_MOVE = YES;
				CODE_SIGN_IDENTITY = "iPhone Developer: 1520312758@qq.com (F5R49RUD6T)";
				"CODE_SIGN_IDENTITY[sdk=iphoneos*]" = "iPhone Developer";
				CODE_SIGN_STYLE = Automatic;
				DEVELOPMENT_TEAM = W3S42S92Y7;
				INFOPLIST_FILE = LoveQiWidget/Info.plist;
				IPHONEOS_DEPLOYMENT_TARGET = 9.1;
				LD_RUNPATH_SEARCH_PATHS = "$(inherited) @executable_path/Frameworks @executable_path/../../Frameworks";
				ONLY_ACTIVE_ARCH = NO;
				PRODUCT_BUNDLE_IDENTIFIER = com.MRJ.LoveQi.LoveQiWidget;
				PRODUCT_NAME = "$(TARGET_NAME)";
				PROVISIONING_PROFILE_SPECIFIER = "";
				SKIP_INSTALL = YES;
				VALID_ARCHS = "arm64 armv7 armv7s armv8";
			};
			name = Debug;
		};
		0A963A191E42398800B4F626 /* Release */ = {
			isa = XCBuildConfiguration;
			buildSettings = {
				CLANG_WARN_SUSPICIOUS_MOVE = YES;
				CODE_SIGN_IDENTITY = "iPhone Developer: 1520312758@qq.com (F5R49RUD6T)";
				"CODE_SIGN_IDENTITY[sdk=iphoneos*]" = "iPhone Developer";
				CODE_SIGN_STYLE = Automatic;
				DEVELOPMENT_TEAM = W3S42S92Y7;
				INFOPLIST_FILE = LoveQiWidget/Info.plist;
				IPHONEOS_DEPLOYMENT_TARGET = 9.1;
				LD_RUNPATH_SEARCH_PATHS = "$(inherited) @executable_path/Frameworks @executable_path/../../Frameworks";
				ONLY_ACTIVE_ARCH = NO;
				PRODUCT_BUNDLE_IDENTIFIER = com.MRJ.LoveQi.LoveQiWidget;
				PRODUCT_NAME = "$(TARGET_NAME)";
				PROVISIONING_PROFILE_SPECIFIER = "";
				SKIP_INSTALL = YES;
				VALID_ARCHS = "arm64 armv7 armv7s armv8";
			};
			name = Release;
		};
		C26E0D801FEBC1F600CE1A7D /* Test */ = {
			isa = XCBuildConfiguration;
			buildSettings = {
				ALWAYS_SEARCH_USER_PATHS = NO;
				CLANG_ANALYZER_NONNULL = YES;
				CLANG_CXX_LANGUAGE_STANDARD = "gnu++0x";
				CLANG_CXX_LIBRARY = "libc++";
				CLANG_ENABLE_MODULES = YES;
				CLANG_ENABLE_OBJC_ARC = YES;
				CLANG_WARN_BOOL_CONVERSION = YES;
				CLANG_WARN_CONSTANT_CONVERSION = YES;
				CLANG_WARN_DIRECT_OBJC_ISA_USAGE = YES_ERROR;
				CLANG_WARN_DOCUMENTATION_COMMENTS = YES;
				CLANG_WARN_EMPTY_BODY = YES;
				CLANG_WARN_ENUM_CONVERSION = YES;
				CLANG_WARN_INFINITE_RECURSION = YES;
				CLANG_WARN_INT_CONVERSION = YES;
				CLANG_WARN_OBJC_ROOT_CLASS = YES_ERROR;
				CLANG_WARN_SUSPICIOUS_MOVES = YES;
				CLANG_WARN_UNREACHABLE_CODE = YES;
				CLANG_WARN__DUPLICATE_METHOD_MATCH = YES;
				"CODE_SIGN_IDENTITY[sdk=iphoneos*]" = "iPhone Developer";
				COPY_PHASE_STRIP = NO;
				DEBUG_INFORMATION_FORMAT = dwarf;
				ENABLE_NS_ASSERTIONS = NO;
				ENABLE_STRICT_OBJC_MSGSEND = YES;
				ENABLE_TESTABILITY = YES;
				GCC_C_LANGUAGE_STANDARD = gnu99;
				GCC_DYNAMIC_NO_PIC = NO;
				GCC_NO_COMMON_BLOCKS = YES;
				GCC_OPTIMIZATION_LEVEL = 0;
				GCC_PREPROCESSOR_DEFINITIONS = (
					"$(inherited)",
					Test,
				);
				GCC_WARN_64_TO_32_BIT_CONVERSION = YES;
				GCC_WARN_ABOUT_RETURN_TYPE = YES_ERROR;
				GCC_WARN_UNDECLARED_SELECTOR = YES;
				GCC_WARN_UNINITIALIZED_AUTOS = YES_AGGRESSIVE;
				GCC_WARN_UNUSED_FUNCTION = YES;
				GCC_WARN_UNUSED_VARIABLE = YES;
				IPHONEOS_DEPLOYMENT_TARGET = 10.1;
				MTL_ENABLE_DEBUG_INFO = YES;
				ONLY_ACTIVE_ARCH = YES;
				SDKROOT = iphoneos;
				TARGETED_DEVICE_FAMILY = "1,2";
			};
			name = Test;
		};
		C26E0D811FEBC1F600CE1A7D /* Test */ = {
			isa = XCBuildConfiguration;
			baseConfigurationReference = 0CA9EAB0D58C4296471EFF44 /* Pods-LoveQi.test.xcconfig */;
			buildSettings = {
				ASSETCATALOG_COMPILER_APPICON_NAME = AppIcon;
				ASSETCATALOG_COMPILER_LAUNCHIMAGE_NAME = LaunchImage;
				"CODE_SIGN_IDENTITY[sdk=iphoneos*]" = "iPhone Developer";
				CODE_SIGN_STYLE = Automatic;
				DEVELOPMENT_TEAM = W3S42S92Y7;
				ENABLE_BITCODE = NO;
				ENABLE_STRICT_OBJC_MSGSEND = NO;
				FRAMEWORK_SEARCH_PATHS = (
					"$(inherited)",
					"$(PROJECT_DIR)/LoveQi",
					"$(PROJECT_DIR)",
					"$(PROJECT_DIR)/LoveQi/BaiduAip",
					"$(PROJECT_DIR)/BaiduAip",
				);
				GCC_PREFIX_HEADER = "$(SRCROOT)/$(PROJECT_NAME)/PrefixHeader.pch";
				INFOPLIST_FILE = LoveQi/Info.plist;
				IPHONEOS_DEPLOYMENT_TARGET = 10.0;
				LD_RUNPATH_SEARCH_PATHS = "$(inherited) @executable_path/Frameworks";
				LIBRARY_SEARCH_PATHS = (
					"$(inherited)",
					"$(PROJECT_DIR)/build/Debug-iphoneos",
				);
				PRODUCT_BUNDLE_IDENTIFIER = com.MRJ.LoveQi;
				PRODUCT_NAME = "$(TARGET_NAME)";
				PROVISIONING_PROFILE_SPECIFIER = "";
			};
			name = Test;
		};
		C26E0D821FEBC1F600CE1A7D /* Test */ = {
			isa = XCBuildConfiguration;
			buildSettings = {
				CLANG_WARN_SUSPICIOUS_MOVE = YES;
				CODE_SIGN_IDENTITY = "iPhone Developer: 1520312758@qq.com (F5R49RUD6T)";
				"CODE_SIGN_IDENTITY[sdk=iphoneos*]" = "iPhone Developer";
				CODE_SIGN_STYLE = Automatic;
				DEVELOPMENT_TEAM = W3S42S92Y7;
				INFOPLIST_FILE = LoveQiWidget/Info.plist;
				IPHONEOS_DEPLOYMENT_TARGET = 9.1;
				LD_RUNPATH_SEARCH_PATHS = "$(inherited) @executable_path/Frameworks @executable_path/../../Frameworks";
				ONLY_ACTIVE_ARCH = NO;
				PRODUCT_BUNDLE_IDENTIFIER = com.MRJ.LoveQi.LoveQiWidget;
				PRODUCT_NAME = "$(TARGET_NAME)";
				PROVISIONING_PROFILE_SPECIFIER = "";
				SKIP_INSTALL = YES;
				VALID_ARCHS = "arm64 armv7 armv7s armv8";
			};
			name = Test;
		};
		C26E0D831FEBC20F00CE1A7D /* Dev */ = {
			isa = XCBuildConfiguration;
			buildSettings = {
				ALWAYS_SEARCH_USER_PATHS = NO;
				CLANG_ANALYZER_NONNULL = YES;
				CLANG_CXX_LANGUAGE_STANDARD = "gnu++0x";
				CLANG_CXX_LIBRARY = "libc++";
				CLANG_ENABLE_MODULES = YES;
				CLANG_ENABLE_OBJC_ARC = YES;
				CLANG_WARN_BOOL_CONVERSION = YES;
				CLANG_WARN_CONSTANT_CONVERSION = YES;
				CLANG_WARN_DIRECT_OBJC_ISA_USAGE = YES_ERROR;
				CLANG_WARN_DOCUMENTATION_COMMENTS = YES;
				CLANG_WARN_EMPTY_BODY = YES;
				CLANG_WARN_ENUM_CONVERSION = YES;
				CLANG_WARN_INFINITE_RECURSION = YES;
				CLANG_WARN_INT_CONVERSION = YES;
				CLANG_WARN_OBJC_ROOT_CLASS = YES_ERROR;
				CLANG_WARN_SUSPICIOUS_MOVES = YES;
				CLANG_WARN_UNREACHABLE_CODE = YES;
				CLANG_WARN__DUPLICATE_METHOD_MATCH = YES;
				"CODE_SIGN_IDENTITY[sdk=iphoneos*]" = "iPhone Developer";
				COPY_PHASE_STRIP = NO;
				DEBUG_INFORMATION_FORMAT = dwarf;
				ENABLE_NS_ASSERTIONS = NO;
				ENABLE_STRICT_OBJC_MSGSEND = YES;
				ENABLE_TESTABILITY = YES;
				GCC_C_LANGUAGE_STANDARD = gnu99;
				GCC_DYNAMIC_NO_PIC = NO;
				GCC_NO_COMMON_BLOCKS = YES;
				GCC_OPTIMIZATION_LEVEL = 0;
				GCC_PREPROCESSOR_DEFINITIONS = (
					"$(inherited)",
					Dev,
				);
				GCC_WARN_64_TO_32_BIT_CONVERSION = YES;
				GCC_WARN_ABOUT_RETURN_TYPE = YES_ERROR;
				GCC_WARN_UNDECLARED_SELECTOR = YES;
				GCC_WARN_UNINITIALIZED_AUTOS = YES_AGGRESSIVE;
				GCC_WARN_UNUSED_FUNCTION = YES;
				GCC_WARN_UNUSED_VARIABLE = YES;
				IPHONEOS_DEPLOYMENT_TARGET = 10.1;
				MTL_ENABLE_DEBUG_INFO = YES;
				ONLY_ACTIVE_ARCH = YES;
				SDKROOT = iphoneos;
				TARGETED_DEVICE_FAMILY = "1,2";
			};
			name = Dev;
		};
		C26E0D841FEBC20F00CE1A7D /* Dev */ = {
			isa = XCBuildConfiguration;
			baseConfigurationReference = 7B046D9007E92605EB7383E6 /* Pods-LoveQi.dev.xcconfig */;
			buildSettings = {
				ASSETCATALOG_COMPILER_APPICON_NAME = AppIcon;
				ASSETCATALOG_COMPILER_LAUNCHIMAGE_NAME = LaunchImage;
				"CODE_SIGN_IDENTITY[sdk=iphoneos*]" = "iPhone Developer";
				CODE_SIGN_STYLE = Automatic;
				DEVELOPMENT_TEAM = W3S42S92Y7;
				ENABLE_BITCODE = NO;
				ENABLE_STRICT_OBJC_MSGSEND = NO;
				FRAMEWORK_SEARCH_PATHS = (
					"$(inherited)",
					"$(PROJECT_DIR)/LoveQi",
					"$(PROJECT_DIR)",
					"$(PROJECT_DIR)/LoveQi/BaiduAip",
					"$(PROJECT_DIR)/BaiduAip",
				);
				GCC_PREFIX_HEADER = "$(SRCROOT)/$(PROJECT_NAME)/PrefixHeader.pch";
				INFOPLIST_FILE = LoveQi/Info.plist;
				IPHONEOS_DEPLOYMENT_TARGET = 10.0;
				LD_RUNPATH_SEARCH_PATHS = "$(inherited) @executable_path/Frameworks";
				LIBRARY_SEARCH_PATHS = (
					"$(inherited)",
					"$(PROJECT_DIR)/build/Debug-iphoneos",
				);
				PRODUCT_BUNDLE_IDENTIFIER = com.MRJ.LoveQi;
				PRODUCT_NAME = "$(TARGET_NAME)";
				PROVISIONING_PROFILE_SPECIFIER = "";
			};
			name = Dev;
		};
		C26E0D851FEBC20F00CE1A7D /* Dev */ = {
			isa = XCBuildConfiguration;
			buildSettings = {
				CLANG_WARN_SUSPICIOUS_MOVE = YES;
				CODE_SIGN_IDENTITY = "iPhone Developer: 1520312758@qq.com (F5R49RUD6T)";
				"CODE_SIGN_IDENTITY[sdk=iphoneos*]" = "iPhone Developer";
				CODE_SIGN_STYLE = Automatic;
				DEVELOPMENT_TEAM = W3S42S92Y7;
				INFOPLIST_FILE = LoveQiWidget/Info.plist;
				IPHONEOS_DEPLOYMENT_TARGET = 9.1;
				LD_RUNPATH_SEARCH_PATHS = "$(inherited) @executable_path/Frameworks @executable_path/../../Frameworks";
				ONLY_ACTIVE_ARCH = NO;
				PRODUCT_BUNDLE_IDENTIFIER = com.MRJ.LoveQi.LoveQiWidget;
				PRODUCT_NAME = "$(TARGET_NAME)";
				PROVISIONING_PROFILE_SPECIFIER = "";
				SKIP_INSTALL = YES;
				VALID_ARCHS = "arm64 armv7 armv7s armv8";
			};
			name = Dev;
		};
		C2CE1C221E2E2347003AE6D3 /* Debug */ = {
			isa = XCBuildConfiguration;
			buildSettings = {
				ALWAYS_SEARCH_USER_PATHS = NO;
				CLANG_ANALYZER_NONNULL = YES;
				CLANG_CXX_LANGUAGE_STANDARD = "gnu++0x";
				CLANG_CXX_LIBRARY = "libc++";
				CLANG_ENABLE_MODULES = YES;
				CLANG_ENABLE_OBJC_ARC = YES;
				CLANG_WARN_BOOL_CONVERSION = YES;
				CLANG_WARN_CONSTANT_CONVERSION = YES;
				CLANG_WARN_DIRECT_OBJC_ISA_USAGE = YES_ERROR;
				CLANG_WARN_DOCUMENTATION_COMMENTS = YES;
				CLANG_WARN_EMPTY_BODY = YES;
				CLANG_WARN_ENUM_CONVERSION = YES;
				CLANG_WARN_INFINITE_RECURSION = YES;
				CLANG_WARN_INT_CONVERSION = YES;
				CLANG_WARN_OBJC_ROOT_CLASS = YES_ERROR;
				CLANG_WARN_SUSPICIOUS_MOVES = YES;
				CLANG_WARN_UNREACHABLE_CODE = YES;
				CLANG_WARN__DUPLICATE_METHOD_MATCH = YES;
				"CODE_SIGN_IDENTITY[sdk=iphoneos*]" = "iPhone Developer";
				COPY_PHASE_STRIP = NO;
				DEBUG_INFORMATION_FORMAT = dwarf;
				ENABLE_STRICT_OBJC_MSGSEND = YES;
				ENABLE_TESTABILITY = YES;
				GCC_C_LANGUAGE_STANDARD = gnu99;
				GCC_DYNAMIC_NO_PIC = NO;
				GCC_NO_COMMON_BLOCKS = YES;
				GCC_OPTIMIZATION_LEVEL = 0;
				GCC_PREPROCESSOR_DEFINITIONS = (
					"DEBUG=1",
					"$(inherited)",
				);
				GCC_WARN_64_TO_32_BIT_CONVERSION = YES;
				GCC_WARN_ABOUT_RETURN_TYPE = YES_ERROR;
				GCC_WARN_UNDECLARED_SELECTOR = YES;
				GCC_WARN_UNINITIALIZED_AUTOS = YES_AGGRESSIVE;
				GCC_WARN_UNUSED_FUNCTION = YES;
				GCC_WARN_UNUSED_VARIABLE = YES;
				IPHONEOS_DEPLOYMENT_TARGET = 10.1;
				MTL_ENABLE_DEBUG_INFO = YES;
				ONLY_ACTIVE_ARCH = YES;
				SDKROOT = iphoneos;
				TARGETED_DEVICE_FAMILY = "1,2";
			};
			name = Debug;
		};
		C2CE1C231E2E2347003AE6D3 /* Release */ = {
			isa = XCBuildConfiguration;
			buildSettings = {
				ALWAYS_SEARCH_USER_PATHS = NO;
				CLANG_ANALYZER_NONNULL = YES;
				CLANG_CXX_LANGUAGE_STANDARD = "gnu++0x";
				CLANG_CXX_LIBRARY = "libc++";
				CLANG_ENABLE_MODULES = YES;
				CLANG_ENABLE_OBJC_ARC = YES;
				CLANG_WARN_BOOL_CONVERSION = YES;
				CLANG_WARN_CONSTANT_CONVERSION = YES;
				CLANG_WARN_DIRECT_OBJC_ISA_USAGE = YES_ERROR;
				CLANG_WARN_DOCUMENTATION_COMMENTS = YES;
				CLANG_WARN_EMPTY_BODY = YES;
				CLANG_WARN_ENUM_CONVERSION = YES;
				CLANG_WARN_INFINITE_RECURSION = YES;
				CLANG_WARN_INT_CONVERSION = YES;
				CLANG_WARN_OBJC_ROOT_CLASS = YES_ERROR;
				CLANG_WARN_SUSPICIOUS_MOVES = YES;
				CLANG_WARN_UNREACHABLE_CODE = YES;
				CLANG_WARN__DUPLICATE_METHOD_MATCH = YES;
				"CODE_SIGN_IDENTITY[sdk=iphoneos*]" = "iPhone Developer";
				COPY_PHASE_STRIP = NO;
				DEBUG_INFORMATION_FORMAT = "dwarf-with-dsym";
				ENABLE_NS_ASSERTIONS = NO;
				ENABLE_STRICT_OBJC_MSGSEND = YES;
				GCC_C_LANGUAGE_STANDARD = gnu99;
				GCC_NO_COMMON_BLOCKS = YES;
				GCC_WARN_64_TO_32_BIT_CONVERSION = YES;
				GCC_WARN_ABOUT_RETURN_TYPE = YES_ERROR;
				GCC_WARN_UNDECLARED_SELECTOR = YES;
				GCC_WARN_UNINITIALIZED_AUTOS = YES_AGGRESSIVE;
				GCC_WARN_UNUSED_FUNCTION = YES;
				GCC_WARN_UNUSED_VARIABLE = YES;
				IPHONEOS_DEPLOYMENT_TARGET = 10.1;
				MTL_ENABLE_DEBUG_INFO = NO;
				SDKROOT = iphoneos;
				TARGETED_DEVICE_FAMILY = "1,2";
				VALIDATE_PRODUCT = YES;
			};
			name = Release;
		};
		C2CE1C251E2E2347003AE6D3 /* Debug */ = {
			isa = XCBuildConfiguration;
			baseConfigurationReference = 4D08DA4073AEB9E969B717BA /* Pods-LoveQi.debug.xcconfig */;
			buildSettings = {
				ASSETCATALOG_COMPILER_APPICON_NAME = AppIcon;
				ASSETCATALOG_COMPILER_LAUNCHIMAGE_NAME = LaunchImage;
				"CODE_SIGN_IDENTITY[sdk=iphoneos*]" = "iPhone Developer";
				CODE_SIGN_STYLE = Automatic;
				DEVELOPMENT_TEAM = W3S42S92Y7;
				ENABLE_BITCODE = NO;
				ENABLE_STRICT_OBJC_MSGSEND = NO;
				FRAMEWORK_SEARCH_PATHS = (
					"$(inherited)",
					"$(PROJECT_DIR)/LoveQi",
					"$(PROJECT_DIR)",
					"$(PROJECT_DIR)/LoveQi/BaiduAip",
					"$(PROJECT_DIR)/BaiduAip",
				);
				GCC_PREFIX_HEADER = "$(SRCROOT)/$(PROJECT_NAME)/PrefixHeader.pch";
				INFOPLIST_FILE = LoveQi/Info.plist;
				IPHONEOS_DEPLOYMENT_TARGET = 10.0;
				LD_RUNPATH_SEARCH_PATHS = "$(inherited) @executable_path/Frameworks";
				LIBRARY_SEARCH_PATHS = (
					"$(inherited)",
					"$(PROJECT_DIR)/build/Debug-iphoneos",
				);
				PRODUCT_BUNDLE_IDENTIFIER = com.MRJ.LoveQi;
				PRODUCT_NAME = "$(TARGET_NAME)";
				PROVISIONING_PROFILE = "";
				PROVISIONING_PROFILE_SPECIFIER = "";
			};
			name = Debug;
		};
		C2CE1C261E2E2347003AE6D3 /* Release */ = {
			isa = XCBuildConfiguration;
			baseConfigurationReference = C41EE10A5322E24B0FEACDD6 /* Pods-LoveQi.release.xcconfig */;
			buildSettings = {
				ASSETCATALOG_COMPILER_APPICON_NAME = AppIcon;
				ASSETCATALOG_COMPILER_LAUNCHIMAGE_NAME = LaunchImage;
				"CODE_SIGN_IDENTITY[sdk=iphoneos*]" = "iPhone Developer";
				CODE_SIGN_STYLE = Automatic;
				DEVELOPMENT_TEAM = W3S42S92Y7;
				ENABLE_BITCODE = NO;
				ENABLE_STRICT_OBJC_MSGSEND = NO;
				FRAMEWORK_SEARCH_PATHS = (
					"$(inherited)",
					"$(PROJECT_DIR)/LoveQi",
					"$(PROJECT_DIR)",
					"$(PROJECT_DIR)/LoveQi/BaiduAip",
					"$(PROJECT_DIR)/BaiduAip",
				);
				GCC_PREFIX_HEADER = "$(SRCROOT)/$(PROJECT_NAME)/PrefixHeader.pch";
				INFOPLIST_FILE = LoveQi/Info.plist;
				IPHONEOS_DEPLOYMENT_TARGET = 10.0;
				LD_RUNPATH_SEARCH_PATHS = "$(inherited) @executable_path/Frameworks";
				LIBRARY_SEARCH_PATHS = (
					"$(inherited)",
					"$(PROJECT_DIR)/build/Debug-iphoneos",
				);
				PRODUCT_BUNDLE_IDENTIFIER = com.MRJ.LoveQi;
				PRODUCT_NAME = "$(TARGET_NAME)";
				PROVISIONING_PROFILE_SPECIFIER = "";
			};
			name = Release;
		};
/* End XCBuildConfiguration section */

/* Begin XCConfigurationList section */
		0A963A1A1E42398800B4F626 /* Build configuration list for PBXNativeTarget "LoveQiWidget" */ = {
			isa = XCConfigurationList;
			buildConfigurations = (
				0A963A181E42398800B4F626 /* Debug */,
				C26E0D851FEBC20F00CE1A7D /* Dev */,
				C26E0D821FEBC1F600CE1A7D /* Test */,
				0A963A191E42398800B4F626 /* Release */,
			);
			defaultConfigurationIsVisible = 0;
			defaultConfigurationName = Release;
		};
		C2CE1BF21E2E2347003AE6D3 /* Build configuration list for PBXProject "LoveQi" */ = {
			isa = XCConfigurationList;
			buildConfigurations = (
				C2CE1C221E2E2347003AE6D3 /* Debug */,
				C26E0D831FEBC20F00CE1A7D /* Dev */,
				C26E0D801FEBC1F600CE1A7D /* Test */,
				C2CE1C231E2E2347003AE6D3 /* Release */,
			);
			defaultConfigurationIsVisible = 0;
			defaultConfigurationName = Release;
		};
		C2CE1C241E2E2347003AE6D3 /* Build configuration list for PBXNativeTarget "LoveQi" */ = {
			isa = XCConfigurationList;
			buildConfigurations = (
				C2CE1C251E2E2347003AE6D3 /* Debug */,
				C26E0D841FEBC20F00CE1A7D /* Dev */,
				C26E0D811FEBC1F600CE1A7D /* Test */,
				C2CE1C261E2E2347003AE6D3 /* Release */,
			);
			defaultConfigurationIsVisible = 0;
			defaultConfigurationName = Release;
		};
/* End XCConfigurationList section */
	};
	rootObject = C2CE1BEF1E2E2347003AE6D3 /* Project object */;
}
